// !$*UTF8*$!
{
	archiveVersion = 1;
	classes = {
	};
	objectVersion = 56;
	objects = {

/* Begin PBXBuildFile section */
		7B3690EA2A697A50000E130B /* LIST_WITH_CONTENT_light.png in Resources */ = {isa = PBXBuildFile; fileRef = 7B3690E72A697A50000E130B /* LIST_WITH_CONTENT_light.png */; };
		7B3690EB2A697A50000E130B /* LIST_WITH_CONTENT_dark.png in Resources */ = {isa = PBXBuildFile; fileRef = 7B3690E82A697A50000E130B /* LIST_WITH_CONTENT_dark.png */; };
		7B3690EC2A697A50000E130B /* LIST_WITH_CONTENT_light_extraExtraExtraLarge.png in Resources */ = {isa = PBXBuildFile; fileRef = 7B3690E92A697A50000E130B /* LIST_WITH_CONTENT_light_extraExtraExtraLarge.png */; };
		7B3690F02A69866A000E130B /* LIST_WITH_ITEM_ERROR_light_extraExtraExtraLarge.png in Resources */ = {isa = PBXBuildFile; fileRef = 7B3690ED2A698669000E130B /* LIST_WITH_ITEM_ERROR_light_extraExtraExtraLarge.png */; };
		7B3690F12A69866A000E130B /* LIST_WITH_ITEM_ERROR_light.png in Resources */ = {isa = PBXBuildFile; fileRef = 7B3690EE2A69866A000E130B /* LIST_WITH_ITEM_ERROR_light.png */; };
		7B3690F22A69866A000E130B /* LIST_WITH_ITEM_ERROR_dark.png in Resources */ = {isa = PBXBuildFile; fileRef = 7B3690EF2A69866A000E130B /* LIST_WITH_ITEM_ERROR_dark.png */; };
		7B3690F42A69DC0C000E130B /* TorrentsViewModel.swift in Sources */ = {isa = PBXBuildFile; fileRef = 7B3690F32A69DC0C000E130B /* TorrentsViewModel.swift */; };
		7B3690F72A69E0A7000E130B /* Double+Rounding.swift in Sources */ = {isa = PBXBuildFile; fileRef = 7B3690F62A69E0A7000E130B /* Double+Rounding.swift */; };
		7B4599B22A66DD2600189C16 /* Transmission.framework in Frameworks */ = {isa = PBXBuildFile; fileRef = 7BCC4CFA2A0D41BC004A8297 /* Transmission.framework */; };
		7B4599B72A67C0B200189C16 /* Text+.swift in Sources */ = {isa = PBXBuildFile; fileRef = 7B4599B62A67C0B200189C16 /* Text+.swift */; };
		7B4599BA2A67CB7C00189C16 /* TorrentsLocalizationTests.swift in Sources */ = {isa = PBXBuildFile; fileRef = 7B4599B92A67CB7C00189C16 /* TorrentsLocalizationTests.swift */; };
		7B4599BC2A67CBBE00189C16 /* SharedLocalizationTestHelpers.swift in Sources */ = {isa = PBXBuildFile; fileRef = 7B4599BB2A67CBBE00189C16 /* SharedLocalizationTestHelpers.swift */; };
		7B4599BF2A67CC2400189C16 /* Torrents.strings in Resources */ = {isa = PBXBuildFile; fileRef = 7B4599C12A67CC2400189C16 /* Torrents.strings */; };
		7B4599C32A67DA0400189C16 /* TorrentsPresenterTests.swift in Sources */ = {isa = PBXBuildFile; fileRef = 7B4599C22A67DA0400189C16 /* TorrentsPresenterTests.swift */; };
		7B4599C62A67E92E00189C16 /* TorrentPresenter.swift in Sources */ = {isa = PBXBuildFile; fileRef = 7B4599C52A67E92E00189C16 /* TorrentPresenter.swift */; };
		7B4599C82A67E95200189C16 /* TorrentPresenterTests.swift in Sources */ = {isa = PBXBuildFile; fileRef = 7B4599C72A67E95200189C16 /* TorrentPresenterTests.swift */; };
		7B4599CA2A67E9A600189C16 /* TorrentsPresentation+TestHelpers.swift in Sources */ = {isa = PBXBuildFile; fileRef = 7B4599C92A67E9A600189C16 /* TorrentsPresentation+TestHelpers.swift */; };
		7B4599CF2A68109900189C16 /* TorrentsPageTests.swift in Sources */ = {isa = PBXBuildFile; fileRef = 7B4599CE2A68109900189C16 /* TorrentsPageTests.swift */; };
		7B4599D22A68170300189C16 /* View+TestHelpers.swift in Sources */ = {isa = PBXBuildFile; fileRef = 7B4599D12A68170300189C16 /* View+TestHelpers.swift */; };
		7B4599D42A6817C700189C16 /* XCTestCase+Snapshot.swift in Sources */ = {isa = PBXBuildFile; fileRef = 7B4599D32A6817C700189C16 /* XCTestCase+Snapshot.swift */; };
		7B4599D62A68184100189C16 /* UIViewController+Snapshot.swift in Sources */ = {isa = PBXBuildFile; fileRef = 7B4599D52A68184100189C16 /* UIViewController+Snapshot.swift */; };
		7B4599DA2A6819EC00189C16 /* EMPTY_LIST_dark.png in Resources */ = {isa = PBXBuildFile; fileRef = 7B4599D82A6819EC00189C16 /* EMPTY_LIST_dark.png */; };
		7B4599DB2A6819EC00189C16 /* EMPTY_LIST_light.png in Resources */ = {isa = PBXBuildFile; fileRef = 7B4599D92A6819EC00189C16 /* EMPTY_LIST_light.png */; };
		7B4599DF2A681BED00189C16 /* LIST_WITH_ERROR_MESSAGE_light_extraExtraExtraLarge.png in Resources */ = {isa = PBXBuildFile; fileRef = 7B4599DC2A681BED00189C16 /* LIST_WITH_ERROR_MESSAGE_light_extraExtraExtraLarge.png */; };
		7B4599E02A681BED00189C16 /* LIST_WITH_ERROR_MESSAGE_dark.png in Resources */ = {isa = PBXBuildFile; fileRef = 7B4599DD2A681BED00189C16 /* LIST_WITH_ERROR_MESSAGE_dark.png */; };
		7B4599E12A681BED00189C16 /* LIST_WITH_ERROR_MESSAGE_light.png in Resources */ = {isa = PBXBuildFile; fileRef = 7B4599DE2A681BED00189C16 /* LIST_WITH_ERROR_MESSAGE_light.png */; };
		7B4DFB712A1538EB007E9C63 /* TorrentGetMapperTests+Stub.swift in Sources */ = {isa = PBXBuildFile; fileRef = 7B4DFB702A1538EB007E9C63 /* TorrentGetMapperTests+Stub.swift */; };
		7B4DFB732A15394F007E9C63 /* Torrent.swift in Sources */ = {isa = PBXBuildFile; fileRef = 7B4DFB722A15394F007E9C63 /* Torrent.swift */; };
		7B6587552A0D845000317EBE /* URLSessionHTTPClient.swift in Sources */ = {isa = PBXBuildFile; fileRef = 7B6587532A0D845000317EBE /* URLSessionHTTPClient.swift */; };
		7B6587562A0D845000317EBE /* HTTPClient.swift in Sources */ = {isa = PBXBuildFile; fileRef = 7B6587542A0D845000317EBE /* HTTPClient.swift */; };
		7B65875D2A0D846500317EBE /* SharedTestHelpers.swift in Sources */ = {isa = PBXBuildFile; fileRef = 7B6587582A0D846500317EBE /* SharedTestHelpers.swift */; };
		7B65875E2A0D846500317EBE /* URLProtocolStub.swift in Sources */ = {isa = PBXBuildFile; fileRef = 7B6587592A0D846500317EBE /* URLProtocolStub.swift */; };
		7B65875F2A0D846500317EBE /* XCTestCase+MemoryLeakTracking.swift in Sources */ = {isa = PBXBuildFile; fileRef = 7B65875A2A0D846500317EBE /* XCTestCase+MemoryLeakTracking.swift */; };
		7B6587602A0D846500317EBE /* URLRequest+BodyStream.swift in Sources */ = {isa = PBXBuildFile; fileRef = 7B65875B2A0D846500317EBE /* URLRequest+BodyStream.swift */; };
		7B6587612A0D846500317EBE /* URLSessionHTTPClientTests.swift in Sources */ = {isa = PBXBuildFile; fileRef = 7B65875C2A0D846500317EBE /* URLSessionHTTPClientTests.swift */; };
		7B6EDC272A652EF200264EF2 /* Info.plist in Resources */ = {isa = PBXBuildFile; fileRef = 7B6EDC262A652EF200264EF2 /* Info.plist */; };
		7B6EDC292A6531CB00264EF2 /* APIEndToEndConfigurationsTests.swift in Sources */ = {isa = PBXBuildFile; fileRef = 7B6EDC282A6531CB00264EF2 /* APIEndToEndConfigurationsTests.swift */; };
		7B6EDC2C2A65346D00264EF2 /* TransmissionAPIEndToEndTests+Secrets.swift in Sources */ = {isa = PBXBuildFile; fileRef = 7B6EDC2B2A65346D00264EF2 /* TransmissionAPIEndToEndTests+Secrets.swift */; };
		7B6EDC2D2A65463600264EF2 /* EndToEndTestConfigurations.xcconfig in Resources */ = {isa = PBXBuildFile; fileRef = 7B4907B62A6524CB00C75819 /* EndToEndTestConfigurations.xcconfig */; };
		7B8338292A0FA19F0052F7EC /* SessionBodies.swift in Sources */ = {isa = PBXBuildFile; fileRef = 7B8338282A0FA19F0052F7EC /* SessionBodies.swift */; };
		7B83382B2A0FA1E60052F7EC /* SessionBodiesTests.swift in Sources */ = {isa = PBXBuildFile; fileRef = 7B83382A2A0FA1E60052F7EC /* SessionBodiesTests.swift */; };
		7B83383A2A1016C20052F7EC /* SessionGetMapper.swift in Sources */ = {isa = PBXBuildFile; fileRef = 7B8338392A1016C20052F7EC /* SessionGetMapper.swift */; };
		7B83383D2A1120B20052F7EC /* SessionGetMapperTests.swift in Sources */ = {isa = PBXBuildFile; fileRef = 7B83383C2A1120B20052F7EC /* SessionGetMapperTests.swift */; };
		7B8338402A1124780052F7EC /* HTTPURLResponse+StatusCode.swift in Sources */ = {isa = PBXBuildFile; fileRef = 7B83383F2A1124780052F7EC /* HTTPURLResponse+StatusCode.swift */; };
		7B8338432A1128A10052F7EC /* Session.swift in Sources */ = {isa = PBXBuildFile; fileRef = 7B8338422A1128A10052F7EC /* Session.swift */; };
		7B8CB8152A66A421001A4D90 /* HeaderUtils.swift in Sources */ = {isa = PBXBuildFile; fileRef = 7B8CB8142A66A421001A4D90 /* HeaderUtils.swift */; };
		7B8CB81B2A66C111001A4D90 /* TorrentsPresenter.swift in Sources */ = {isa = PBXBuildFile; fileRef = 7B8CB81A2A66C111001A4D90 /* TorrentsPresenter.swift */; };
		7B8CB81F2A66C19E001A4D90 /* TorrentViewModel.swift in Sources */ = {isa = PBXBuildFile; fileRef = 7B8CB81E2A66C19E001A4D90 /* TorrentViewModel.swift */; };
		7B8CB8302A66C868001A4D90 /* TransmissioniOS.framework in Frameworks */ = {isa = PBXBuildFile; fileRef = 7B8CB8282A66C867001A4D90 /* TransmissioniOS.framework */; };
		7B8CB8432A66CAE2001A4D90 /* TorrentsPage.swift in Sources */ = {isa = PBXBuildFile; fileRef = 7B8CB8422A66CAE2001A4D90 /* TorrentsPage.swift */; };
		7B9305AF2A0F997B005EBE56 /* APIsEndpoint.swift in Sources */ = {isa = PBXBuildFile; fileRef = 7B9305AE2A0F997B005EBE56 /* APIsEndpoint.swift */; };
		7B9305B42A0F99CB005EBE56 /* APIsEndpointTests.swift in Sources */ = {isa = PBXBuildFile; fileRef = 7B9305B32A0F99CB005EBE56 /* APIsEndpointTests.swift */; };
		7BC960D42A129A3E0030B5E0 /* SessionGetMapperTests+Stub.swift in Sources */ = {isa = PBXBuildFile; fileRef = 7BC960D32A129A3E0030B5E0 /* SessionGetMapperTests+Stub.swift */; };
		7BC960DC2A12D1AF0030B5E0 /* TorrentBodiesTests.swift in Sources */ = {isa = PBXBuildFile; fileRef = 7BC960DB2A12D1AF0030B5E0 /* TorrentBodiesTests.swift */; };
		7BC960DF2A12D1BB0030B5E0 /* TorrentBodies.swift in Sources */ = {isa = PBXBuildFile; fileRef = 7BC960DE2A12D1BB0030B5E0 /* TorrentBodies.swift */; };
		7BC960E32A135E6D0030B5E0 /* TorrentGetMapper.swift in Sources */ = {isa = PBXBuildFile; fileRef = 7BC960E22A135E6D0030B5E0 /* TorrentGetMapper.swift */; };
		7BC960E52A135E7A0030B5E0 /* TorrentGetMapperTests.swift in Sources */ = {isa = PBXBuildFile; fileRef = 7BC960E42A135E7A0030B5E0 /* TorrentGetMapperTests.swift */; };
		7BCC4D032A0D41BC004A8297 /* Transmission.framework in Frameworks */ = {isa = PBXBuildFile; fileRef = 7BCC4CFA2A0D41BC004A8297 /* Transmission.framework */; };
		7BD6BB692A635D380065DD42 /* Transmission.framework in Frameworks */ = {isa = PBXBuildFile; fileRef = 7BCC4CFA2A0D41BC004A8297 /* Transmission.framework */; };
		7BD9A1F12A630C9100B6380A /* SessionStatsMapperTests.swift in Sources */ = {isa = PBXBuildFile; fileRef = 7BD9A1F02A630C9100B6380A /* SessionStatsMapperTests.swift */; };
		7BD9A1F62A630D5200B6380A /* SessionStatsMapper.swift in Sources */ = {isa = PBXBuildFile; fileRef = 7BD9A1F52A630D5200B6380A /* SessionStatsMapper.swift */; };
		7BD9A1F82A630D8800B6380A /* SessionStatsMapperTests+Stub.swift in Sources */ = {isa = PBXBuildFile; fileRef = 7BD9A1F72A630D8800B6380A /* SessionStatsMapperTests+Stub.swift */; };
		7BD9A1FD2A6311F600B6380A /* Stats.swift in Sources */ = {isa = PBXBuildFile; fileRef = 7BD9A1FC2A6311F600B6380A /* Stats.swift */; };
		7BD9A2072A631C8E00B6380A /* SessionGetAPIEndToEndTests.swift in Sources */ = {isa = PBXBuildFile; fileRef = 7BD9A2062A631C8E00B6380A /* SessionGetAPIEndToEndTests.swift */; };
		7BD9A20B2A6320E000B6380A /* XCTestCase+MemoryLeakTracking.swift in Sources */ = {isa = PBXBuildFile; fileRef = 7B65875A2A0D846500317EBE /* XCTestCase+MemoryLeakTracking.swift */; };
/* End PBXBuildFile section */

/* Begin PBXContainerItemProxy section */
		7B8CB8312A66C868001A4D90 /* PBXContainerItemProxy */ = {
			isa = PBXContainerItemProxy;
			containerPortal = 7BCC4CF12A0D41BC004A8297 /* Project object */;
			proxyType = 1;
			remoteGlobalIDString = 7B8CB8272A66C867001A4D90;
			remoteInfo = TransmissioniOS;
		};
		7BCC4D042A0D41BC004A8297 /* PBXContainerItemProxy */ = {
			isa = PBXContainerItemProxy;
			containerPortal = 7BCC4CF12A0D41BC004A8297 /* Project object */;
			proxyType = 1;
			remoteGlobalIDString = 7BCC4CF92A0D41BC004A8297;
			remoteInfo = Transmission;
		};
		7BD6BB662A635D2A0065DD42 /* PBXContainerItemProxy */ = {
			isa = PBXContainerItemProxy;
			containerPortal = 7BCC4CF12A0D41BC004A8297 /* Project object */;
			proxyType = 1;
			remoteGlobalIDString = 7BCC4CF92A0D41BC004A8297;
			remoteInfo = Transmission;
		};
/* End PBXContainerItemProxy section */

/* Begin PBXFileReference section */
		7B3690E72A697A50000E130B /* LIST_WITH_CONTENT_light.png */ = {isa = PBXFileReference; lastKnownFileType = image.png; path = LIST_WITH_CONTENT_light.png; sourceTree = "<group>"; };
		7B3690E82A697A50000E130B /* LIST_WITH_CONTENT_dark.png */ = {isa = PBXFileReference; lastKnownFileType = image.png; path = LIST_WITH_CONTENT_dark.png; sourceTree = "<group>"; };
		7B3690E92A697A50000E130B /* LIST_WITH_CONTENT_light_extraExtraExtraLarge.png */ = {isa = PBXFileReference; lastKnownFileType = image.png; path = LIST_WITH_CONTENT_light_extraExtraExtraLarge.png; sourceTree = "<group>"; };
		7B3690ED2A698669000E130B /* LIST_WITH_ITEM_ERROR_light_extraExtraExtraLarge.png */ = {isa = PBXFileReference; lastKnownFileType = image.png; path = LIST_WITH_ITEM_ERROR_light_extraExtraExtraLarge.png; sourceTree = "<group>"; };
		7B3690EE2A69866A000E130B /* LIST_WITH_ITEM_ERROR_light.png */ = {isa = PBXFileReference; lastKnownFileType = image.png; path = LIST_WITH_ITEM_ERROR_light.png; sourceTree = "<group>"; };
		7B3690EF2A69866A000E130B /* LIST_WITH_ITEM_ERROR_dark.png */ = {isa = PBXFileReference; lastKnownFileType = image.png; path = LIST_WITH_ITEM_ERROR_dark.png; sourceTree = "<group>"; };
		7B3690F32A69DC0C000E130B /* TorrentsViewModel.swift */ = {isa = PBXFileReference; lastKnownFileType = sourcecode.swift; path = TorrentsViewModel.swift; sourceTree = "<group>"; };
		7B3690F62A69E0A7000E130B /* Double+Rounding.swift */ = {isa = PBXFileReference; lastKnownFileType = sourcecode.swift; path = "Double+Rounding.swift"; sourceTree = "<group>"; };
		7B4599B62A67C0B200189C16 /* Text+.swift */ = {isa = PBXFileReference; lastKnownFileType = sourcecode.swift; path = "Text+.swift"; sourceTree = "<group>"; };
		7B4599B92A67CB7C00189C16 /* TorrentsLocalizationTests.swift */ = {isa = PBXFileReference; lastKnownFileType = sourcecode.swift; path = TorrentsLocalizationTests.swift; sourceTree = "<group>"; };
		7B4599BB2A67CBBE00189C16 /* SharedLocalizationTestHelpers.swift */ = {isa = PBXFileReference; lastKnownFileType = sourcecode.swift; path = SharedLocalizationTestHelpers.swift; sourceTree = "<group>"; };
		7B4599C02A67CC2400189C16 /* en */ = {isa = PBXFileReference; lastKnownFileType = text.plist.strings; name = en; path = en.lproj/Torrents.strings; sourceTree = "<group>"; };
		7B4599C22A67DA0400189C16 /* TorrentsPresenterTests.swift */ = {isa = PBXFileReference; lastKnownFileType = sourcecode.swift; path = TorrentsPresenterTests.swift; sourceTree = "<group>"; };
		7B4599C42A67DCA800189C16 /* it */ = {isa = PBXFileReference; lastKnownFileType = text.plist.strings; name = it; path = it.lproj/Torrents.strings; sourceTree = "<group>"; };
		7B4599C52A67E92E00189C16 /* TorrentPresenter.swift */ = {isa = PBXFileReference; lastKnownFileType = sourcecode.swift; path = TorrentPresenter.swift; sourceTree = "<group>"; };
		7B4599C72A67E95200189C16 /* TorrentPresenterTests.swift */ = {isa = PBXFileReference; lastKnownFileType = sourcecode.swift; path = TorrentPresenterTests.swift; sourceTree = "<group>"; };
		7B4599C92A67E9A600189C16 /* TorrentsPresentation+TestHelpers.swift */ = {isa = PBXFileReference; lastKnownFileType = sourcecode.swift; path = "TorrentsPresentation+TestHelpers.swift"; sourceTree = "<group>"; };
		7B4599CE2A68109900189C16 /* TorrentsPageTests.swift */ = {isa = PBXFileReference; lastKnownFileType = sourcecode.swift; path = TorrentsPageTests.swift; sourceTree = "<group>"; };
		7B4599D12A68170300189C16 /* View+TestHelpers.swift */ = {isa = PBXFileReference; lastKnownFileType = sourcecode.swift; path = "View+TestHelpers.swift"; sourceTree = "<group>"; };
		7B4599D32A6817C700189C16 /* XCTestCase+Snapshot.swift */ = {isa = PBXFileReference; lastKnownFileType = sourcecode.swift; path = "XCTestCase+Snapshot.swift"; sourceTree = "<group>"; };
		7B4599D52A68184100189C16 /* UIViewController+Snapshot.swift */ = {isa = PBXFileReference; lastKnownFileType = sourcecode.swift; path = "UIViewController+Snapshot.swift"; sourceTree = "<group>"; };
		7B4599D82A6819EC00189C16 /* EMPTY_LIST_dark.png */ = {isa = PBXFileReference; lastKnownFileType = image.png; path = EMPTY_LIST_dark.png; sourceTree = "<group>"; };
		7B4599D92A6819EC00189C16 /* EMPTY_LIST_light.png */ = {isa = PBXFileReference; lastKnownFileType = image.png; path = EMPTY_LIST_light.png; sourceTree = "<group>"; };
		7B4599DC2A681BED00189C16 /* LIST_WITH_ERROR_MESSAGE_light_extraExtraExtraLarge.png */ = {isa = PBXFileReference; lastKnownFileType = image.png; path = LIST_WITH_ERROR_MESSAGE_light_extraExtraExtraLarge.png; sourceTree = "<group>"; };
		7B4599DD2A681BED00189C16 /* LIST_WITH_ERROR_MESSAGE_dark.png */ = {isa = PBXFileReference; lastKnownFileType = image.png; path = LIST_WITH_ERROR_MESSAGE_dark.png; sourceTree = "<group>"; };
		7B4599DE2A681BED00189C16 /* LIST_WITH_ERROR_MESSAGE_light.png */ = {isa = PBXFileReference; lastKnownFileType = image.png; path = LIST_WITH_ERROR_MESSAGE_light.png; sourceTree = "<group>"; };
		7B4907B62A6524CB00C75819 /* EndToEndTestConfigurations.xcconfig */ = {isa = PBXFileReference; lastKnownFileType = text.xcconfig; path = EndToEndTestConfigurations.xcconfig; sourceTree = "<group>"; };
		7B4DFB702A1538EB007E9C63 /* TorrentGetMapperTests+Stub.swift */ = {isa = PBXFileReference; lastKnownFileType = sourcecode.swift; path = "TorrentGetMapperTests+Stub.swift"; sourceTree = "<group>"; };
		7B4DFB722A15394F007E9C63 /* Torrent.swift */ = {isa = PBXFileReference; lastKnownFileType = sourcecode.swift; path = Torrent.swift; sourceTree = "<group>"; };
		7B6587532A0D845000317EBE /* URLSessionHTTPClient.swift */ = {isa = PBXFileReference; fileEncoding = 4; lastKnownFileType = sourcecode.swift; path = URLSessionHTTPClient.swift; sourceTree = "<group>"; };
		7B6587542A0D845000317EBE /* HTTPClient.swift */ = {isa = PBXFileReference; fileEncoding = 4; lastKnownFileType = sourcecode.swift; path = HTTPClient.swift; sourceTree = "<group>"; };
		7B6587582A0D846500317EBE /* SharedTestHelpers.swift */ = {isa = PBXFileReference; fileEncoding = 4; lastKnownFileType = sourcecode.swift; path = SharedTestHelpers.swift; sourceTree = "<group>"; };
		7B6587592A0D846500317EBE /* URLProtocolStub.swift */ = {isa = PBXFileReference; fileEncoding = 4; lastKnownFileType = sourcecode.swift; path = URLProtocolStub.swift; sourceTree = "<group>"; };
		7B65875A2A0D846500317EBE /* XCTestCase+MemoryLeakTracking.swift */ = {isa = PBXFileReference; fileEncoding = 4; lastKnownFileType = sourcecode.swift; path = "XCTestCase+MemoryLeakTracking.swift"; sourceTree = "<group>"; };
		7B65875B2A0D846500317EBE /* URLRequest+BodyStream.swift */ = {isa = PBXFileReference; fileEncoding = 4; lastKnownFileType = sourcecode.swift; path = "URLRequest+BodyStream.swift"; sourceTree = "<group>"; };
		7B65875C2A0D846500317EBE /* URLSessionHTTPClientTests.swift */ = {isa = PBXFileReference; fileEncoding = 4; lastKnownFileType = sourcecode.swift; path = URLSessionHTTPClientTests.swift; sourceTree = "<group>"; };
		7B6EDC262A652EF200264EF2 /* Info.plist */ = {isa = PBXFileReference; fileEncoding = 4; lastKnownFileType = text.plist.xml; name = Info.plist; path = ../../../.Trash/Info.plist; sourceTree = "<group>"; };
		7B6EDC282A6531CB00264EF2 /* APIEndToEndConfigurationsTests.swift */ = {isa = PBXFileReference; lastKnownFileType = sourcecode.swift; path = APIEndToEndConfigurationsTests.swift; sourceTree = "<group>"; };
		7B6EDC2B2A65346D00264EF2 /* TransmissionAPIEndToEndTests+Secrets.swift */ = {isa = PBXFileReference; lastKnownFileType = sourcecode.swift; path = "TransmissionAPIEndToEndTests+Secrets.swift"; sourceTree = "<group>"; };
		7B8338282A0FA19F0052F7EC /* SessionBodies.swift */ = {isa = PBXFileReference; lastKnownFileType = sourcecode.swift; path = SessionBodies.swift; sourceTree = "<group>"; };
		7B83382A2A0FA1E60052F7EC /* SessionBodiesTests.swift */ = {isa = PBXFileReference; lastKnownFileType = sourcecode.swift; path = SessionBodiesTests.swift; sourceTree = "<group>"; };
		7B8338392A1016C20052F7EC /* SessionGetMapper.swift */ = {isa = PBXFileReference; lastKnownFileType = sourcecode.swift; path = SessionGetMapper.swift; sourceTree = "<group>"; };
		7B83383C2A1120B20052F7EC /* SessionGetMapperTests.swift */ = {isa = PBXFileReference; lastKnownFileType = sourcecode.swift; path = SessionGetMapperTests.swift; sourceTree = "<group>"; };
		7B83383F2A1124780052F7EC /* HTTPURLResponse+StatusCode.swift */ = {isa = PBXFileReference; lastKnownFileType = sourcecode.swift; path = "HTTPURLResponse+StatusCode.swift"; sourceTree = "<group>"; };
		7B8338422A1128A10052F7EC /* Session.swift */ = {isa = PBXFileReference; lastKnownFileType = sourcecode.swift; path = Session.swift; sourceTree = "<group>"; };
		7B8CB8142A66A421001A4D90 /* HeaderUtils.swift */ = {isa = PBXFileReference; lastKnownFileType = sourcecode.swift; path = HeaderUtils.swift; sourceTree = "<group>"; };
		7B8CB81A2A66C111001A4D90 /* TorrentsPresenter.swift */ = {isa = PBXFileReference; lastKnownFileType = sourcecode.swift; path = TorrentsPresenter.swift; sourceTree = "<group>"; };
		7B8CB81E2A66C19E001A4D90 /* TorrentViewModel.swift */ = {isa = PBXFileReference; lastKnownFileType = sourcecode.swift; path = TorrentViewModel.swift; sourceTree = "<group>"; };
		7B8CB8282A66C867001A4D90 /* TransmissioniOS.framework */ = {isa = PBXFileReference; explicitFileType = wrapper.framework; includeInIndex = 0; path = TransmissioniOS.framework; sourceTree = BUILT_PRODUCTS_DIR; };
		7B8CB82F2A66C868001A4D90 /* TransmissioniOSTests.xctest */ = {isa = PBXFileReference; explicitFileType = wrapper.cfbundle; includeInIndex = 0; path = TransmissioniOSTests.xctest; sourceTree = BUILT_PRODUCTS_DIR; };
		7B8CB8422A66CAE2001A4D90 /* TorrentsPage.swift */ = {isa = PBXFileReference; lastKnownFileType = sourcecode.swift; path = TorrentsPage.swift; sourceTree = "<group>"; };
		7B9305AE2A0F997B005EBE56 /* APIsEndpoint.swift */ = {isa = PBXFileReference; lastKnownFileType = sourcecode.swift; path = APIsEndpoint.swift; sourceTree = "<group>"; };
		7B9305B32A0F99CB005EBE56 /* APIsEndpointTests.swift */ = {isa = PBXFileReference; lastKnownFileType = sourcecode.swift; path = APIsEndpointTests.swift; sourceTree = "<group>"; };
		7BC960D32A129A3E0030B5E0 /* SessionGetMapperTests+Stub.swift */ = {isa = PBXFileReference; lastKnownFileType = sourcecode.swift; path = "SessionGetMapperTests+Stub.swift"; sourceTree = "<group>"; };
		7BC960DB2A12D1AF0030B5E0 /* TorrentBodiesTests.swift */ = {isa = PBXFileReference; lastKnownFileType = sourcecode.swift; path = TorrentBodiesTests.swift; sourceTree = "<group>"; };
		7BC960DE2A12D1BB0030B5E0 /* TorrentBodies.swift */ = {isa = PBXFileReference; lastKnownFileType = sourcecode.swift; path = TorrentBodies.swift; sourceTree = "<group>"; };
		7BC960E22A135E6D0030B5E0 /* TorrentGetMapper.swift */ = {isa = PBXFileReference; lastKnownFileType = sourcecode.swift; path = TorrentGetMapper.swift; sourceTree = "<group>"; };
		7BC960E42A135E7A0030B5E0 /* TorrentGetMapperTests.swift */ = {isa = PBXFileReference; lastKnownFileType = sourcecode.swift; path = TorrentGetMapperTests.swift; sourceTree = "<group>"; };
		7BCC4CFA2A0D41BC004A8297 /* Transmission.framework */ = {isa = PBXFileReference; explicitFileType = wrapper.framework; includeInIndex = 0; path = Transmission.framework; sourceTree = BUILT_PRODUCTS_DIR; };
		7BCC4D022A0D41BC004A8297 /* TransmissionTests.xctest */ = {isa = PBXFileReference; explicitFileType = wrapper.cfbundle; includeInIndex = 0; path = TransmissionTests.xctest; sourceTree = BUILT_PRODUCTS_DIR; };
		7BD9A1ED2A6300E600B6380A /* Requirements.md */ = {isa = PBXFileReference; lastKnownFileType = net.daringfireball.markdown; path = Requirements.md; sourceTree = "<group>"; };
		7BD9A1F02A630C9100B6380A /* SessionStatsMapperTests.swift */ = {isa = PBXFileReference; lastKnownFileType = sourcecode.swift; path = SessionStatsMapperTests.swift; sourceTree = "<group>"; };
		7BD9A1F52A630D5200B6380A /* SessionStatsMapper.swift */ = {isa = PBXFileReference; lastKnownFileType = sourcecode.swift; path = SessionStatsMapper.swift; sourceTree = "<group>"; };
		7BD9A1F72A630D8800B6380A /* SessionStatsMapperTests+Stub.swift */ = {isa = PBXFileReference; lastKnownFileType = sourcecode.swift; path = "SessionStatsMapperTests+Stub.swift"; sourceTree = "<group>"; };
		7BD9A1FC2A6311F600B6380A /* Stats.swift */ = {isa = PBXFileReference; lastKnownFileType = sourcecode.swift; path = Stats.swift; sourceTree = "<group>"; };
		7BD9A2042A631C8E00B6380A /* TransmissionAPIEndToEndTests.xctest */ = {isa = PBXFileReference; explicitFileType = wrapper.cfbundle; includeInIndex = 0; path = TransmissionAPIEndToEndTests.xctest; sourceTree = BUILT_PRODUCTS_DIR; };
		7BD9A2062A631C8E00B6380A /* SessionGetAPIEndToEndTests.swift */ = {isa = PBXFileReference; lastKnownFileType = sourcecode.swift; path = SessionGetAPIEndToEndTests.swift; sourceTree = "<group>"; };
		7BD9A20F2A63293400B6380A /* TODO.md */ = {isa = PBXFileReference; lastKnownFileType = net.daringfireball.markdown; path = TODO.md; sourceTree = "<group>"; };
/* End PBXFileReference section */

/* Begin PBXFrameworksBuildPhase section */
		7B8CB8252A66C867001A4D90 /* Frameworks */ = {
			isa = PBXFrameworksBuildPhase;
			buildActionMask = 2147483647;
			files = (
				7B4599B22A66DD2600189C16 /* Transmission.framework in Frameworks */,
			);
			runOnlyForDeploymentPostprocessing = 0;
		};
		7B8CB82C2A66C868001A4D90 /* Frameworks */ = {
			isa = PBXFrameworksBuildPhase;
			buildActionMask = 2147483647;
			files = (
				7B8CB8302A66C868001A4D90 /* TransmissioniOS.framework in Frameworks */,
			);
			runOnlyForDeploymentPostprocessing = 0;
		};
		7BCC4CF72A0D41BC004A8297 /* Frameworks */ = {
			isa = PBXFrameworksBuildPhase;
			buildActionMask = 2147483647;
			files = (
			);
			runOnlyForDeploymentPostprocessing = 0;
		};
		7BCC4CFF2A0D41BC004A8297 /* Frameworks */ = {
			isa = PBXFrameworksBuildPhase;
			buildActionMask = 2147483647;
			files = (
				7BCC4D032A0D41BC004A8297 /* Transmission.framework in Frameworks */,
			);
			runOnlyForDeploymentPostprocessing = 0;
		};
		7BD9A2012A631C8E00B6380A /* Frameworks */ = {
			isa = PBXFrameworksBuildPhase;
			buildActionMask = 2147483647;
			files = (
				7BD6BB692A635D380065DD42 /* Transmission.framework in Frameworks */,
			);
			runOnlyForDeploymentPostprocessing = 0;
		};
/* End PBXFrameworksBuildPhase section */

/* Begin PBXGroup section */
		7B3690F52A69E091000E130B /* Helpers */ = {
			isa = PBXGroup;
			children = (
				7B3690F62A69E0A7000E130B /* Double+Rounding.swift */,
			);
			path = Helpers;
			sourceTree = "<group>";
		};
		7B4599B52A67C0A000189C16 /* Shared Views */ = {
			isa = PBXGroup;
			children = (
				7B4599B62A67C0B200189C16 /* Text+.swift */,
			);
			path = "Shared Views";
			sourceTree = "<group>";
		};
		7B4599B82A67CB3000189C16 /* Torrents Presentation */ = {
			isa = PBXGroup;
			children = (
				7B4599C22A67DA0400189C16 /* TorrentsPresenterTests.swift */,
				7B4599C72A67E95200189C16 /* TorrentPresenterTests.swift */,
				7B4599B92A67CB7C00189C16 /* TorrentsLocalizationTests.swift */,
				7B4599C92A67E9A600189C16 /* TorrentsPresentation+TestHelpers.swift */,
			);
			path = "Torrents Presentation";
			sourceTree = "<group>";
		};
		7B4599BD2A67CBE000189C16 /* Shared API Infrastructure */ = {
			isa = PBXGroup;
			children = (
				7B4599BE2A67CBF800189C16 /* Helpers */,
			);
			path = "Shared API Infrastructure";
			sourceTree = "<group>";
		};
		7B4599BE2A67CBF800189C16 /* Helpers */ = {
			isa = PBXGroup;
			children = (
				7B6587592A0D846500317EBE /* URLProtocolStub.swift */,
			);
			path = Helpers;
			sourceTree = "<group>";
		};
		7B4599CD2A68108A00189C16 /* Torrents UI */ = {
			isa = PBXGroup;
			children = (
				7B4599D72A6819EC00189C16 /* snapshots */,
				7B4599CE2A68109900189C16 /* TorrentsPageTests.swift */,
			);
			path = "Torrents UI";
			sourceTree = "<group>";
		};
		7B4599D02A6816F500189C16 /* Helpers */ = {
			isa = PBXGroup;
			children = (
				7B4599D32A6817C700189C16 /* XCTestCase+Snapshot.swift */,
				7B4599D12A68170300189C16 /* View+TestHelpers.swift */,
				7B4599D52A68184100189C16 /* UIViewController+Snapshot.swift */,
			);
			path = Helpers;
			sourceTree = "<group>";
		};
		7B4599D72A6819EC00189C16 /* snapshots */ = {
			isa = PBXGroup;
			children = (
				7B4599D82A6819EC00189C16 /* EMPTY_LIST_dark.png */,
				7B4599D92A6819EC00189C16 /* EMPTY_LIST_light.png */,
				7B3690E82A697A50000E130B /* LIST_WITH_CONTENT_dark.png */,
				7B3690E72A697A50000E130B /* LIST_WITH_CONTENT_light.png */,
				7B3690E92A697A50000E130B /* LIST_WITH_CONTENT_light_extraExtraExtraLarge.png */,
				7B4599DD2A681BED00189C16 /* LIST_WITH_ERROR_MESSAGE_dark.png */,
				7B4599DE2A681BED00189C16 /* LIST_WITH_ERROR_MESSAGE_light.png */,
				7B4599DC2A681BED00189C16 /* LIST_WITH_ERROR_MESSAGE_light_extraExtraExtraLarge.png */,
				7B3690EF2A69866A000E130B /* LIST_WITH_ITEM_ERROR_dark.png */,
				7B3690EE2A69866A000E130B /* LIST_WITH_ITEM_ERROR_light.png */,
				7B3690ED2A698669000E130B /* LIST_WITH_ITEM_ERROR_light_extraExtraExtraLarge.png */,
			);
			path = snapshots;
			sourceTree = "<group>";
		};
		7B4DFB6F2A1538D3007E9C63 /* Helpers */ = {
			isa = PBXGroup;
			children = (
				7B4DFB702A1538EB007E9C63 /* TorrentGetMapperTests+Stub.swift */,
			);
			path = Helpers;
			sourceTree = "<group>";
		};
		7B6587572A0D846500317EBE /* Helpers */ = {
			isa = PBXGroup;
			children = (
				7B6587582A0D846500317EBE /* SharedTestHelpers.swift */,
				7B65875A2A0D846500317EBE /* XCTestCase+MemoryLeakTracking.swift */,
				7B65875B2A0D846500317EBE /* URLRequest+BodyStream.swift */,
				7B4599BB2A67CBBE00189C16 /* SharedLocalizationTestHelpers.swift */,
			);
			path = Helpers;
			sourceTree = "<group>";
		};
		7B6D10482A0F9BF20077A40B /* APIs Endpoint */ = {
			isa = PBXGroup;
			children = (
				7B9305AE2A0F997B005EBE56 /* APIsEndpoint.swift */,
			);
			path = "APIs Endpoint";
			sourceTree = "<group>";
		};
		7B6D10492A0F9C010077A40B /* APIs Endpoint */ = {
			isa = PBXGroup;
			children = (
				7B9305B32A0F99CB005EBE56 /* APIsEndpointTests.swift */,
			);
			path = "APIs Endpoint";
			sourceTree = "<group>";
		};
		7B83381D2A0F9E110052F7EC /* Session Bodies */ = {
			isa = PBXGroup;
			children = (
				7B8338282A0FA19F0052F7EC /* SessionBodies.swift */,
			);
			path = "Session Bodies";
			sourceTree = "<group>";
		};
		7B83381E2A0F9E210052F7EC /* Session Bodies */ = {
			isa = PBXGroup;
			children = (
				7B83382A2A0FA1E60052F7EC /* SessionBodiesTests.swift */,
			);
			path = "Session Bodies";
			sourceTree = "<group>";
		};
		7B8338382A1016B20052F7EC /* Session Get API */ = {
			isa = PBXGroup;
			children = (
				7B8338412A1128930052F7EC /* Models */,
				7B8338392A1016C20052F7EC /* SessionGetMapper.swift */,
			);
			path = "Session Get API";
			sourceTree = "<group>";
		};
		7B83383B2A1120A40052F7EC /* Session Get API */ = {
			isa = PBXGroup;
			children = (
				7BC960D22A129A2A0030B5E0 /* Helpers */,
				7B83383C2A1120B20052F7EC /* SessionGetMapperTests.swift */,
			);
			path = "Session Get API";
			sourceTree = "<group>";
		};
		7B83383E2A1124600052F7EC /* Helpers */ = {
			isa = PBXGroup;
			children = (
				7B83383F2A1124780052F7EC /* HTTPURLResponse+StatusCode.swift */,
			);
			path = Helpers;
			sourceTree = "<group>";
		};
		7B8338412A1128930052F7EC /* Models */ = {
			isa = PBXGroup;
			children = (
				7B8338422A1128A10052F7EC /* Session.swift */,
			);
			path = Models;
			sourceTree = "<group>";
		};
		7B8CB8182A66C016001A4D90 /* Torrents Feature */ = {
			isa = PBXGroup;
			children = (
				7B4DFB722A15394F007E9C63 /* Torrent.swift */,
			);
			path = "Torrents Feature";
			sourceTree = "<group>";
		};
		7B8CB8192A66C0F8001A4D90 /* Torrents Presentation */ = {
			isa = PBXGroup;
			children = (
				7B3690F52A69E091000E130B /* Helpers */,
				7B4599C52A67E92E00189C16 /* TorrentPresenter.swift */,
				7B8CB81A2A66C111001A4D90 /* TorrentsPresenter.swift */,
				7B8CB81E2A66C19E001A4D90 /* TorrentViewModel.swift */,
				7B3690F32A69DC0C000E130B /* TorrentsViewModel.swift */,
				7B4599C12A67CC2400189C16 /* Torrents.strings */,
			);
			path = "Torrents Presentation";
			sourceTree = "<group>";
		};
		7B8CB8202A66C298001A4D90 /* Shared API */ = {
			isa = PBXGroup;
			children = (
				7B8CB8142A66A421001A4D90 /* HeaderUtils.swift */,
				7B83383E2A1124600052F7EC /* Helpers */,
				7B6D10482A0F9BF20077A40B /* APIs Endpoint */,
			);
			path = "Shared API";
			sourceTree = "<group>";
		};
		7B8CB8212A66C2C0001A4D90 /* Torrents APIs */ = {
			isa = PBXGroup;
			children = (
				7BC960DD2A12D1B20030B5E0 /* Torrent Bodies */,
				7BC960E02A12D2250030B5E0 /* Torrent Get API */,
			);
			path = "Torrents APIs";
			sourceTree = "<group>";
		};
		7B8CB8222A66C31F001A4D90 /* Shared APIs Infrastructure */ = {
			isa = PBXGroup;
			children = (
				7B6587542A0D845000317EBE /* HTTPClient.swift */,
				7B6587532A0D845000317EBE /* URLSessionHTTPClient.swift */,
			);
			path = "Shared APIs Infrastructure";
			sourceTree = "<group>";
		};
		7B8CB8292A66C867001A4D90 /* TransmissioniOS */ = {
			isa = PBXGroup;
			children = (
				7B4599B52A67C0A000189C16 /* Shared Views */,
				7B8CB83D2A66C8B4001A4D90 /* Torrents UI */,
			);
			path = TransmissioniOS;
			sourceTree = "<group>";
		};
		7B8CB8332A66C868001A4D90 /* TransmissioniOSTests */ = {
			isa = PBXGroup;
			children = (
				7B4599D02A6816F500189C16 /* Helpers */,
				7B4599CD2A68108A00189C16 /* Torrents UI */,
			);
			path = TransmissioniOSTests;
			sourceTree = "<group>";
		};
		7B8CB83D2A66C8B4001A4D90 /* Torrents UI */ = {
			isa = PBXGroup;
			children = (
				7B8CB83E2A66C8CE001A4D90 /* Controllers */,
				7B8CB83F2A66C8DA001A4D90 /* Views */,
			);
			path = "Torrents UI";
			sourceTree = "<group>";
		};
		7B8CB83E2A66C8CE001A4D90 /* Controllers */ = {
			isa = PBXGroup;
			children = (
				7B8CB8422A66CAE2001A4D90 /* TorrentsPage.swift */,
			);
			path = Controllers;
			sourceTree = "<group>";
		};
		7B8CB83F2A66C8DA001A4D90 /* Views */ = {
			isa = PBXGroup;
			children = (
			);
			path = Views;
			sourceTree = "<group>";
		};
		7B9305B02A0F998B005EBE56 /* URLSessionHTTPClient */ = {
			isa = PBXGroup;
			children = (
				7B65875C2A0D846500317EBE /* URLSessionHTTPClientTests.swift */,
			);
			path = URLSessionHTTPClient;
			sourceTree = "<group>";
		};
		7B9305B12A0F99A4005EBE56 /* APIs */ = {
			isa = PBXGroup;
			children = (
				7BC960D92A12D1820030B5E0 /* Torrent APIs */,
				7BC960D62A12D1230030B5E0 /* Session APIs */,
				7B6D10492A0F9C010077A40B /* APIs Endpoint */,
			);
			path = APIs;
			sourceTree = "<group>";
		};
		7BC960D22A129A2A0030B5E0 /* Helpers */ = {
			isa = PBXGroup;
			children = (
				7BC960D32A129A3E0030B5E0 /* SessionGetMapperTests+Stub.swift */,
			);
			path = Helpers;
			sourceTree = "<group>";
		};
		7BC960D52A12D0EF0030B5E0 /* Session APIs */ = {
			isa = PBXGroup;
			children = (
				7B83381D2A0F9E110052F7EC /* Session Bodies */,
				7B8338382A1016B20052F7EC /* Session Get API */,
				7BD9A1F22A630D3300B6380A /* Session Stats API */,
			);
			path = "Session APIs";
			sourceTree = "<group>";
		};
		7BC960D62A12D1230030B5E0 /* Session APIs */ = {
			isa = PBXGroup;
			children = (
				7B83381E2A0F9E210052F7EC /* Session Bodies */,
				7B83383B2A1120A40052F7EC /* Session Get API */,
				7BD9A1EE2A630C6900B6380A /* Session Stats API */,
			);
			path = "Session APIs";
			sourceTree = "<group>";
		};
		7BC960D92A12D1820030B5E0 /* Torrent APIs */ = {
			isa = PBXGroup;
			children = (
				7BC960DA2A12D1A20030B5E0 /* Torrent Bodies */,
				7BC960E12A12D2340030B5E0 /* Torrent Get API */,
			);
			path = "Torrent APIs";
			sourceTree = "<group>";
		};
		7BC960DA2A12D1A20030B5E0 /* Torrent Bodies */ = {
			isa = PBXGroup;
			children = (
				7BC960DB2A12D1AF0030B5E0 /* TorrentBodiesTests.swift */,
			);
			path = "Torrent Bodies";
			sourceTree = "<group>";
		};
		7BC960DD2A12D1B20030B5E0 /* Torrent Bodies */ = {
			isa = PBXGroup;
			children = (
				7BC960DE2A12D1BB0030B5E0 /* TorrentBodies.swift */,
			);
			path = "Torrent Bodies";
			sourceTree = "<group>";
		};
		7BC960E02A12D2250030B5E0 /* Torrent Get API */ = {
			isa = PBXGroup;
			children = (
				7BC960E22A135E6D0030B5E0 /* TorrentGetMapper.swift */,
			);
			path = "Torrent Get API";
			sourceTree = "<group>";
		};
		7BC960E12A12D2340030B5E0 /* Torrent Get API */ = {
			isa = PBXGroup;
			children = (
				7B4DFB6F2A1538D3007E9C63 /* Helpers */,
				7BC960E42A135E7A0030B5E0 /* TorrentGetMapperTests.swift */,
			);
			path = "Torrent Get API";
			sourceTree = "<group>";
		};
		7BCC4CF02A0D41BC004A8297 = {
			isa = PBXGroup;
			children = (
				7BCC4CFC2A0D41BC004A8297 /* Transmission */,
				7BCC4D062A0D41BC004A8297 /* TransmissionTests */,
				7BD9A2052A631C8E00B6380A /* TransmissionAPIEndToEndTests */,
				7B8CB8292A66C867001A4D90 /* TransmissioniOS */,
				7B8CB8332A66C868001A4D90 /* TransmissioniOSTests */,
				7BCC4CFB2A0D41BC004A8297 /* Products */,
				7BD6BB682A635D380065DD42 /* Frameworks */,
			);
			sourceTree = "<group>";
		};
		7BCC4CFB2A0D41BC004A8297 /* Products */ = {
			isa = PBXGroup;
			children = (
				7BCC4CFA2A0D41BC004A8297 /* Transmission.framework */,
				7BCC4D022A0D41BC004A8297 /* TransmissionTests.xctest */,
				7BD9A2042A631C8E00B6380A /* TransmissionAPIEndToEndTests.xctest */,
				7B8CB8282A66C867001A4D90 /* TransmissioniOS.framework */,
				7B8CB82F2A66C868001A4D90 /* TransmissioniOSTests.xctest */,
			);
			name = Products;
			sourceTree = "<group>";
		};
		7BCC4CFC2A0D41BC004A8297 /* Transmission */ = {
			isa = PBXGroup;
			children = (
				7BD9A20F2A63293400B6380A /* TODO.md */,
				7BD9A1ED2A6300E600B6380A /* Requirements.md */,
				7B8CB8182A66C016001A4D90 /* Torrents Feature */,
				7B8CB8192A66C0F8001A4D90 /* Torrents Presentation */,
				7B8CB8212A66C2C0001A4D90 /* Torrents APIs */,
				7BC960D52A12D0EF0030B5E0 /* Session APIs */,
				7B8CB8202A66C298001A4D90 /* Shared API */,
				7B8CB8222A66C31F001A4D90 /* Shared APIs Infrastructure */,
			);
			path = Transmission;
			sourceTree = "<group>";
		};
		7BCC4D062A0D41BC004A8297 /* TransmissionTests */ = {
			isa = PBXGroup;
			children = (
				7B6587572A0D846500317EBE /* Helpers */,
				7B9305B12A0F99A4005EBE56 /* APIs */,
				7B9305B02A0F998B005EBE56 /* URLSessionHTTPClient */,
				7B4599BD2A67CBE000189C16 /* Shared API Infrastructure */,
				7B4599B82A67CB3000189C16 /* Torrents Presentation */,
			);
			path = TransmissionTests;
			sourceTree = "<group>";
		};
		7BD6BB682A635D380065DD42 /* Frameworks */ = {
			isa = PBXGroup;
			children = (
			);
			name = Frameworks;
			sourceTree = "<group>";
		};
		7BD9A1EE2A630C6900B6380A /* Session Stats API */ = {
			isa = PBXGroup;
			children = (
				7BD9A1EF2A630C7700B6380A /* Helpers */,
				7BD9A1F02A630C9100B6380A /* SessionStatsMapperTests.swift */,
			);
			path = "Session Stats API";
			sourceTree = "<group>";
		};
		7BD9A1EF2A630C7700B6380A /* Helpers */ = {
			isa = PBXGroup;
			children = (
				7BD9A1F72A630D8800B6380A /* SessionStatsMapperTests+Stub.swift */,
			);
			path = Helpers;
			sourceTree = "<group>";
		};
		7BD9A1F22A630D3300B6380A /* Session Stats API */ = {
			isa = PBXGroup;
			children = (
				7BD9A1F32A630D4200B6380A /* Models */,
				7BD9A1F52A630D5200B6380A /* SessionStatsMapper.swift */,
			);
			path = "Session Stats API";
			sourceTree = "<group>";
		};
		7BD9A1F32A630D4200B6380A /* Models */ = {
			isa = PBXGroup;
			children = (
				7BD9A1FC2A6311F600B6380A /* Stats.swift */,
			);
			path = Models;
			sourceTree = "<group>";
		};
		7BD9A2052A631C8E00B6380A /* TransmissionAPIEndToEndTests */ = {
			isa = PBXGroup;
			children = (
				7B6EDC262A652EF200264EF2 /* Info.plist */,
				7B4907B62A6524CB00C75819 /* EndToEndTestConfigurations.xcconfig */,
				7B6EDC282A6531CB00264EF2 /* APIEndToEndConfigurationsTests.swift */,
				7BD9A2062A631C8E00B6380A /* SessionGetAPIEndToEndTests.swift */,
				7B6EDC2B2A65346D00264EF2 /* TransmissionAPIEndToEndTests+Secrets.swift */,
			);
			path = TransmissionAPIEndToEndTests;
			sourceTree = "<group>";
		};
/* End PBXGroup section */

/* Begin PBXHeadersBuildPhase section */
		7B8CB8232A66C867001A4D90 /* Headers */ = {
			isa = PBXHeadersBuildPhase;
			buildActionMask = 2147483647;
			files = (
			);
			runOnlyForDeploymentPostprocessing = 0;
		};
		7BCC4CF52A0D41BC004A8297 /* Headers */ = {
			isa = PBXHeadersBuildPhase;
			buildActionMask = 2147483647;
			files = (
			);
			runOnlyForDeploymentPostprocessing = 0;
		};
/* End PBXHeadersBuildPhase section */

/* Begin PBXNativeTarget section */
		7B8CB8272A66C867001A4D90 /* TransmissioniOS */ = {
			isa = PBXNativeTarget;
			buildConfigurationList = 7B8CB8372A66C868001A4D90 /* Build configuration list for PBXNativeTarget "TransmissioniOS" */;
			buildPhases = (
				7B8CB8232A66C867001A4D90 /* Headers */,
				7B8CB8242A66C867001A4D90 /* Sources */,
				7B8CB8252A66C867001A4D90 /* Frameworks */,
				7B8CB8262A66C867001A4D90 /* Resources */,
			);
			buildRules = (
			);
			dependencies = (
			);
			name = TransmissioniOS;
			productName = TransmissioniOS;
			productReference = 7B8CB8282A66C867001A4D90 /* TransmissioniOS.framework */;
			productType = "com.apple.product-type.framework";
		};
		7B8CB82E2A66C868001A4D90 /* TransmissioniOSTests */ = {
			isa = PBXNativeTarget;
			buildConfigurationList = 7B8CB83A2A66C868001A4D90 /* Build configuration list for PBXNativeTarget "TransmissioniOSTests" */;
			buildPhases = (
				7B8CB82B2A66C868001A4D90 /* Sources */,
				7B8CB82C2A66C868001A4D90 /* Frameworks */,
				7B8CB82D2A66C868001A4D90 /* Resources */,
			);
			buildRules = (
			);
			dependencies = (
				7B8CB8322A66C868001A4D90 /* PBXTargetDependency */,
			);
			name = TransmissioniOSTests;
			productName = TransmissioniOSTests;
			productReference = 7B8CB82F2A66C868001A4D90 /* TransmissioniOSTests.xctest */;
			productType = "com.apple.product-type.bundle.unit-test";
		};
		7BCC4CF92A0D41BC004A8297 /* Transmission */ = {
			isa = PBXNativeTarget;
			buildConfigurationList = 7BCC4D0C2A0D41BC004A8297 /* Build configuration list for PBXNativeTarget "Transmission" */;
			buildPhases = (
				7BCC4CF52A0D41BC004A8297 /* Headers */,
				7BCC4CF62A0D41BC004A8297 /* Sources */,
				7BCC4CF72A0D41BC004A8297 /* Frameworks */,
				7BCC4CF82A0D41BC004A8297 /* Resources */,
			);
			buildRules = (
			);
			dependencies = (
			);
			name = Transmission;
			productName = Transmission;
			productReference = 7BCC4CFA2A0D41BC004A8297 /* Transmission.framework */;
			productType = "com.apple.product-type.framework";
		};
		7BCC4D012A0D41BC004A8297 /* TransmissionTests */ = {
			isa = PBXNativeTarget;
			buildConfigurationList = 7BCC4D0F2A0D41BC004A8297 /* Build configuration list for PBXNativeTarget "TransmissionTests" */;
			buildPhases = (
				7BCC4CFE2A0D41BC004A8297 /* Sources */,
				7BCC4CFF2A0D41BC004A8297 /* Frameworks */,
				7BCC4D002A0D41BC004A8297 /* Resources */,
			);
			buildRules = (
			);
			dependencies = (
				7BCC4D052A0D41BC004A8297 /* PBXTargetDependency */,
			);
			name = TransmissionTests;
			productName = TransmissionTests;
			productReference = 7BCC4D022A0D41BC004A8297 /* TransmissionTests.xctest */;
			productType = "com.apple.product-type.bundle.unit-test";
		};
		7BD9A2032A631C8E00B6380A /* TransmissionAPIEndToEndTests */ = {
			isa = PBXNativeTarget;
			buildConfigurationList = 7BD9A2082A631C8E00B6380A /* Build configuration list for PBXNativeTarget "TransmissionAPIEndToEndTests" */;
			buildPhases = (
				7BD9A2002A631C8E00B6380A /* Sources */,
				7BD9A2012A631C8E00B6380A /* Frameworks */,
				7BD9A2022A631C8E00B6380A /* Resources */,
			);
			buildRules = (
			);
			dependencies = (
				7BD6BB672A635D2A0065DD42 /* PBXTargetDependency */,
			);
			name = TransmissionAPIEndToEndTests;
			productName = TransmissionAPIEndToEndTests;
			productReference = 7BD9A2042A631C8E00B6380A /* TransmissionAPIEndToEndTests.xctest */;
			productType = "com.apple.product-type.bundle.unit-test";
		};
/* End PBXNativeTarget section */

/* Begin PBXProject section */
		7BCC4CF12A0D41BC004A8297 /* Project object */ = {
			isa = PBXProject;
			attributes = {
				BuildIndependentTargetsInParallel = 1;
				LastSwiftUpdateCheck = 1420;
				LastUpgradeCheck = 1420;
				TargetAttributes = {
					7B8CB8272A66C867001A4D90 = {
						CreatedOnToolsVersion = 14.2;
						LastSwiftMigration = 1420;
					};
					7B8CB82E2A66C868001A4D90 = {
						CreatedOnToolsVersion = 14.2;
						LastSwiftMigration = 1420;
					};
					7BCC4CF92A0D41BC004A8297 = {
						CreatedOnToolsVersion = 14.2;
						LastSwiftMigration = 1420;
					};
					7BCC4D012A0D41BC004A8297 = {
						CreatedOnToolsVersion = 14.2;
						LastSwiftMigration = 1420;
					};
					7BD9A2032A631C8E00B6380A = {
						CreatedOnToolsVersion = 14.2;
					};
				};
			};
			buildConfigurationList = 7BCC4CF42A0D41BC004A8297 /* Build configuration list for PBXProject "Transmission" */;
			compatibilityVersion = "Xcode 14.0";
			developmentRegion = en;
			hasScannedForEncodings = 0;
			knownRegions = (
				en,
				Base,
				it,
			);
			mainGroup = 7BCC4CF02A0D41BC004A8297;
			productRefGroup = 7BCC4CFB2A0D41BC004A8297 /* Products */;
			projectDirPath = "";
			projectRoot = "";
			targets = (
				7BCC4CF92A0D41BC004A8297 /* Transmission */,
				7BCC4D012A0D41BC004A8297 /* TransmissionTests */,
				7BD9A2032A631C8E00B6380A /* TransmissionAPIEndToEndTests */,
				7B8CB8272A66C867001A4D90 /* TransmissioniOS */,
				7B8CB82E2A66C868001A4D90 /* TransmissioniOSTests */,
			);
		};
/* End PBXProject section */

/* Begin PBXResourcesBuildPhase section */
		7B8CB8262A66C867001A4D90 /* Resources */ = {
			isa = PBXResourcesBuildPhase;
			buildActionMask = 2147483647;
			files = (
			);
			runOnlyForDeploymentPostprocessing = 0;
		};
		7B8CB82D2A66C868001A4D90 /* Resources */ = {
			isa = PBXResourcesBuildPhase;
			buildActionMask = 2147483647;
			files = (
				7B4599E02A681BED00189C16 /* LIST_WITH_ERROR_MESSAGE_dark.png in Resources */,
				7B3690EC2A697A50000E130B /* LIST_WITH_CONTENT_light_extraExtraExtraLarge.png in Resources */,
				7B4599DB2A6819EC00189C16 /* EMPTY_LIST_light.png in Resources */,
				7B3690EA2A697A50000E130B /* LIST_WITH_CONTENT_light.png in Resources */,
				7B3690F22A69866A000E130B /* LIST_WITH_ITEM_ERROR_dark.png in Resources */,
				7B4599DA2A6819EC00189C16 /* EMPTY_LIST_dark.png in Resources */,
				7B3690F02A69866A000E130B /* LIST_WITH_ITEM_ERROR_light_extraExtraExtraLarge.png in Resources */,
				7B4599E12A681BED00189C16 /* LIST_WITH_ERROR_MESSAGE_light.png in Resources */,
				7B4599DF2A681BED00189C16 /* LIST_WITH_ERROR_MESSAGE_light_extraExtraExtraLarge.png in Resources */,
				7B3690F12A69866A000E130B /* LIST_WITH_ITEM_ERROR_light.png in Resources */,
				7B3690EB2A697A50000E130B /* LIST_WITH_CONTENT_dark.png in Resources */,
			);
			runOnlyForDeploymentPostprocessing = 0;
		};
		7BCC4CF82A0D41BC004A8297 /* Resources */ = {
			isa = PBXResourcesBuildPhase;
			buildActionMask = 2147483647;
			files = (
				7B4599BF2A67CC2400189C16 /* Torrents.strings in Resources */,
			);
			runOnlyForDeploymentPostprocessing = 0;
		};
		7BCC4D002A0D41BC004A8297 /* Resources */ = {
			isa = PBXResourcesBuildPhase;
			buildActionMask = 2147483647;
			files = (
			);
			runOnlyForDeploymentPostprocessing = 0;
		};
		7BD9A2022A631C8E00B6380A /* Resources */ = {
			isa = PBXResourcesBuildPhase;
			buildActionMask = 2147483647;
			files = (
				7B6EDC2D2A65463600264EF2 /* EndToEndTestConfigurations.xcconfig in Resources */,
				7B6EDC272A652EF200264EF2 /* Info.plist in Resources */,
			);
			runOnlyForDeploymentPostprocessing = 0;
		};
/* End PBXResourcesBuildPhase section */

/* Begin PBXSourcesBuildPhase section */
		7B8CB8242A66C867001A4D90 /* Sources */ = {
			isa = PBXSourcesBuildPhase;
			buildActionMask = 2147483647;
			files = (
				7B4599B72A67C0B200189C16 /* Text+.swift in Sources */,
				7B8CB8432A66CAE2001A4D90 /* TorrentsPage.swift in Sources */,
			);
			runOnlyForDeploymentPostprocessing = 0;
		};
		7B8CB82B2A66C868001A4D90 /* Sources */ = {
			isa = PBXSourcesBuildPhase;
			buildActionMask = 2147483647;
			files = (
				7B4599D42A6817C700189C16 /* XCTestCase+Snapshot.swift in Sources */,
				7B4599D22A68170300189C16 /* View+TestHelpers.swift in Sources */,
				7B4599D62A68184100189C16 /* UIViewController+Snapshot.swift in Sources */,
				7B4599CF2A68109900189C16 /* TorrentsPageTests.swift in Sources */,
			);
			runOnlyForDeploymentPostprocessing = 0;
		};
		7BCC4CF62A0D41BC004A8297 /* Sources */ = {
			isa = PBXSourcesBuildPhase;
			buildActionMask = 2147483647;
			files = (
				7B3690F42A69DC0C000E130B /* TorrentsViewModel.swift in Sources */,
				7BC960E32A135E6D0030B5E0 /* TorrentGetMapper.swift in Sources */,
				7B83383A2A1016C20052F7EC /* SessionGetMapper.swift in Sources */,
				7BD9A1F62A630D5200B6380A /* SessionStatsMapper.swift in Sources */,
				7B8CB81B2A66C111001A4D90 /* TorrentsPresenter.swift in Sources */,
				7BD9A1FD2A6311F600B6380A /* Stats.swift in Sources */,
				7B8CB81F2A66C19E001A4D90 /* TorrentViewModel.swift in Sources */,
				7B8338292A0FA19F0052F7EC /* SessionBodies.swift in Sources */,
				7B4599C62A67E92E00189C16 /* TorrentPresenter.swift in Sources */,
				7B8338432A1128A10052F7EC /* Session.swift in Sources */,
				7B9305AF2A0F997B005EBE56 /* APIsEndpoint.swift in Sources */,
				7B6587562A0D845000317EBE /* HTTPClient.swift in Sources */,
				7B3690F72A69E0A7000E130B /* Double+Rounding.swift in Sources */,
				7B8338402A1124780052F7EC /* HTTPURLResponse+StatusCode.swift in Sources */,
				7B8CB8152A66A421001A4D90 /* HeaderUtils.swift in Sources */,
				7BC960DF2A12D1BB0030B5E0 /* TorrentBodies.swift in Sources */,
				7B6587552A0D845000317EBE /* URLSessionHTTPClient.swift in Sources */,
				7B4DFB732A15394F007E9C63 /* Torrent.swift in Sources */,
			);
			runOnlyForDeploymentPostprocessing = 0;
		};
		7BCC4CFE2A0D41BC004A8297 /* Sources */ = {
			isa = PBXSourcesBuildPhase;
			buildActionMask = 2147483647;
			files = (
				7B83382B2A0FA1E60052F7EC /* SessionBodiesTests.swift in Sources */,
				7BD9A1F82A630D8800B6380A /* SessionStatsMapperTests+Stub.swift in Sources */,
				7B65875D2A0D846500317EBE /* SharedTestHelpers.swift in Sources */,
				7BC960DC2A12D1AF0030B5E0 /* TorrentBodiesTests.swift in Sources */,
				7B4599BA2A67CB7C00189C16 /* TorrentsLocalizationTests.swift in Sources */,
				7B65875E2A0D846500317EBE /* URLProtocolStub.swift in Sources */,
				7B9305B42A0F99CB005EBE56 /* APIsEndpointTests.swift in Sources */,
				7B6587612A0D846500317EBE /* URLSessionHTTPClientTests.swift in Sources */,
				7B65875F2A0D846500317EBE /* XCTestCase+MemoryLeakTracking.swift in Sources */,
				7B4599CA2A67E9A600189C16 /* TorrentsPresentation+TestHelpers.swift in Sources */,
				7B4599C32A67DA0400189C16 /* TorrentsPresenterTests.swift in Sources */,
				7B4599BC2A67CBBE00189C16 /* SharedLocalizationTestHelpers.swift in Sources */,
				7B4599C82A67E95200189C16 /* TorrentPresenterTests.swift in Sources */,
				7B4DFB712A1538EB007E9C63 /* TorrentGetMapperTests+Stub.swift in Sources */,
				7BC960E52A135E7A0030B5E0 /* TorrentGetMapperTests.swift in Sources */,
				7BD9A1F12A630C9100B6380A /* SessionStatsMapperTests.swift in Sources */,
				7B83383D2A1120B20052F7EC /* SessionGetMapperTests.swift in Sources */,
				7B6587602A0D846500317EBE /* URLRequest+BodyStream.swift in Sources */,
				7BC960D42A129A3E0030B5E0 /* SessionGetMapperTests+Stub.swift in Sources */,
			);
			runOnlyForDeploymentPostprocessing = 0;
		};
		7BD9A2002A631C8E00B6380A /* Sources */ = {
			isa = PBXSourcesBuildPhase;
			buildActionMask = 2147483647;
			files = (
				7B6EDC292A6531CB00264EF2 /* APIEndToEndConfigurationsTests.swift in Sources */,
				7B6EDC2C2A65346D00264EF2 /* TransmissionAPIEndToEndTests+Secrets.swift in Sources */,
				7BD9A2072A631C8E00B6380A /* SessionGetAPIEndToEndTests.swift in Sources */,
				7BD9A20B2A6320E000B6380A /* XCTestCase+MemoryLeakTracking.swift in Sources */,
			);
			runOnlyForDeploymentPostprocessing = 0;
		};
/* End PBXSourcesBuildPhase section */

/* Begin PBXTargetDependency section */
		7B8CB8322A66C868001A4D90 /* PBXTargetDependency */ = {
			isa = PBXTargetDependency;
			target = 7B8CB8272A66C867001A4D90 /* TransmissioniOS */;
			targetProxy = 7B8CB8312A66C868001A4D90 /* PBXContainerItemProxy */;
		};
		7BCC4D052A0D41BC004A8297 /* PBXTargetDependency */ = {
			isa = PBXTargetDependency;
			target = 7BCC4CF92A0D41BC004A8297 /* Transmission */;
			targetProxy = 7BCC4D042A0D41BC004A8297 /* PBXContainerItemProxy */;
		};
		7BD6BB672A635D2A0065DD42 /* PBXTargetDependency */ = {
			isa = PBXTargetDependency;
			target = 7BCC4CF92A0D41BC004A8297 /* Transmission */;
			targetProxy = 7BD6BB662A635D2A0065DD42 /* PBXContainerItemProxy */;
		};
/* End PBXTargetDependency section */

/* Begin PBXVariantGroup section */
		7B4599C12A67CC2400189C16 /* Torrents.strings */ = {
			isa = PBXVariantGroup;
			children = (
				7B4599C02A67CC2400189C16 /* en */,
				7B4599C42A67DCA800189C16 /* it */,
			);
			name = Torrents.strings;
			sourceTree = "<group>";
		};
/* End PBXVariantGroup section */

/* Begin XCBuildConfiguration section */
		7B8CB8382A66C868001A4D90 /* Debug */ = {
			isa = XCBuildConfiguration;
			buildSettings = {
				CLANG_ENABLE_MODULES = YES;
				CODE_SIGN_STYLE = Automatic;
				CURRENT_PROJECT_VERSION = 1;
				DEFINES_MODULE = YES;
				DEVELOPMENT_TEAM = UYXPW2Z6TM;
				DYLIB_COMPATIBILITY_VERSION = 1;
				DYLIB_CURRENT_VERSION = 1;
				DYLIB_INSTALL_NAME_BASE = "@rpath";
				FRAMEWORK_SEARCH_PATHS = "";
				GENERATE_INFOPLIST_FILE = YES;
				INFOPLIST_FILE = "";
				INFOPLIST_KEY_NSHumanReadableCopyright = "";
				INSTALL_PATH = "$(LOCAL_LIBRARY_DIR)/Frameworks";
				IPHONEOS_DEPLOYMENT_TARGET = 16.0;
				LD_RUNPATH_SEARCH_PATHS = (
					"$(inherited)",
					"@executable_path/Frameworks",
					"@loader_path/Frameworks",
				);
				MARKETING_VERSION = 1.0;
				PRODUCT_BUNDLE_IDENTIFIER = com.transmission.test.it.TransmissioniOS;
				PRODUCT_NAME = "$(TARGET_NAME:c99extidentifier)";
				SDKROOT = iphoneos;
				SKIP_INSTALL = YES;
				SWIFT_EMIT_LOC_STRINGS = YES;
				SWIFT_OPTIMIZATION_LEVEL = "-Onone";
				SWIFT_VERSION = 5.0;
				TARGETED_DEVICE_FAMILY = "1,2";
			};
			name = Debug;
		};
		7B8CB8392A66C868001A4D90 /* Release */ = {
			isa = XCBuildConfiguration;
			buildSettings = {
				CLANG_ENABLE_MODULES = YES;
				CODE_SIGN_STYLE = Automatic;
				CURRENT_PROJECT_VERSION = 1;
				DEFINES_MODULE = YES;
				DEVELOPMENT_TEAM = UYXPW2Z6TM;
				DYLIB_COMPATIBILITY_VERSION = 1;
				DYLIB_CURRENT_VERSION = 1;
				DYLIB_INSTALL_NAME_BASE = "@rpath";
				FRAMEWORK_SEARCH_PATHS = "";
				GENERATE_INFOPLIST_FILE = YES;
				INFOPLIST_FILE = "";
				INFOPLIST_KEY_NSHumanReadableCopyright = "";
				INSTALL_PATH = "$(LOCAL_LIBRARY_DIR)/Frameworks";
				IPHONEOS_DEPLOYMENT_TARGET = 16.0;
				LD_RUNPATH_SEARCH_PATHS = (
					"$(inherited)",
					"@executable_path/Frameworks",
					"@loader_path/Frameworks",
				);
				MARKETING_VERSION = 1.0;
				PRODUCT_BUNDLE_IDENTIFIER = com.transmission.test.it.TransmissioniOS;
				PRODUCT_NAME = "$(TARGET_NAME:c99extidentifier)";
				SDKROOT = iphoneos;
				SKIP_INSTALL = YES;
				SWIFT_EMIT_LOC_STRINGS = YES;
				SWIFT_VERSION = 5.0;
				TARGETED_DEVICE_FAMILY = "1,2";
				VALIDATE_PRODUCT = YES;
			};
			name = Release;
		};
		7B8CB83B2A66C868001A4D90 /* Debug */ = {
			isa = XCBuildConfiguration;
			buildSettings = {
				ALWAYS_EMBED_SWIFT_STANDARD_LIBRARIES = YES;
				CLANG_ENABLE_MODULES = YES;
				CODE_SIGN_STYLE = Automatic;
				CURRENT_PROJECT_VERSION = 1;
				DEVELOPMENT_TEAM = UYXPW2Z6TM;
				GENERATE_INFOPLIST_FILE = YES;
				IPHONEOS_DEPLOYMENT_TARGET = 16.0;
				LD_RUNPATH_SEARCH_PATHS = (
					"$(inherited)",
					"@executable_path/Frameworks",
					"@loader_path/Frameworks",
				);
				MARKETING_VERSION = 1.0;
				PRODUCT_BUNDLE_IDENTIFIER = com.transmission.test.it.TransmissioniOSTests;
				PRODUCT_NAME = "$(TARGET_NAME)";
				SDKROOT = iphoneos;
				SWIFT_EMIT_LOC_STRINGS = NO;
				SWIFT_OPTIMIZATION_LEVEL = "-Onone";
				SWIFT_VERSION = 5.0;
				TARGETED_DEVICE_FAMILY = "1,2";
			};
			name = Debug;
		};
		7B8CB83C2A66C868001A4D90 /* Release */ = {
			isa = XCBuildConfiguration;
			buildSettings = {
				ALWAYS_EMBED_SWIFT_STANDARD_LIBRARIES = YES;
				CLANG_ENABLE_MODULES = YES;
				CODE_SIGN_STYLE = Automatic;
				CURRENT_PROJECT_VERSION = 1;
				DEVELOPMENT_TEAM = UYXPW2Z6TM;
				GENERATE_INFOPLIST_FILE = YES;
				IPHONEOS_DEPLOYMENT_TARGET = 16.0;
				LD_RUNPATH_SEARCH_PATHS = (
					"$(inherited)",
					"@executable_path/Frameworks",
					"@loader_path/Frameworks",
				);
				MARKETING_VERSION = 1.0;
				PRODUCT_BUNDLE_IDENTIFIER = com.transmission.test.it.TransmissioniOSTests;
				PRODUCT_NAME = "$(TARGET_NAME)";
				SDKROOT = iphoneos;
				SWIFT_EMIT_LOC_STRINGS = NO;
				SWIFT_VERSION = 5.0;
				TARGETED_DEVICE_FAMILY = "1,2";
				VALIDATE_PRODUCT = YES;
			};
			name = Release;
		};
		7BCC4D0A2A0D41BC004A8297 /* Debug */ = {
			isa = XCBuildConfiguration;
			buildSettings = {
				ALWAYS_SEARCH_USER_PATHS = NO;
				CLANG_ANALYZER_LOCALIZABILITY_NONLOCALIZED = YES;
				CLANG_ANALYZER_NONNULL = YES;
				CLANG_ANALYZER_NUMBER_OBJECT_CONVERSION = YES_AGGRESSIVE;
				CLANG_CXX_LANGUAGE_STANDARD = "gnu++20";
				CLANG_ENABLE_MODULES = YES;
				CLANG_ENABLE_OBJC_ARC = YES;
				CLANG_ENABLE_OBJC_WEAK = YES;
				CLANG_WARN_BLOCK_CAPTURE_AUTORELEASING = YES;
				CLANG_WARN_BOOL_CONVERSION = YES;
				CLANG_WARN_COMMA = YES;
				CLANG_WARN_CONSTANT_CONVERSION = YES;
				CLANG_WARN_DEPRECATED_OBJC_IMPLEMENTATIONS = YES;
				CLANG_WARN_DIRECT_OBJC_ISA_USAGE = YES_ERROR;
				CLANG_WARN_DOCUMENTATION_COMMENTS = YES;
				CLANG_WARN_EMPTY_BODY = YES;
				CLANG_WARN_ENUM_CONVERSION = YES;
				CLANG_WARN_INFINITE_RECURSION = YES;
				CLANG_WARN_INT_CONVERSION = YES;
				CLANG_WARN_NON_LITERAL_NULL_CONVERSION = YES;
				CLANG_WARN_OBJC_IMPLICIT_RETAIN_SELF = YES;
				CLANG_WARN_OBJC_LITERAL_CONVERSION = YES;
				CLANG_WARN_OBJC_ROOT_CLASS = YES_ERROR;
				CLANG_WARN_QUOTED_INCLUDE_IN_FRAMEWORK_HEADER = YES;
				CLANG_WARN_RANGE_LOOP_ANALYSIS = YES;
				CLANG_WARN_STRICT_PROTOTYPES = YES;
				CLANG_WARN_SUSPICIOUS_MOVE = YES;
				CLANG_WARN_UNGUARDED_AVAILABILITY = YES_AGGRESSIVE;
				CLANG_WARN_UNREACHABLE_CODE = YES;
				CLANG_WARN__DUPLICATE_METHOD_MATCH = YES;
				COPY_PHASE_STRIP = NO;
				CURRENT_PROJECT_VERSION = 1;
				DEBUG_INFORMATION_FORMAT = dwarf;
				ENABLE_STRICT_OBJC_MSGSEND = YES;
				ENABLE_TESTABILITY = YES;
				GCC_C_LANGUAGE_STANDARD = gnu11;
				GCC_DYNAMIC_NO_PIC = NO;
				GCC_NO_COMMON_BLOCKS = YES;
				GCC_OPTIMIZATION_LEVEL = 0;
				GCC_PREPROCESSOR_DEFINITIONS = (
					"DEBUG=1",
					"$(inherited)",
				);
				GCC_WARN_64_TO_32_BIT_CONVERSION = YES;
				GCC_WARN_ABOUT_RETURN_TYPE = YES_ERROR;
				GCC_WARN_UNDECLARED_SELECTOR = YES;
				GCC_WARN_UNINITIALIZED_AUTOS = YES_AGGRESSIVE;
				GCC_WARN_UNUSED_FUNCTION = YES;
				GCC_WARN_UNUSED_VARIABLE = YES;
				MACOSX_DEPLOYMENT_TARGET = 13.0;
				MTL_ENABLE_DEBUG_INFO = INCLUDE_SOURCE;
				MTL_FAST_MATH = YES;
				ONLY_ACTIVE_ARCH = YES;
				SDKROOT = macosx;
				SWIFT_ACTIVE_COMPILATION_CONDITIONS = DEBUG;
				SWIFT_OPTIMIZATION_LEVEL = "-Onone";
				VERSIONING_SYSTEM = "apple-generic";
				VERSION_INFO_PREFIX = "";
			};
			name = Debug;
		};
		7BCC4D0B2A0D41BC004A8297 /* Release */ = {
			isa = XCBuildConfiguration;
			buildSettings = {
				ALWAYS_SEARCH_USER_PATHS = NO;
				CLANG_ANALYZER_LOCALIZABILITY_NONLOCALIZED = YES;
				CLANG_ANALYZER_NONNULL = YES;
				CLANG_ANALYZER_NUMBER_OBJECT_CONVERSION = YES_AGGRESSIVE;
				CLANG_CXX_LANGUAGE_STANDARD = "gnu++20";
				CLANG_ENABLE_MODULES = YES;
				CLANG_ENABLE_OBJC_ARC = YES;
				CLANG_ENABLE_OBJC_WEAK = YES;
				CLANG_WARN_BLOCK_CAPTURE_AUTORELEASING = YES;
				CLANG_WARN_BOOL_CONVERSION = YES;
				CLANG_WARN_COMMA = YES;
				CLANG_WARN_CONSTANT_CONVERSION = YES;
				CLANG_WARN_DEPRECATED_OBJC_IMPLEMENTATIONS = YES;
				CLANG_WARN_DIRECT_OBJC_ISA_USAGE = YES_ERROR;
				CLANG_WARN_DOCUMENTATION_COMMENTS = YES;
				CLANG_WARN_EMPTY_BODY = YES;
				CLANG_WARN_ENUM_CONVERSION = YES;
				CLANG_WARN_INFINITE_RECURSION = YES;
				CLANG_WARN_INT_CONVERSION = YES;
				CLANG_WARN_NON_LITERAL_NULL_CONVERSION = YES;
				CLANG_WARN_OBJC_IMPLICIT_RETAIN_SELF = YES;
				CLANG_WARN_OBJC_LITERAL_CONVERSION = YES;
				CLANG_WARN_OBJC_ROOT_CLASS = YES_ERROR;
				CLANG_WARN_QUOTED_INCLUDE_IN_FRAMEWORK_HEADER = YES;
				CLANG_WARN_RANGE_LOOP_ANALYSIS = YES;
				CLANG_WARN_STRICT_PROTOTYPES = YES;
				CLANG_WARN_SUSPICIOUS_MOVE = YES;
				CLANG_WARN_UNGUARDED_AVAILABILITY = YES_AGGRESSIVE;
				CLANG_WARN_UNREACHABLE_CODE = YES;
				CLANG_WARN__DUPLICATE_METHOD_MATCH = YES;
				COPY_PHASE_STRIP = NO;
				CURRENT_PROJECT_VERSION = 1;
				DEBUG_INFORMATION_FORMAT = "dwarf-with-dsym";
				ENABLE_NS_ASSERTIONS = NO;
				ENABLE_STRICT_OBJC_MSGSEND = YES;
				GCC_C_LANGUAGE_STANDARD = gnu11;
				GCC_NO_COMMON_BLOCKS = YES;
				GCC_WARN_64_TO_32_BIT_CONVERSION = YES;
				GCC_WARN_ABOUT_RETURN_TYPE = YES_ERROR;
				GCC_WARN_UNDECLARED_SELECTOR = YES;
				GCC_WARN_UNINITIALIZED_AUTOS = YES_AGGRESSIVE;
				GCC_WARN_UNUSED_FUNCTION = YES;
				GCC_WARN_UNUSED_VARIABLE = YES;
				MACOSX_DEPLOYMENT_TARGET = 13.0;
				MTL_ENABLE_DEBUG_INFO = NO;
				MTL_FAST_MATH = YES;
				SDKROOT = macosx;
				SWIFT_COMPILATION_MODE = wholemodule;
				SWIFT_OPTIMIZATION_LEVEL = "-O";
				VERSIONING_SYSTEM = "apple-generic";
				VERSION_INFO_PREFIX = "";
			};
			name = Release;
		};
		7BCC4D0D2A0D41BC004A8297 /* Debug */ = {
			isa = XCBuildConfiguration;
			buildSettings = {
				CLANG_ENABLE_MODULES = YES;
				"CODE_SIGN_IDENTITY[sdk=macosx*]" = "-";
				CODE_SIGN_STYLE = Automatic;
				COMBINE_HIDPI_IMAGES = YES;
				CURRENT_PROJECT_VERSION = 1;
				DEFINES_MODULE = YES;
				DEVELOPMENT_TEAM = UYXPW2Z6TM;
				DYLIB_COMPATIBILITY_VERSION = 1;
				DYLIB_CURRENT_VERSION = 1;
				DYLIB_INSTALL_NAME_BASE = "@rpath";
				GENERATE_INFOPLIST_FILE = YES;
				INFOPLIST_KEY_NSHumanReadableCopyright = "";
				INSTALL_PATH = "$(LOCAL_LIBRARY_DIR)/Frameworks";
				IPHONEOS_DEPLOYMENT_TARGET = 16.0;
				LD_RUNPATH_SEARCH_PATHS = (
					"$(inherited)",
					"@executable_path/../Frameworks",
					"@loader_path/Frameworks",
				);
				MARKETING_VERSION = 1.0;
				PRODUCT_BUNDLE_IDENTIFIER = com.federicoarvat.it.Transmission;
				PRODUCT_NAME = "$(TARGET_NAME:c99extidentifier)";
				SKIP_INSTALL = YES;
				SUPPORTED_PLATFORMS = "macosx iphonesimulator iphoneos";
				SWIFT_EMIT_LOC_STRINGS = YES;
				SWIFT_OPTIMIZATION_LEVEL = "-Onone";
				SWIFT_VERSION = 5.0;
			};
			name = Debug;
		};
		7BCC4D0E2A0D41BC004A8297 /* Release */ = {
			isa = XCBuildConfiguration;
			buildSettings = {
				CLANG_ENABLE_MODULES = YES;
				"CODE_SIGN_IDENTITY[sdk=macosx*]" = "-";
				CODE_SIGN_STYLE = Automatic;
				COMBINE_HIDPI_IMAGES = YES;
				CURRENT_PROJECT_VERSION = 1;
				DEFINES_MODULE = YES;
				DEVELOPMENT_TEAM = UYXPW2Z6TM;
				DYLIB_COMPATIBILITY_VERSION = 1;
				DYLIB_CURRENT_VERSION = 1;
				DYLIB_INSTALL_NAME_BASE = "@rpath";
				GENERATE_INFOPLIST_FILE = YES;
				INFOPLIST_KEY_NSHumanReadableCopyright = "";
				INSTALL_PATH = "$(LOCAL_LIBRARY_DIR)/Frameworks";
				IPHONEOS_DEPLOYMENT_TARGET = 16.0;
				LD_RUNPATH_SEARCH_PATHS = (
					"$(inherited)",
					"@executable_path/../Frameworks",
					"@loader_path/Frameworks",
				);
				MARKETING_VERSION = 1.0;
				PRODUCT_BUNDLE_IDENTIFIER = com.federicoarvat.it.Transmission;
				PRODUCT_NAME = "$(TARGET_NAME:c99extidentifier)";
				SKIP_INSTALL = YES;
				SUPPORTED_PLATFORMS = "macosx iphonesimulator iphoneos";
				SWIFT_EMIT_LOC_STRINGS = YES;
				SWIFT_VERSION = 5.0;
			};
			name = Release;
		};
		7BCC4D102A0D41BC004A8297 /* Debug */ = {
			isa = XCBuildConfiguration;
			buildSettings = {
				ALWAYS_EMBED_SWIFT_STANDARD_LIBRARIES = YES;
				CLANG_ENABLE_MODULES = YES;
				"CODE_SIGN_IDENTITY[sdk=macosx*]" = "-";
				CODE_SIGN_STYLE = Automatic;
				CURRENT_PROJECT_VERSION = 1;
				DEVELOPMENT_TEAM = UYXPW2Z6TM;
				GENERATE_INFOPLIST_FILE = YES;
				LD_RUNPATH_SEARCH_PATHS = (
					"$(inherited)",
					"@executable_path/../Frameworks",
					"@loader_path/../Frameworks",
				);
				MARKETING_VERSION = 1.0;
				PRODUCT_BUNDLE_IDENTIFIER = com.federicoarvat.it.TransmissionTests;
				PRODUCT_NAME = "$(TARGET_NAME)";
				SWIFT_EMIT_LOC_STRINGS = NO;
				SWIFT_OPTIMIZATION_LEVEL = "-Onone";
				SWIFT_VERSION = 5.0;
			};
			name = Debug;
		};
		7BCC4D112A0D41BC004A8297 /* Release */ = {
			isa = XCBuildConfiguration;
			buildSettings = {
				ALWAYS_EMBED_SWIFT_STANDARD_LIBRARIES = YES;
				CLANG_ENABLE_MODULES = YES;
				"CODE_SIGN_IDENTITY[sdk=macosx*]" = "-";
				CODE_SIGN_STYLE = Automatic;
				CURRENT_PROJECT_VERSION = 1;
				DEVELOPMENT_TEAM = UYXPW2Z6TM;
				GENERATE_INFOPLIST_FILE = YES;
				LD_RUNPATH_SEARCH_PATHS = (
					"$(inherited)",
					"@executable_path/../Frameworks",
					"@loader_path/../Frameworks",
				);
				MARKETING_VERSION = 1.0;
				PRODUCT_BUNDLE_IDENTIFIER = com.federicoarvat.it.TransmissionTests;
				PRODUCT_NAME = "$(TARGET_NAME)";
				SWIFT_EMIT_LOC_STRINGS = NO;
				SWIFT_VERSION = 5.0;
			};
			name = Release;
		};
		7BD9A2092A631C8E00B6380A /* Debug */ = {
			isa = XCBuildConfiguration;
			baseConfigurationReference = 7B4907B62A6524CB00C75819 /* EndToEndTestConfigurations.xcconfig */;
			buildSettings = {
				CODE_SIGN_STYLE = Automatic;
				CURRENT_PROJECT_VERSION = 1;
				DEVELOPMENT_TEAM = UYXPW2Z6TM;
				GENERATE_INFOPLIST_FILE = YES;
				INFOPLIST_FILE = TransmissionAPIEndToEndTests/Info.plist;
				INFOPLIST_KEY_LSApplicationCategoryType = "";
				IPHONEOS_DEPLOYMENT_TARGET = 16.2;
				MARKETING_VERSION = 1.0;
				PRODUCT_BUNDLE_IDENTIFIER = com.federicoarvat.it.TransmissionAPIEndToEndTests;
				PRODUCT_NAME = "$(TARGET_NAME)";
				SDKROOT = macosx;
				SUPPORTED_PLATFORMS = macosx;
				SUPPORTS_MACCATALYST = NO;
				SUPPORTS_MAC_DESIGNED_FOR_IPHONE_IPAD = NO;
				SWIFT_EMIT_LOC_STRINGS = NO;
				SWIFT_VERSION = 5.0;
			};
			name = Debug;
		};
		7BD9A20A2A631C8E00B6380A /* Release */ = {
			isa = XCBuildConfiguration;
			buildSettings = {
				CODE_SIGN_STYLE = Automatic;
				CURRENT_PROJECT_VERSION = 1;
				DEVELOPMENT_TEAM = UYXPW2Z6TM;
				GENERATE_INFOPLIST_FILE = YES;
				INFOPLIST_FILE = TransmissionAPIEndToEndTests/Info.plist;
				INFOPLIST_KEY_LSApplicationCategoryType = "";
				IPHONEOS_DEPLOYMENT_TARGET = 16.2;
				MARKETING_VERSION = 1.0;
				PRODUCT_BUNDLE_IDENTIFIER = com.federicoarvat.it.TransmissionAPIEndToEndTests;
				PRODUCT_NAME = "$(TARGET_NAME)";
				SDKROOT = macosx;
				SUPPORTED_PLATFORMS = macosx;
				SUPPORTS_MACCATALYST = NO;
				SUPPORTS_MAC_DESIGNED_FOR_IPHONE_IPAD = NO;
				SWIFT_EMIT_LOC_STRINGS = NO;
				SWIFT_VERSION = 5.0;
				VALIDATE_PRODUCT = YES;
			};
			name = Release;
		};
/* End XCBuildConfiguration section */

/* Begin XCConfigurationList section */
		7B8CB8372A66C868001A4D90 /* Build configuration list for PBXNativeTarget "TransmissioniOS" */ = {
			isa = XCConfigurationList;
			buildConfigurations = (
				7B8CB8382A66C868001A4D90 /* Debug */,
				7B8CB8392A66C868001A4D90 /* Release */,
			);
			defaultConfigurationIsVisible = 0;
			defaultConfigurationName = Release;
		};
		7B8CB83A2A66C868001A4D90 /* Build configuration list for PBXNativeTarget "TransmissioniOSTests" */ = {
			isa = XCConfigurationList;
			buildConfigurations = (
				7B8CB83B2A66C868001A4D90 /* Debug */,
				7B8CB83C2A66C868001A4D90 /* Release */,
			);
			defaultConfigurationIsVisible = 0;
			defaultConfigurationName = Release;
		};
		7BCC4CF42A0D41BC004A8297 /* Build configuration list for PBXProject "Transmission" */ = {
			isa = XCConfigurationList;
			buildConfigurations = (
				7BCC4D0A2A0D41BC004A8297 /* Debug */,
				7BCC4D0B2A0D41BC004A8297 /* Release */,
			);
			defaultConfigurationIsVisible = 0;
			defaultConfigurationName = Release;
		};
		7BCC4D0C2A0D41BC004A8297 /* Build configuration list for PBXNativeTarget "Transmission" */ = {
			isa = XCConfigurationList;
			buildConfigurations = (
				7BCC4D0D2A0D41BC004A8297 /* Debug */,
				7BCC4D0E2A0D41BC004A8297 /* Release */,
			);
			defaultConfigurationIsVisible = 0;
			defaultConfigurationName = Release;
		};
		7BCC4D0F2A0D41BC004A8297 /* Build configuration list for PBXNativeTarget "TransmissionTests" */ = {
			isa = XCConfigurationList;
			buildConfigurations = (
				7BCC4D102A0D41BC004A8297 /* Debug */,
				7BCC4D112A0D41BC004A8297 /* Release */,
			);
			defaultConfigurationIsVisible = 0;
			defaultConfigurationName = Release;
		};
		7BD9A2082A631C8E00B6380A /* Build configuration list for PBXNativeTarget "TransmissionAPIEndToEndTests" */ = {
			isa = XCConfigurationList;
			buildConfigurations = (
				7BD9A2092A631C8E00B6380A /* Debug */,
				7BD9A20A2A631C8E00B6380A /* Release */,
			);
			defaultConfigurationIsVisible = 0;
			defaultConfigurationName = Release;
		};
/* End XCConfigurationList section */
	};
	rootObject = 7BCC4CF12A0D41BC004A8297 /* Project object */;
}
