// !$*UTF8*$!
{
	archiveVersion = 1;
	classes = {
	};
	objectVersion = 56;
	objects = {

/* Begin PBXBuildFile section */
		7B6CD5CB2A71050F00E81983 /* Logger+.swift in Sources */ = {isa = PBXBuildFile; fileRef = 7B6CD5CA2A71050F00E81983 /* Logger+.swift */; };
		7B6CD5CD2A71221B00E81983 /* Combine+MainQueueDispatcher.swift in Sources */ = {isa = PBXBuildFile; fileRef = 7B6CD5CC2A71221B00E81983 /* Combine+MainQueueDispatcher.swift */; };
		7BBF3C4B2A729554001206A8 /* SettingsPagePresentationAdapter.swift in Sources */ = {isa = PBXBuildFile; fileRef = 7BBF3C4A2A729554001206A8 /* SettingsPagePresentationAdapter.swift */; };
		7BBF3C4D2A72A648001206A8 /* ServerHandler.swift in Sources */ = {isa = PBXBuildFile; fileRef = 7BBF3C4C2A72A648001206A8 /* ServerHandler.swift */; };
		7BBF3C5C2A742B6E001206A8 /* SettingsViewModel+Factory.swift in Sources */ = {isa = PBXBuildFile; fileRef = 7BBF3C5B2A742B6E001206A8 /* SettingsViewModel+Factory.swift */; };
		7BBF3C5E2A742CF7001206A8 /* UpdateIntervalHandler.swift in Sources */ = {isa = PBXBuildFile; fileRef = 7BBF3C5D2A742CF7001206A8 /* UpdateIntervalHandler.swift */; };
		7BBF3C602A742D37001206A8 /* UserDefaultsHandler.swift in Sources */ = {isa = PBXBuildFile; fileRef = 7BBF3C5F2A742D37001206A8 /* UserDefaultsHandler.swift */; };
		7BBF3C642A742FBC001206A8 /* UserDefaultsHandlerTests.swift in Sources */ = {isa = PBXBuildFile; fileRef = 7BBF3C612A742E3C001206A8 /* UserDefaultsHandlerTests.swift */; };
		7BC0D8142A6C158100B36367 /* TransmissionApp.swift in Sources */ = {isa = PBXBuildFile; fileRef = 7BC0D8132A6C158100B36367 /* TransmissionApp.swift */; };
		7BC0D8182A6C158300B36367 /* Assets.xcassets in Resources */ = {isa = PBXBuildFile; fileRef = 7BC0D8172A6C158300B36367 /* Assets.xcassets */; };
		7BC0D81B2A6C158300B36367 /* Preview Assets.xcassets in Resources */ = {isa = PBXBuildFile; fileRef = 7BC0D81A2A6C158300B36367 /* Preview Assets.xcassets */; };
		7BC0D8432A6E3C4100B36367 /* Combine+Publishers.swift in Sources */ = {isa = PBXBuildFile; fileRef = 7BC0D8422A6E3C4100B36367 /* Combine+Publishers.swift */; };
		7BC0D8452A6E3FE200B36367 /* TransmissionComposer.swift in Sources */ = {isa = PBXBuildFile; fileRef = 7BC0D8442A6E3FE200B36367 /* TransmissionComposer.swift */; };
		7BC0D84A2A6E63D500B36367 /* TorrentsPagePresentationAdapter.swift in Sources */ = {isa = PBXBuildFile; fileRef = 7BC0D8492A6E63D500B36367 /* TorrentsPagePresentationAdapter.swift */; };
		7BC0D84C2A6EA20100B36367 /* TorrentsViewModel+Factory.swift in Sources */ = {isa = PBXBuildFile; fileRef = 7BC0D84B2A6EA20100B36367 /* TorrentsViewModel+Factory.swift */; };
		7BC0D84E2A6EA90000B36367 /* TransmissionHTTPClient.swift in Sources */ = {isa = PBXBuildFile; fileRef = 7BC0D84D2A6EA90000B36367 /* TransmissionHTTPClient.swift */; };
		7BC0D8512A6EAB3A00B36367 /* Transmission.framework in Frameworks */ = {isa = PBXBuildFile; fileRef = 7BC0D8502A6EAB3A00B36367 /* Transmission.framework */; };
		7BC0D8522A6EAB3A00B36367 /* Transmission.framework in Embed Frameworks */ = {isa = PBXBuildFile; fileRef = 7BC0D8502A6EAB3A00B36367 /* Transmission.framework */; settings = {ATTRIBUTES = (CodeSignOnCopy, RemoveHeadersOnCopy, ); }; };
		7BC0D8552A6EAB3D00B36367 /* TransmissioniOS.framework in Frameworks */ = {isa = PBXBuildFile; fileRef = 7BC0D8542A6EAB3D00B36367 /* TransmissioniOS.framework */; };
		7BC0D8562A6EAB3D00B36367 /* TransmissioniOS.framework in Embed Frameworks */ = {isa = PBXBuildFile; fileRef = 7BC0D8542A6EAB3D00B36367 /* TransmissioniOS.framework */; settings = {ATTRIBUTES = (CodeSignOnCopy, RemoveHeadersOnCopy, ); }; };
/* End PBXBuildFile section */

/* Begin PBXContainerItemProxy section */
		7BC0D8212A6C158300B36367 /* PBXContainerItemProxy */ = {
			isa = PBXContainerItemProxy;
			containerPortal = 7BC0D8082A6C158100B36367 /* Project object */;
			proxyType = 1;
			remoteGlobalIDString = 7BC0D80F2A6C158100B36367;
			remoteInfo = TransmissionApp;
		};
/* End PBXContainerItemProxy section */

/* Begin PBXCopyFilesBuildPhase section */
		7BC0D8532A6EAB3A00B36367 /* Embed Frameworks */ = {
			isa = PBXCopyFilesBuildPhase;
			buildActionMask = 2147483647;
			dstPath = "";
			dstSubfolderSpec = 10;
			files = (
				7BC0D8562A6EAB3D00B36367 /* TransmissioniOS.framework in Embed Frameworks */,
				7BC0D8522A6EAB3A00B36367 /* Transmission.framework in Embed Frameworks */,
			);
			name = "Embed Frameworks";
			runOnlyForDeploymentPostprocessing = 0;
		};
/* End PBXCopyFilesBuildPhase section */

/* Begin PBXFileReference section */
		7B6CD5CA2A71050F00E81983 /* Logger+.swift */ = {isa = PBXFileReference; lastKnownFileType = sourcecode.swift; path = "Logger+.swift"; sourceTree = "<group>"; };
		7B6CD5CC2A71221B00E81983 /* Combine+MainQueueDispatcher.swift */ = {isa = PBXFileReference; lastKnownFileType = sourcecode.swift; path = "Combine+MainQueueDispatcher.swift"; sourceTree = "<group>"; };
		7BBF3C4A2A729554001206A8 /* SettingsPagePresentationAdapter.swift */ = {isa = PBXFileReference; lastKnownFileType = sourcecode.swift; path = SettingsPagePresentationAdapter.swift; sourceTree = "<group>"; };
		7BBF3C4C2A72A648001206A8 /* ServerHandler.swift */ = {isa = PBXFileReference; lastKnownFileType = sourcecode.swift; path = ServerHandler.swift; sourceTree = "<group>"; };
		7BBF3C5B2A742B6E001206A8 /* SettingsViewModel+Factory.swift */ = {isa = PBXFileReference; lastKnownFileType = sourcecode.swift; path = "SettingsViewModel+Factory.swift"; sourceTree = "<group>"; };
		7BBF3C5D2A742CF7001206A8 /* UpdateIntervalHandler.swift */ = {isa = PBXFileReference; lastKnownFileType = sourcecode.swift; path = UpdateIntervalHandler.swift; sourceTree = "<group>"; };
		7BBF3C5F2A742D37001206A8 /* UserDefaultsHandler.swift */ = {isa = PBXFileReference; lastKnownFileType = sourcecode.swift; path = UserDefaultsHandler.swift; sourceTree = "<group>"; };
		7BBF3C612A742E3C001206A8 /* UserDefaultsHandlerTests.swift */ = {isa = PBXFileReference; lastKnownFileType = sourcecode.swift; path = UserDefaultsHandlerTests.swift; sourceTree = "<group>"; };
		7BC0D8102A6C158100B36367 /* TransmissionApp.app */ = {isa = PBXFileReference; explicitFileType = wrapper.application; includeInIndex = 0; path = TransmissionApp.app; sourceTree = BUILT_PRODUCTS_DIR; };
		7BC0D8132A6C158100B36367 /* TransmissionApp.swift */ = {isa = PBXFileReference; lastKnownFileType = sourcecode.swift; path = TransmissionApp.swift; sourceTree = "<group>"; };
		7BC0D8172A6C158300B36367 /* Assets.xcassets */ = {isa = PBXFileReference; lastKnownFileType = folder.assetcatalog; path = Assets.xcassets; sourceTree = "<group>"; };
		7BC0D81A2A6C158300B36367 /* Preview Assets.xcassets */ = {isa = PBXFileReference; lastKnownFileType = folder.assetcatalog; path = "Preview Assets.xcassets"; sourceTree = "<group>"; };
		7BC0D8202A6C158300B36367 /* TransmissionAppTests.xctest */ = {isa = PBXFileReference; explicitFileType = wrapper.cfbundle; includeInIndex = 0; path = TransmissionAppTests.xctest; sourceTree = BUILT_PRODUCTS_DIR; };
		7BC0D8422A6E3C4100B36367 /* Combine+Publishers.swift */ = {isa = PBXFileReference; lastKnownFileType = sourcecode.swift; path = "Combine+Publishers.swift"; sourceTree = "<group>"; };
		7BC0D8442A6E3FE200B36367 /* TransmissionComposer.swift */ = {isa = PBXFileReference; lastKnownFileType = sourcecode.swift; path = TransmissionComposer.swift; sourceTree = "<group>"; };
		7BC0D8492A6E63D500B36367 /* TorrentsPagePresentationAdapter.swift */ = {isa = PBXFileReference; lastKnownFileType = sourcecode.swift; path = TorrentsPagePresentationAdapter.swift; sourceTree = "<group>"; };
		7BC0D84B2A6EA20100B36367 /* TorrentsViewModel+Factory.swift */ = {isa = PBXFileReference; lastKnownFileType = sourcecode.swift; path = "TorrentsViewModel+Factory.swift"; sourceTree = "<group>"; };
		7BC0D84D2A6EA90000B36367 /* TransmissionHTTPClient.swift */ = {isa = PBXFileReference; lastKnownFileType = sourcecode.swift; path = TransmissionHTTPClient.swift; sourceTree = "<group>"; };
		7BC0D8502A6EAB3A00B36367 /* Transmission.framework */ = {isa = PBXFileReference; explicitFileType = wrapper.framework; path = Transmission.framework; sourceTree = BUILT_PRODUCTS_DIR; };
		7BC0D8542A6EAB3D00B36367 /* TransmissioniOS.framework */ = {isa = PBXFileReference; explicitFileType = wrapper.framework; path = TransmissioniOS.framework; sourceTree = BUILT_PRODUCTS_DIR; };
/* End PBXFileReference section */

/* Begin PBXFrameworksBuildPhase section */
		7BC0D80D2A6C158100B36367 /* Frameworks */ = {
			isa = PBXFrameworksBuildPhase;
			buildActionMask = 2147483647;
			files = (
				7BC0D8552A6EAB3D00B36367 /* TransmissioniOS.framework in Frameworks */,
				7BC0D8512A6EAB3A00B36367 /* Transmission.framework in Frameworks */,
			);
			runOnlyForDeploymentPostprocessing = 0;
		};
		7BC0D81D2A6C158300B36367 /* Frameworks */ = {
			isa = PBXFrameworksBuildPhase;
			buildActionMask = 2147483647;
			files = (
			);
			runOnlyForDeploymentPostprocessing = 0;
		};
/* End PBXFrameworksBuildPhase section */

/* Begin PBXGroup section */
		7B6CD5C92A7104F500E81983 /* Logger */ = {
			isa = PBXGroup;
			children = (
				7B6CD5CA2A71050F00E81983 /* Logger+.swift */,
			);
			path = Logger;
			sourceTree = "<group>";
		};
		7BC0D8072A6C158100B36367 = {
			isa = PBXGroup;
			children = (
				7BC0D8122A6C158100B36367 /* TransmissionApp */,
				7BC0D8232A6C158300B36367 /* TransmissionAppTests */,
				7BC0D8112A6C158100B36367 /* Products */,
				7BC0D84F2A6EAB3A00B36367 /* Frameworks */,
			);
			sourceTree = "<group>";
		};
		7BC0D8112A6C158100B36367 /* Products */ = {
			isa = PBXGroup;
			children = (
				7BC0D8102A6C158100B36367 /* TransmissionApp.app */,
				7BC0D8202A6C158300B36367 /* TransmissionAppTests.xctest */,
			);
			name = Products;
			sourceTree = "<group>";
		};
		7BC0D8122A6C158100B36367 /* TransmissionApp */ = {
			isa = PBXGroup;
			children = (
				7B6CD5C92A7104F500E81983 /* Logger */,
				7BC0D8462A6E614D00B36367 /* Adapters */,
				7BC0D8412A6E3C3700B36367 /* Helpers */,
				7BC0D8132A6C158100B36367 /* TransmissionApp.swift */,
				7BC0D8442A6E3FE200B36367 /* TransmissionComposer.swift */,
				7BC0D84D2A6EA90000B36367 /* TransmissionHTTPClient.swift */,
				7BBF3C4C2A72A648001206A8 /* ServerHandler.swift */,
				7BBF3C5D2A742CF7001206A8 /* UpdateIntervalHandler.swift */,
				7BBF3C5F2A742D37001206A8 /* UserDefaultsHandler.swift */,
				7BC0D8172A6C158300B36367 /* Assets.xcassets */,
				7BC0D8192A6C158300B36367 /* Preview Content */,
			);
			path = TransmissionApp;
			sourceTree = "<group>";
		};
		7BC0D8192A6C158300B36367 /* Preview Content */ = {
			isa = PBXGroup;
			children = (
				7BC0D81A2A6C158300B36367 /* Preview Assets.xcassets */,
			);
			path = "Preview Content";
			sourceTree = "<group>";
		};
		7BC0D8232A6C158300B36367 /* TransmissionAppTests */ = {
			isa = PBXGroup;
			children = (
				7BBF3C612A742E3C001206A8 /* UserDefaultsHandlerTests.swift */,
			);
			path = TransmissionAppTests;
			sourceTree = "<group>";
		};
		7BC0D8412A6E3C3700B36367 /* Helpers */ = {
			isa = PBXGroup;
			children = (
				7BC0D8422A6E3C4100B36367 /* Combine+Publishers.swift */,
				7B6CD5CC2A71221B00E81983 /* Combine+MainQueueDispatcher.swift */,
				7BC0D84B2A6EA20100B36367 /* TorrentsViewModel+Factory.swift */,
				7BBF3C5B2A742B6E001206A8 /* SettingsViewModel+Factory.swift */,
			);
			path = Helpers;
			sourceTree = "<group>";
		};
		7BC0D8462A6E614D00B36367 /* Adapters */ = {
			isa = PBXGroup;
			children = (
				7BC0D8492A6E63D500B36367 /* TorrentsPagePresentationAdapter.swift */,
				7BBF3C4A2A729554001206A8 /* SettingsPagePresentationAdapter.swift */,
			);
			path = Adapters;
			sourceTree = "<group>";
		};
		7BC0D84F2A6EAB3A00B36367 /* Frameworks */ = {
			isa = PBXGroup;
			children = (
				7BC0D8542A6EAB3D00B36367 /* TransmissioniOS.framework */,
				7BC0D8502A6EAB3A00B36367 /* Transmission.framework */,
			);
			name = Frameworks;
			sourceTree = "<group>";
		};
/* End PBXGroup section */

/* Begin PBXNativeTarget section */
		7BC0D80F2A6C158100B36367 /* TransmissionApp */ = {
			isa = PBXNativeTarget;
			buildConfigurationList = 7BC0D8342A6C158300B36367 /* Build configuration list for PBXNativeTarget "TransmissionApp" */;
			buildPhases = (
				7BC0D80C2A6C158100B36367 /* Sources */,
				7BC0D80D2A6C158100B36367 /* Frameworks */,
				7BC0D80E2A6C158100B36367 /* Resources */,
				7BC0D8532A6EAB3A00B36367 /* Embed Frameworks */,
			);
			buildRules = (
			);
			dependencies = (
			);
			name = TransmissionApp;
			productName = TransmissionApp;
			productReference = 7BC0D8102A6C158100B36367 /* TransmissionApp.app */;
			productType = "com.apple.product-type.application";
		};
		7BC0D81F2A6C158300B36367 /* TransmissionAppTests */ = {
			isa = PBXNativeTarget;
			buildConfigurationList = 7BC0D8372A6C158300B36367 /* Build configuration list for PBXNativeTarget "TransmissionAppTests" */;
			buildPhases = (
				7BC0D81C2A6C158300B36367 /* Sources */,
				7BC0D81D2A6C158300B36367 /* Frameworks */,
				7BC0D81E2A6C158300B36367 /* Resources */,
			);
			buildRules = (
			);
			dependencies = (
				7BC0D8222A6C158300B36367 /* PBXTargetDependency */,
			);
			name = TransmissionAppTests;
			productName = TransmissionAppTests;
			productReference = 7BC0D8202A6C158300B36367 /* TransmissionAppTests.xctest */;
			productType = "com.apple.product-type.bundle.unit-test";
		};
/* End PBXNativeTarget section */

/* Begin PBXProject section */
		7BC0D8082A6C158100B36367 /* Project object */ = {
			isa = PBXProject;
			attributes = {
				BuildIndependentTargetsInParallel = 1;
				LastSwiftUpdateCheck = 1420;
				LastUpgradeCheck = 1420;
				TargetAttributes = {
					7BC0D80F2A6C158100B36367 = {
						CreatedOnToolsVersion = 14.2;
					};
					7BC0D81F2A6C158300B36367 = {
						CreatedOnToolsVersion = 14.2;
						LastSwiftMigration = 1420;
						TestTargetID = 7BC0D80F2A6C158100B36367;
					};
				};
			};
			buildConfigurationList = 7BC0D80B2A6C158100B36367 /* Build configuration list for PBXProject "TransmissionApp" */;
			compatibilityVersion = "Xcode 14.0";
			developmentRegion = en;
			hasScannedForEncodings = 0;
			knownRegions = (
				en,
				Base,
			);
			mainGroup = 7BC0D8072A6C158100B36367;
			productRefGroup = 7BC0D8112A6C158100B36367 /* Products */;
			projectDirPath = "";
			projectRoot = "";
			targets = (
				7BC0D80F2A6C158100B36367 /* TransmissionApp */,
				7BC0D81F2A6C158300B36367 /* TransmissionAppTests */,
			);
		};
/* End PBXProject section */

/* Begin PBXResourcesBuildPhase section */
		7BC0D80E2A6C158100B36367 /* Resources */ = {
			isa = PBXResourcesBuildPhase;
			buildActionMask = 2147483647;
			files = (
				7BC0D81B2A6C158300B36367 /* Preview Assets.xcassets in Resources */,
				7BC0D8182A6C158300B36367 /* Assets.xcassets in Resources */,
			);
			runOnlyForDeploymentPostprocessing = 0;
		};
		7BC0D81E2A6C158300B36367 /* Resources */ = {
			isa = PBXResourcesBuildPhase;
			buildActionMask = 2147483647;
			files = (
			);
			runOnlyForDeploymentPostprocessing = 0;
		};
/* End PBXResourcesBuildPhase section */

/* Begin PBXSourcesBuildPhase section */
		7BC0D80C2A6C158100B36367 /* Sources */ = {
			isa = PBXSourcesBuildPhase;
			buildActionMask = 2147483647;
			files = (
				7BBF3C5C2A742B6E001206A8 /* SettingsViewModel+Factory.swift in Sources */,
				7BC0D84E2A6EA90000B36367 /* TransmissionHTTPClient.swift in Sources */,
				7BBF3C4B2A729554001206A8 /* SettingsPagePresentationAdapter.swift in Sources */,
				7BC0D84C2A6EA20100B36367 /* TorrentsViewModel+Factory.swift in Sources */,
				7B6CD5CD2A71221B00E81983 /* Combine+MainQueueDispatcher.swift in Sources */,
				7B6CD5CB2A71050F00E81983 /* Logger+.swift in Sources */,
				7BC0D8142A6C158100B36367 /* TransmissionApp.swift in Sources */,
				7BC0D8452A6E3FE200B36367 /* TransmissionComposer.swift in Sources */,
				7BBF3C5E2A742CF7001206A8 /* UpdateIntervalHandler.swift in Sources */,
				7BBF3C4D2A72A648001206A8 /* ServerHandler.swift in Sources */,
				7BC0D8432A6E3C4100B36367 /* Combine+Publishers.swift in Sources */,
				7BC0D84A2A6E63D500B36367 /* TorrentsPagePresentationAdapter.swift in Sources */,
				7BBF3C602A742D37001206A8 /* UserDefaultsHandler.swift in Sources */,
			);
			runOnlyForDeploymentPostprocessing = 0;
		};
		7BC0D81C2A6C158300B36367 /* Sources */ = {
			isa = PBXSourcesBuildPhase;
			buildActionMask = 2147483647;
			files = (
				7BBF3C642A742FBC001206A8 /* UserDefaultsHandlerTests.swift in Sources */,
			);
			runOnlyForDeploymentPostprocessing = 0;
		};
/* End PBXSourcesBuildPhase section */

/* Begin PBXTargetDependency section */
		7BC0D8222A6C158300B36367 /* PBXTargetDependency */ = {
			isa = PBXTargetDependency;
			target = 7BC0D80F2A6C158100B36367 /* TransmissionApp */;
			targetProxy = 7BC0D8212A6C158300B36367 /* PBXContainerItemProxy */;
		};
/* End PBXTargetDependency section */

/* Begin XCBuildConfiguration section */
		7BC0D8322A6C158300B36367 /* Debug */ = {
			isa = XCBuildConfiguration;
			buildSettings = {
				ALWAYS_SEARCH_USER_PATHS = NO;
				CLANG_ANALYZER_NONNULL = YES;
				CLANG_ANALYZER_NUMBER_OBJECT_CONVERSION = YES_AGGRESSIVE;
				CLANG_CXX_LANGUAGE_STANDARD = "gnu++20";
				CLANG_ENABLE_MODULES = YES;
				CLANG_ENABLE_OBJC_ARC = YES;
				CLANG_ENABLE_OBJC_WEAK = YES;
				CLANG_WARN_BLOCK_CAPTURE_AUTORELEASING = YES;
				CLANG_WARN_BOOL_CONVERSION = YES;
				CLANG_WARN_COMMA = YES;
				CLANG_WARN_CONSTANT_CONVERSION = YES;
				CLANG_WARN_DEPRECATED_OBJC_IMPLEMENTATIONS = YES;
				CLANG_WARN_DIRECT_OBJC_ISA_USAGE = YES_ERROR;
				CLANG_WARN_DOCUMENTATION_COMMENTS = YES;
				CLANG_WARN_EMPTY_BODY = YES;
				CLANG_WARN_ENUM_CONVERSION = YES;
				CLANG_WARN_INFINITE_RECURSION = YES;
				CLANG_WARN_INT_CONVERSION = YES;
				CLANG_WARN_NON_LITERAL_NULL_CONVERSION = YES;
				CLANG_WARN_OBJC_IMPLICIT_RETAIN_SELF = YES;
				CLANG_WARN_OBJC_LITERAL_CONVERSION = YES;
				CLANG_WARN_OBJC_ROOT_CLASS = YES_ERROR;
				CLANG_WARN_QUOTED_INCLUDE_IN_FRAMEWORK_HEADER = YES;
				CLANG_WARN_RANGE_LOOP_ANALYSIS = YES;
				CLANG_WARN_STRICT_PROTOTYPES = YES;
				CLANG_WARN_SUSPICIOUS_MOVE = YES;
				CLANG_WARN_UNGUARDED_AVAILABILITY = YES_AGGRESSIVE;
				CLANG_WARN_UNREACHABLE_CODE = YES;
				CLANG_WARN__DUPLICATE_METHOD_MATCH = YES;
				COPY_PHASE_STRIP = NO;
				DEBUG_INFORMATION_FORMAT = dwarf;
				ENABLE_STRICT_OBJC_MSGSEND = YES;
				ENABLE_TESTABILITY = YES;
				GCC_C_LANGUAGE_STANDARD = gnu11;
				GCC_DYNAMIC_NO_PIC = NO;
				GCC_NO_COMMON_BLOCKS = YES;
				GCC_OPTIMIZATION_LEVEL = 0;
				GCC_PREPROCESSOR_DEFINITIONS = (
					"DEBUG=1",
					"$(inherited)",
				);
				GCC_WARN_64_TO_32_BIT_CONVERSION = YES;
				GCC_WARN_ABOUT_RETURN_TYPE = YES_ERROR;
				GCC_WARN_UNDECLARED_SELECTOR = YES;
				GCC_WARN_UNINITIALIZED_AUTOS = YES_AGGRESSIVE;
				GCC_WARN_UNUSED_FUNCTION = YES;
				GCC_WARN_UNUSED_VARIABLE = YES;
				IPHONEOS_DEPLOYMENT_TARGET = 16.2;
				MTL_ENABLE_DEBUG_INFO = INCLUDE_SOURCE;
				MTL_FAST_MATH = YES;
				ONLY_ACTIVE_ARCH = YES;
				SDKROOT = iphoneos;
				SWIFT_ACTIVE_COMPILATION_CONDITIONS = DEBUG;
				SWIFT_OPTIMIZATION_LEVEL = "-Onone";
			};
			name = Debug;
		};
		7BC0D8332A6C158300B36367 /* Release */ = {
			isa = XCBuildConfiguration;
			buildSettings = {
				ALWAYS_SEARCH_USER_PATHS = NO;
				CLANG_ANALYZER_NONNULL = YES;
				CLANG_ANALYZER_NUMBER_OBJECT_CONVERSION = YES_AGGRESSIVE;
				CLANG_CXX_LANGUAGE_STANDARD = "gnu++20";
				CLANG_ENABLE_MODULES = YES;
				CLANG_ENABLE_OBJC_ARC = YES;
				CLANG_ENABLE_OBJC_WEAK = YES;
				CLANG_WARN_BLOCK_CAPTURE_AUTORELEASING = YES;
				CLANG_WARN_BOOL_CONVERSION = YES;
				CLANG_WARN_COMMA = YES;
				CLANG_WARN_CONSTANT_CONVERSION = YES;
				CLANG_WARN_DEPRECATED_OBJC_IMPLEMENTATIONS = YES;
				CLANG_WARN_DIRECT_OBJC_ISA_USAGE = YES_ERROR;
				CLANG_WARN_DOCUMENTATION_COMMENTS = YES;
				CLANG_WARN_EMPTY_BODY = YES;
				CLANG_WARN_ENUM_CONVERSION = YES;
				CLANG_WARN_INFINITE_RECURSION = YES;
				CLANG_WARN_INT_CONVERSION = YES;
				CLANG_WARN_NON_LITERAL_NULL_CONVERSION = YES;
				CLANG_WARN_OBJC_IMPLICIT_RETAIN_SELF = YES;
				CLANG_WARN_OBJC_LITERAL_CONVERSION = YES;
				CLANG_WARN_OBJC_ROOT_CLASS = YES_ERROR;
				CLANG_WARN_QUOTED_INCLUDE_IN_FRAMEWORK_HEADER = YES;
				CLANG_WARN_RANGE_LOOP_ANALYSIS = YES;
				CLANG_WARN_STRICT_PROTOTYPES = YES;
				CLANG_WARN_SUSPICIOUS_MOVE = YES;
				CLANG_WARN_UNGUARDED_AVAILABILITY = YES_AGGRESSIVE;
				CLANG_WARN_UNREACHABLE_CODE = YES;
				CLANG_WARN__DUPLICATE_METHOD_MATCH = YES;
				COPY_PHASE_STRIP = NO;
				DEBUG_INFORMATION_FORMAT = "dwarf-with-dsym";
				ENABLE_NS_ASSERTIONS = NO;
				ENABLE_STRICT_OBJC_MSGSEND = YES;
				GCC_C_LANGUAGE_STANDARD = gnu11;
				GCC_NO_COMMON_BLOCKS = YES;
				GCC_WARN_64_TO_32_BIT_CONVERSION = YES;
				GCC_WARN_ABOUT_RETURN_TYPE = YES_ERROR;
				GCC_WARN_UNDECLARED_SELECTOR = YES;
				GCC_WARN_UNINITIALIZED_AUTOS = YES_AGGRESSIVE;
				GCC_WARN_UNUSED_FUNCTION = YES;
				GCC_WARN_UNUSED_VARIABLE = YES;
				IPHONEOS_DEPLOYMENT_TARGET = 16.2;
				MTL_ENABLE_DEBUG_INFO = NO;
				MTL_FAST_MATH = YES;
				SDKROOT = iphoneos;
				SWIFT_COMPILATION_MODE = wholemodule;
				SWIFT_OPTIMIZATION_LEVEL = "-O";
				VALIDATE_PRODUCT = YES;
			};
			name = Release;
		};
		7BC0D8352A6C158300B36367 /* Debug */ = {
			isa = XCBuildConfiguration;
			buildSettings = {
				ASSETCATALOG_COMPILER_APPICON_NAME = AppIcon;
				ASSETCATALOG_COMPILER_GLOBAL_ACCENT_COLOR_NAME = AccentColor;
				CODE_SIGN_STYLE = Automatic;
				CURRENT_PROJECT_VERSION = 1;
				DEVELOPMENT_ASSET_PATHS = "\"TransmissionApp/Preview Content\"";
				DEVELOPMENT_TEAM = UYXPW2Z6TM;
				ENABLE_PREVIEWS = YES;
				GENERATE_INFOPLIST_FILE = YES;
				INFOPLIST_KEY_UIApplicationSceneManifest_Generation = YES;
				INFOPLIST_KEY_UIApplicationSupportsIndirectInputEvents = YES;
				INFOPLIST_KEY_UILaunchScreen_Generation = YES;
				INFOPLIST_KEY_UISupportedInterfaceOrientations_iPad = "UIInterfaceOrientationPortrait UIInterfaceOrientationPortraitUpsideDown UIInterfaceOrientationLandscapeLeft UIInterfaceOrientationLandscapeRight";
				INFOPLIST_KEY_UISupportedInterfaceOrientations_iPhone = "UIInterfaceOrientationPortrait UIInterfaceOrientationLandscapeLeft UIInterfaceOrientationLandscapeRight";
				LD_RUNPATH_SEARCH_PATHS = (
					"$(inherited)",
					"@executable_path/Frameworks",
				);
				MARKETING_VERSION = 1.0;
				PRODUCT_BUNDLE_IDENTIFIER = com.transmission.test.it.TransmissionApp;
				PRODUCT_NAME = "$(TARGET_NAME)";
				SWIFT_EMIT_LOC_STRINGS = YES;
				SWIFT_VERSION = 5.0;
				TARGETED_DEVICE_FAMILY = "1,2";
			};
			name = Debug;
		};
		7BC0D8362A6C158300B36367 /* Release */ = {
			isa = XCBuildConfiguration;
			buildSettings = {
				ASSETCATALOG_COMPILER_APPICON_NAME = AppIcon;
				ASSETCATALOG_COMPILER_GLOBAL_ACCENT_COLOR_NAME = AccentColor;
				CODE_SIGN_STYLE = Automatic;
				CURRENT_PROJECT_VERSION = 1;
				DEVELOPMENT_ASSET_PATHS = "\"TransmissionApp/Preview Content\"";
				DEVELOPMENT_TEAM = UYXPW2Z6TM;
				ENABLE_PREVIEWS = YES;
				GENERATE_INFOPLIST_FILE = YES;
				INFOPLIST_KEY_UIApplicationSceneManifest_Generation = YES;
				INFOPLIST_KEY_UIApplicationSupportsIndirectInputEvents = YES;
				INFOPLIST_KEY_UILaunchScreen_Generation = YES;
				INFOPLIST_KEY_UISupportedInterfaceOrientations_iPad = "UIInterfaceOrientationPortrait UIInterfaceOrientationPortraitUpsideDown UIInterfaceOrientationLandscapeLeft UIInterfaceOrientationLandscapeRight";
				INFOPLIST_KEY_UISupportedInterfaceOrientations_iPhone = "UIInterfaceOrientationPortrait UIInterfaceOrientationLandscapeLeft UIInterfaceOrientationLandscapeRight";
				LD_RUNPATH_SEARCH_PATHS = (
					"$(inherited)",
					"@executable_path/Frameworks",
				);
				MARKETING_VERSION = 1.0;
				PRODUCT_BUNDLE_IDENTIFIER = com.transmission.test.it.TransmissionApp;
				PRODUCT_NAME = "$(TARGET_NAME)";
				SWIFT_EMIT_LOC_STRINGS = YES;
				SWIFT_VERSION = 5.0;
				TARGETED_DEVICE_FAMILY = "1,2";
			};
			name = Release;
		};
		7BC0D8382A6C158300B36367 /* Debug */ = {
			isa = XCBuildConfiguration;
			buildSettings = {
				ALWAYS_EMBED_SWIFT_STANDARD_LIBRARIES = YES;
				BUNDLE_LOADER = "$(TEST_HOST)";
				CLANG_ENABLE_MODULES = YES;
				CODE_SIGN_STYLE = Automatic;
				CURRENT_PROJECT_VERSION = 1;
				DEVELOPMENT_TEAM = UYXPW2Z6TM;
				GENERATE_INFOPLIST_FILE = YES;
				IPHONEOS_DEPLOYMENT_TARGET = 16.2;
				LD_RUNPATH_SEARCH_PATHS = (
					"$(inherited)",
					"@executable_path/Frameworks",
					"@loader_path/Frameworks",
				);
				MARKETING_VERSION = 1.0;
				PRODUCT_BUNDLE_IDENTIFIER = com.transmission.test.it.TransmissionAppTests;
				PRODUCT_NAME = "$(TARGET_NAME)";
				SWIFT_EMIT_LOC_STRINGS = NO;
				SWIFT_OPTIMIZATION_LEVEL = "-Onone";
				SWIFT_VERSION = 5.0;
				TARGETED_DEVICE_FAMILY = "1,2";
				TEST_HOST = "$(BUILT_PRODUCTS_DIR)/TransmissionApp.app/$(BUNDLE_EXECUTABLE_FOLDER_PATH)/TransmissionApp";
			};
			name = Debug;
		};
		7BC0D8392A6C158300B36367 /* Release */ = {
			isa = XCBuildConfiguration;
			buildSettings = {
				ALWAYS_EMBED_SWIFT_STANDARD_LIBRARIES = YES;
				BUNDLE_LOADER = "$(TEST_HOST)";
				CLANG_ENABLE_MODULES = YES;
				CODE_SIGN_STYLE = Automatic;
				CURRENT_PROJECT_VERSION = 1;
				DEVELOPMENT_TEAM = UYXPW2Z6TM;
				GENERATE_INFOPLIST_FILE = YES;
				IPHONEOS_DEPLOYMENT_TARGET = 16.2;
				LD_RUNPATH_SEARCH_PATHS = (
					"$(inherited)",
					"@executable_path/Frameworks",
					"@loader_path/Frameworks",
				);
				MARKETING_VERSION = 1.0;
				PRODUCT_BUNDLE_IDENTIFIER = com.transmission.test.it.TransmissionAppTests;
				PRODUCT_NAME = "$(TARGET_NAME)";
				SWIFT_EMIT_LOC_STRINGS = NO;
				SWIFT_VERSION = 5.0;
				TARGETED_DEVICE_FAMILY = "1,2";
				TEST_HOST = "$(BUILT_PRODUCTS_DIR)/TransmissionApp.app/$(BUNDLE_EXECUTABLE_FOLDER_PATH)/TransmissionApp";
			};
			name = Release;
		};
/* End XCBuildConfiguration section */

/* Begin XCConfigurationList section */
		7BC0D80B2A6C158100B36367 /* Build configuration list for PBXProject "TransmissionApp" */ = {
			isa = XCConfigurationList;
			buildConfigurations = (
				7BC0D8322A6C158300B36367 /* Debug */,
				7BC0D8332A6C158300B36367 /* Release */,
			);
			defaultConfigurationIsVisible = 0;
			defaultConfigurationName = Release;
		};
		7BC0D8342A6C158300B36367 /* Build configuration list for PBXNativeTarget "TransmissionApp" */ = {
			isa = XCConfigurationList;
			buildConfigurations = (
				7BC0D8352A6C158300B36367 /* Debug */,
				7BC0D8362A6C158300B36367 /* Release */,
			);
			defaultConfigurationIsVisible = 0;
			defaultConfigurationName = Release;
		};
		7BC0D8372A6C158300B36367 /* Build configuration list for PBXNativeTarget "TransmissionAppTests" */ = {
			isa = XCConfigurationList;
			buildConfigurations = (
				7BC0D8382A6C158300B36367 /* Debug */,
				7BC0D8392A6C158300B36367 /* Release */,
			);
			defaultConfigurationIsVisible = 0;
			defaultConfigurationName = Release;
		};
/* End XCConfigurationList section */
	};
	rootObject = 7BC0D8082A6C158100B36367 /* Project object */;
}
