// !$*UTF8*$!
{
	archiveVersion = 1;
	classes = {
	};
	objectVersion = 56;
	objects = {

/* Begin PBXBuildFile section */
		7B2325022A766DEC00836B02 /* ServerPageViewModel+Factory.swift in Sources */ = {isa = PBXBuildFile; fileRef = 7B2325012A766DEC00836B02 /* ServerPageViewModel+Factory.swift */; };
		7B2325042A766E6800836B02 /* ServerPagePresentationAdapter.swift in Sources */ = {isa = PBXBuildFile; fileRef = 7B2325032A766E6800836B02 /* ServerPagePresentationAdapter.swift */; };
		7B2348EA2A94B9AA00BD5834 /* TorrentField+FieldGroups.swift in Sources */ = {isa = PBXBuildFile; fileRef = 7B2348E92A94B9AA00BD5834 /* TorrentField+FieldGroups.swift */; };
		7B2348EB2A94B9AA00BD5834 /* TorrentField+FieldGroups.swift in Sources */ = {isa = PBXBuildFile; fileRef = 7B2348E92A94B9AA00BD5834 /* TorrentField+FieldGroups.swift */; };
		7B23F0152A94F324008E00FF /* TorrentsSettingsPagePresentationAdapter.swift in Sources */ = {isa = PBXBuildFile; fileRef = 7B23F0142A94F324008E00FF /* TorrentsSettingsPagePresentationAdapter.swift */; };
		7B23F0172A94F52D008E00FF /* SessionField+FieldGroups.swift in Sources */ = {isa = PBXBuildFile; fileRef = 7B23F0162A94F52D008E00FF /* SessionField+FieldGroups.swift */; };
		7B23F0182A94F5A7008E00FF /* SessionField+FieldGroups.swift in Sources */ = {isa = PBXBuildFile; fileRef = 7B23F0162A94F52D008E00FF /* SessionField+FieldGroups.swift */; };
		7B23F01A2A94F6B9008E00FF /* TorrentsSettingsPageViewModel+Factory.swift in Sources */ = {isa = PBXBuildFile; fileRef = 7B23F0192A94F6B9008E00FF /* TorrentsSettingsPageViewModel+Factory.swift */; };
		7B23F01B2A94F85A008E00FF /* TorrentsSettingsPagePresentationAdapter.swift in Sources */ = {isa = PBXBuildFile; fileRef = 7B23F0142A94F324008E00FF /* TorrentsSettingsPagePresentationAdapter.swift */; };
		7B23F01C2A94F87C008E00FF /* TorrentsSettingsPageViewModel+Factory.swift in Sources */ = {isa = PBXBuildFile; fileRef = 7B23F0192A94F6B9008E00FF /* TorrentsSettingsPageViewModel+Factory.swift */; };
		7B23F01F2A950471008E00FF /* TorrentsSettingsPublishers.swift in Sources */ = {isa = PBXBuildFile; fileRef = 7B23F01E2A950471008E00FF /* TorrentsSettingsPublishers.swift */; };
		7B23F0202A9504A0008E00FF /* TorrentsSettingsPublishers.swift in Sources */ = {isa = PBXBuildFile; fileRef = 7B23F01E2A950471008E00FF /* TorrentsSettingsPublishers.swift */; };
		7B4BB74F2A7A77F100A68EF5 /* ServerFile.swift in Sources */ = {isa = PBXBuildFile; fileRef = 7B4BB74E2A7A77F100A68EF5 /* ServerFile.swift */; };
		7B6CD5CD2A71221B00E81983 /* Combine+MainQueueDispatcher.swift in Sources */ = {isa = PBXBuildFile; fileRef = 7B6CD5CC2A71221B00E81983 /* Combine+MainQueueDispatcher.swift */; };
		7B7871D52A8E6B37005A16D6 /* TorrentDetailPagePresentationAdapter.swift in Sources */ = {isa = PBXBuildFile; fileRef = 7B7871D42A8E6B37005A16D6 /* TorrentDetailPagePresentationAdapter.swift */; };
		7B7871D72A8E6F5D005A16D6 /* TorrentDetailPageViewModel+Factory.swift in Sources */ = {isa = PBXBuildFile; fileRef = 7B7871D62A8E6F5D005A16D6 /* TorrentDetailPageViewModel+Factory.swift */; };
		7B8075B02A94AF62003F0B17 /* TorrentStartPublishers.swift in Sources */ = {isa = PBXBuildFile; fileRef = 7B8075AF2A94AF62003F0B17 /* TorrentStartPublishers.swift */; };
		7B8075B32A94AFFF003F0B17 /* Headers.swift in Sources */ = {isa = PBXBuildFile; fileRef = 7B8075B22A94AFFF003F0B17 /* Headers.swift */; };
		7B8075B52A94B0C4003F0B17 /* TorrentTrackerPublishers.swift in Sources */ = {isa = PBXBuildFile; fileRef = 7B8075B42A94B0C4003F0B17 /* TorrentTrackerPublishers.swift */; };
		7B8075B72A94B11A003F0B17 /* TorrentDetailPublishers.swift in Sources */ = {isa = PBXBuildFile; fileRef = 7B8075B62A94B11A003F0B17 /* TorrentDetailPublishers.swift */; };
		7B8075B92A94B123003F0B17 /* Headers.swift in Sources */ = {isa = PBXBuildFile; fileRef = 7B8075B22A94AFFF003F0B17 /* Headers.swift */; };
		7B8075BD2A94B170003F0B17 /* TorrentPeersPublishers.swift in Sources */ = {isa = PBXBuildFile; fileRef = 7B8075BC2A94B170003F0B17 /* TorrentPeersPublishers.swift */; };
		7B8075BF2A94B1D9003F0B17 /* TorrentStopPublishers.swift in Sources */ = {isa = PBXBuildFile; fileRef = 7B8075BE2A94B1D9003F0B17 /* TorrentStopPublishers.swift */; };
		7B8075C12A94B20D003F0B17 /* TorrentRemovePublishers.swift in Sources */ = {isa = PBXBuildFile; fileRef = 7B8075C02A94B20D003F0B17 /* TorrentRemovePublishers.swift */; };
		7B8075C32A94B245003F0B17 /* TorrentAddPublishers.swift in Sources */ = {isa = PBXBuildFile; fileRef = 7B8075C22A94B245003F0B17 /* TorrentAddPublishers.swift */; };
		7B8075C52A94B2AC003F0B17 /* TorrentLoadPublishers.swift in Sources */ = {isa = PBXBuildFile; fileRef = 7B8075C42A94B2AC003F0B17 /* TorrentLoadPublishers.swift */; };
		7B8075CB2A94B344003F0B17 /* SessionSettingsPublishers.swift in Sources */ = {isa = PBXBuildFile; fileRef = 7B8075CA2A94B344003F0B17 /* SessionSettingsPublishers.swift */; };
		7B8075CE2A94B3B1003F0B17 /* ErrorHandler.swift in Sources */ = {isa = PBXBuildFile; fileRef = 7B8075CD2A94B3B1003F0B17 /* ErrorHandler.swift */; };
		7B8075D12A94B4D6003F0B17 /* Server+Utils.swift in Sources */ = {isa = PBXBuildFile; fileRef = 7B8075D02A94B4D6003F0B17 /* Server+Utils.swift */; };
		7B8075D92A94B575003F0B17 /* TorrentStopPublishers.swift in Sources */ = {isa = PBXBuildFile; fileRef = 7B8075BE2A94B1D9003F0B17 /* TorrentStopPublishers.swift */; };
		7B8075DA2A94B575003F0B17 /* TorrentStartPublishers.swift in Sources */ = {isa = PBXBuildFile; fileRef = 7B8075AF2A94AF62003F0B17 /* TorrentStartPublishers.swift */; };
		7B8075DB2A94B575003F0B17 /* TorrentRemovePublishers.swift in Sources */ = {isa = PBXBuildFile; fileRef = 7B8075C02A94B20D003F0B17 /* TorrentRemovePublishers.swift */; };
		7B8075DC2A94B575003F0B17 /* TorrentPeersPublishers.swift in Sources */ = {isa = PBXBuildFile; fileRef = 7B8075BC2A94B170003F0B17 /* TorrentPeersPublishers.swift */; };
		7B8075DD2A94B575003F0B17 /* ErrorHandler.swift in Sources */ = {isa = PBXBuildFile; fileRef = 7B8075CD2A94B3B1003F0B17 /* ErrorHandler.swift */; };
		7B8075DE2A94B575003F0B17 /* Server+Utils.swift in Sources */ = {isa = PBXBuildFile; fileRef = 7B8075D02A94B4D6003F0B17 /* Server+Utils.swift */; };
		7B8075DF2A94B575003F0B17 /* TorrentDetailPublishers.swift in Sources */ = {isa = PBXBuildFile; fileRef = 7B8075B62A94B11A003F0B17 /* TorrentDetailPublishers.swift */; };
		7B8075E02A94B575003F0B17 /* TorrentAddPublishers.swift in Sources */ = {isa = PBXBuildFile; fileRef = 7B8075C22A94B245003F0B17 /* TorrentAddPublishers.swift */; };
		7B8075E12A94B575003F0B17 /* ServerPublishers.swift in Sources */ = {isa = PBXBuildFile; fileRef = 7BBF3C4C2A72A648001206A8 /* ServerPublishers.swift */; };
		7B8075E22A94B575003F0B17 /* TorrentLoadPublishers.swift in Sources */ = {isa = PBXBuildFile; fileRef = 7B8075C42A94B2AC003F0B17 /* TorrentLoadPublishers.swift */; };
		7B8075E32A94B575003F0B17 /* TorrentTrackerPublishers.swift in Sources */ = {isa = PBXBuildFile; fileRef = 7B8075B42A94B0C4003F0B17 /* TorrentTrackerPublishers.swift */; };
		7B8075E42A94B575003F0B17 /* PollingRateHandler.swift in Sources */ = {isa = PBXBuildFile; fileRef = 7BBF3C5D2A742CF7001206A8 /* PollingRateHandler.swift */; };
		7B8075E52A94B5AF003F0B17 /* SessionSettingsPublishers.swift in Sources */ = {isa = PBXBuildFile; fileRef = 7B8075CA2A94B344003F0B17 /* SessionSettingsPublishers.swift */; };
		7BA01FD82A7E9A8700FBB43D /* Keychain.swift in Sources */ = {isa = PBXBuildFile; fileRef = 7BA01FD72A7E9A8700FBB43D /* Keychain.swift */; };
		7BA01FDA2A7EA0D500FBB43D /* KeychainTests.swift in Sources */ = {isa = PBXBuildFile; fileRef = 7BA01FD92A7EA0D500FBB43D /* KeychainTests.swift */; };
		7BA01FDC2A7EB68A00FBB43D /* Cipher.swift in Sources */ = {isa = PBXBuildFile; fileRef = 7BA01FDB2A7EB68A00FBB43D /* Cipher.swift */; };
		7BA01FDE2A7EBA4E00FBB43D /* CipherTests.swift in Sources */ = {isa = PBXBuildFile; fileRef = 7BA01FDD2A7EBA4E00FBB43D /* CipherTests.swift */; };
		7BA01FE02A7FEF1A00FBB43D /* Base16Tests.swift in Sources */ = {isa = PBXBuildFile; fileRef = 7BA01FDF2A7FEF1A00FBB43D /* Base16Tests.swift */; };
		7BA01FE22A7FEF4800FBB43D /* Data+.swift in Sources */ = {isa = PBXBuildFile; fileRef = 7BA01FE12A7FEF4800FBB43D /* Data+.swift */; };
		7BA7E3452A98A8C000406BBB /* SpeedSettingsPublishers.swift in Sources */ = {isa = PBXBuildFile; fileRef = 7BA7E3442A98A8C000406BBB /* SpeedSettingsPublishers.swift */; };
		7BA7E3462A98A8C000406BBB /* SpeedSettingsPublishers.swift in Sources */ = {isa = PBXBuildFile; fileRef = 7BA7E3442A98A8C000406BBB /* SpeedSettingsPublishers.swift */; };
		7BA7E34C2A98B72A00406BBB /* SpeedSettingsPagePresentationAdapter.swift in Sources */ = {isa = PBXBuildFile; fileRef = 7BA7E34B2A98B72A00406BBB /* SpeedSettingsPagePresentationAdapter.swift */; };
		7BA7E34D2A98B72A00406BBB /* SpeedSettingsPagePresentationAdapter.swift in Sources */ = {isa = PBXBuildFile; fileRef = 7BA7E34B2A98B72A00406BBB /* SpeedSettingsPagePresentationAdapter.swift */; };
		7BA7E34F2A98B75300406BBB /* SpeedSettingsPageViewModel+Factory.swift in Sources */ = {isa = PBXBuildFile; fileRef = 7BA7E34E2A98B75300406BBB /* SpeedSettingsPageViewModel+Factory.swift */; };
		7BA7E3502A98B75300406BBB /* SpeedSettingsPageViewModel+Factory.swift in Sources */ = {isa = PBXBuildFile; fileRef = 7BA7E34E2A98B75300406BBB /* SpeedSettingsPageViewModel+Factory.swift */; };
		7BB229D42A81477700F2408F /* SettingsPageViewModel+Factory.swift in Sources */ = {isa = PBXBuildFile; fileRef = 7BBF3C5B2A742B6E001206A8 /* SettingsPageViewModel+Factory.swift */; };
		7BB229D52A81477700F2408F /* TransmissionHTTPClient.swift in Sources */ = {isa = PBXBuildFile; fileRef = 7BC0D84D2A6EA90000B36367 /* TransmissionHTTPClient.swift */; };
		7BB229D62A81477700F2408F /* Cipher.swift in Sources */ = {isa = PBXBuildFile; fileRef = 7BA01FDB2A7EB68A00FBB43D /* Cipher.swift */; };
		7BB229D72A81477700F2408F /* SettingsPagePresentationAdapter.swift in Sources */ = {isa = PBXBuildFile; fileRef = 7BBF3C4A2A729554001206A8 /* SettingsPagePresentationAdapter.swift */; };
		7BB229D82A81477700F2408F /* TorrentsPageViewModel+Factory.swift in Sources */ = {isa = PBXBuildFile; fileRef = 7BC0D84B2A6EA20100B36367 /* TorrentsPageViewModel+Factory.swift */; };
		7BB229D92A81477700F2408F /* Combine+MainQueueDispatcher.swift in Sources */ = {isa = PBXBuildFile; fileRef = 7B6CD5CC2A71221B00E81983 /* Combine+MainQueueDispatcher.swift */; };
		7BB229DA2A81477700F2408F /* Logger_Dev.swift in Sources */ = {isa = PBXBuildFile; fileRef = 7B6CD5CA2A71050F00E81983 /* Logger_Dev.swift */; };
		7BB229DB2A81477700F2408F /* ServerDetailPagePresentationAdapter.swift in Sources */ = {isa = PBXBuildFile; fileRef = 7BD2368C2A77BA8200AF75A9 /* ServerDetailPagePresentationAdapter.swift */; };
		7BB229DC2A81477700F2408F /* ServerPagePresentationAdapter.swift in Sources */ = {isa = PBXBuildFile; fileRef = 7B2325032A766E6800836B02 /* ServerPagePresentationAdapter.swift */; };
		7BB229DD2A81477700F2408F /* Data+.swift in Sources */ = {isa = PBXBuildFile; fileRef = 7BA01FE12A7FEF4800FBB43D /* Data+.swift */; };
		7BB229DE2A81477700F2408F /* TransmissionApp.swift in Sources */ = {isa = PBXBuildFile; fileRef = 7BC0D8132A6C158100B36367 /* TransmissionApp.swift */; };
		7BB229DF2A81477700F2408F /* TransmissionComposer.swift in Sources */ = {isa = PBXBuildFile; fileRef = 7BC0D8442A6E3FE200B36367 /* TransmissionComposer.swift */; };
		7BB229E12A81477700F2408F /* Keychain.swift in Sources */ = {isa = PBXBuildFile; fileRef = 7BA01FD72A7E9A8700FBB43D /* Keychain.swift */; };
		7BB229E32A81477700F2408F /* ServerFile.swift in Sources */ = {isa = PBXBuildFile; fileRef = 7B4BB74E2A7A77F100A68EF5 /* ServerFile.swift */; };
		7BB229E52A81477700F2408F /* ServerDetailPageViewModel+Factory.swift in Sources */ = {isa = PBXBuildFile; fileRef = 7BD2368E2A77C9B900AF75A9 /* ServerDetailPageViewModel+Factory.swift */; };
		7BB229E62A81477700F2408F /* TorrentsPagePresentationAdapter.swift in Sources */ = {isa = PBXBuildFile; fileRef = 7BC0D8492A6E63D500B36367 /* TorrentsPagePresentationAdapter.swift */; };
		7BB229E72A81477700F2408F /* ServerPageViewModel+Factory.swift in Sources */ = {isa = PBXBuildFile; fileRef = 7B2325012A766DEC00836B02 /* ServerPageViewModel+Factory.swift */; };
		7BB229E92A81477700F2408F /* TransmissioniOS.framework in Frameworks */ = {isa = PBXBuildFile; fileRef = 7BC0D8542A6EAB3D00B36367 /* TransmissioniOS.framework */; };
		7BB229EA2A81477700F2408F /* Transmission.framework in Frameworks */ = {isa = PBXBuildFile; fileRef = 7BC0D8502A6EAB3A00B36367 /* Transmission.framework */; };
		7BB229EC2A81477700F2408F /* Preview Assets.xcassets in Resources */ = {isa = PBXBuildFile; fileRef = 7BC0D81A2A6C158300B36367 /* Preview Assets.xcassets */; };
		7BB229ED2A81477700F2408F /* Assets.xcassets in Resources */ = {isa = PBXBuildFile; fileRef = 7BC0D8172A6C158300B36367 /* Assets.xcassets */; };
		7BB229EF2A81477700F2408F /* TransmissioniOS.framework in Embed Frameworks */ = {isa = PBXBuildFile; fileRef = 7BC0D8542A6EAB3D00B36367 /* TransmissioniOS.framework */; settings = {ATTRIBUTES = (CodeSignOnCopy, RemoveHeadersOnCopy, ); }; };
		7BB229F02A81477700F2408F /* Transmission.framework in Embed Frameworks */ = {isa = PBXBuildFile; fileRef = 7BC0D8502A6EAB3A00B36367 /* Transmission.framework */; settings = {ATTRIBUTES = (CodeSignOnCopy, RemoveHeadersOnCopy, ); }; };
		7BB229F72A8148CF00F2408F /* Combine+Publishers_Dev.swift in Sources */ = {isa = PBXBuildFile; fileRef = 7BB229F52A81489600F2408F /* Combine+Publishers_Dev.swift */; };
		7BB229F82A8148D200F2408F /* Combine+Publishers.swift in Sources */ = {isa = PBXBuildFile; fileRef = 7BC0D8422A6E3C4100B36367 /* Combine+Publishers.swift */; };
		7BB229FD2A8149DC00F2408F /* Logger.swift in Sources */ = {isa = PBXBuildFile; fileRef = 7BB229FC2A8149DC00F2408F /* Logger.swift */; };
		7BBF3C4B2A729554001206A8 /* SettingsPagePresentationAdapter.swift in Sources */ = {isa = PBXBuildFile; fileRef = 7BBF3C4A2A729554001206A8 /* SettingsPagePresentationAdapter.swift */; };
		7BBF3C4D2A72A648001206A8 /* ServerPublishers.swift in Sources */ = {isa = PBXBuildFile; fileRef = 7BBF3C4C2A72A648001206A8 /* ServerPublishers.swift */; };
		7BBF3C5C2A742B6E001206A8 /* SettingsPageViewModel+Factory.swift in Sources */ = {isa = PBXBuildFile; fileRef = 7BBF3C5B2A742B6E001206A8 /* SettingsPageViewModel+Factory.swift */; };
		7BBF3C5E2A742CF7001206A8 /* PollingRateHandler.swift in Sources */ = {isa = PBXBuildFile; fileRef = 7BBF3C5D2A742CF7001206A8 /* PollingRateHandler.swift */; };
		7BC0D8142A6C158100B36367 /* TransmissionApp.swift in Sources */ = {isa = PBXBuildFile; fileRef = 7BC0D8132A6C158100B36367 /* TransmissionApp.swift */; };
		7BC0D8182A6C158300B36367 /* Assets.xcassets in Resources */ = {isa = PBXBuildFile; fileRef = 7BC0D8172A6C158300B36367 /* Assets.xcassets */; };
		7BC0D81B2A6C158300B36367 /* Preview Assets.xcassets in Resources */ = {isa = PBXBuildFile; fileRef = 7BC0D81A2A6C158300B36367 /* Preview Assets.xcassets */; };
		7BC0D8452A6E3FE200B36367 /* TransmissionComposer.swift in Sources */ = {isa = PBXBuildFile; fileRef = 7BC0D8442A6E3FE200B36367 /* TransmissionComposer.swift */; };
		7BC0D84A2A6E63D500B36367 /* TorrentsPagePresentationAdapter.swift in Sources */ = {isa = PBXBuildFile; fileRef = 7BC0D8492A6E63D500B36367 /* TorrentsPagePresentationAdapter.swift */; };
		7BC0D84C2A6EA20100B36367 /* TorrentsPageViewModel+Factory.swift in Sources */ = {isa = PBXBuildFile; fileRef = 7BC0D84B2A6EA20100B36367 /* TorrentsPageViewModel+Factory.swift */; };
		7BC0D84E2A6EA90000B36367 /* TransmissionHTTPClient.swift in Sources */ = {isa = PBXBuildFile; fileRef = 7BC0D84D2A6EA90000B36367 /* TransmissionHTTPClient.swift */; };
		7BC0D8512A6EAB3A00B36367 /* Transmission.framework in Frameworks */ = {isa = PBXBuildFile; fileRef = 7BC0D8502A6EAB3A00B36367 /* Transmission.framework */; };
		7BC0D8522A6EAB3A00B36367 /* Transmission.framework in Embed Frameworks */ = {isa = PBXBuildFile; fileRef = 7BC0D8502A6EAB3A00B36367 /* Transmission.framework */; settings = {ATTRIBUTES = (CodeSignOnCopy, RemoveHeadersOnCopy, ); }; };
		7BC0D8552A6EAB3D00B36367 /* TransmissioniOS.framework in Frameworks */ = {isa = PBXBuildFile; fileRef = 7BC0D8542A6EAB3D00B36367 /* TransmissioniOS.framework */; };
		7BC0D8562A6EAB3D00B36367 /* TransmissioniOS.framework in Embed Frameworks */ = {isa = PBXBuildFile; fileRef = 7BC0D8542A6EAB3D00B36367 /* TransmissioniOS.framework */; settings = {ATTRIBUTES = (CodeSignOnCopy, RemoveHeadersOnCopy, ); }; };
		7BC7264E2A9CF20600019EB8 /* PeersSettingsPagePresentationAdapter.swift in Sources */ = {isa = PBXBuildFile; fileRef = 7BC7264D2A9CF20600019EB8 /* PeersSettingsPagePresentationAdapter.swift */; };
		7BC7264F2A9CF20600019EB8 /* PeersSettingsPagePresentationAdapter.swift in Sources */ = {isa = PBXBuildFile; fileRef = 7BC7264D2A9CF20600019EB8 /* PeersSettingsPagePresentationAdapter.swift */; };
		7BC726512A9CF2EA00019EB8 /* PeersSettingsPageViewModel+Factory.swift in Sources */ = {isa = PBXBuildFile; fileRef = 7BC726502A9CF2EA00019EB8 /* PeersSettingsPageViewModel+Factory.swift */; };
		7BC726522A9CF2EA00019EB8 /* PeersSettingsPageViewModel+Factory.swift in Sources */ = {isa = PBXBuildFile; fileRef = 7BC726502A9CF2EA00019EB8 /* PeersSettingsPageViewModel+Factory.swift */; };
		7BC726542A9CF46200019EB8 /* PeersSettingsPublishers.swift in Sources */ = {isa = PBXBuildFile; fileRef = 7BC726532A9CF46200019EB8 /* PeersSettingsPublishers.swift */; };
		7BC726552A9CF46200019EB8 /* PeersSettingsPublishers.swift in Sources */ = {isa = PBXBuildFile; fileRef = 7BC726532A9CF46200019EB8 /* PeersSettingsPublishers.swift */; };
		7BD2368D2A77BA8200AF75A9 /* ServerDetailPagePresentationAdapter.swift in Sources */ = {isa = PBXBuildFile; fileRef = 7BD2368C2A77BA8200AF75A9 /* ServerDetailPagePresentationAdapter.swift */; };
		7BD2368F2A77C9B900AF75A9 /* ServerDetailPageViewModel+Factory.swift in Sources */ = {isa = PBXBuildFile; fileRef = 7BD2368E2A77C9B900AF75A9 /* ServerDetailPageViewModel+Factory.swift */; };
		7BDF91E02A8E72AC0041E0CC /* TorrentDetailPagePresentationAdapter.swift in Sources */ = {isa = PBXBuildFile; fileRef = 7B7871D42A8E6B37005A16D6 /* TorrentDetailPagePresentationAdapter.swift */; };
		7BDF91E12A8E72BB0041E0CC /* TorrentDetailPageViewModel+Factory.swift in Sources */ = {isa = PBXBuildFile; fileRef = 7B7871D62A8E6F5D005A16D6 /* TorrentDetailPageViewModel+Factory.swift */; };
		7BDF920A2A93464A0041E0CC /* TorrentPeersPagePresentationAdapter.swift in Sources */ = {isa = PBXBuildFile; fileRef = 7BDF92092A93464A0041E0CC /* TorrentPeersPagePresentationAdapter.swift */; };
		7BDF920B2A934C200041E0CC /* TorrentPeersPagePresentationAdapter.swift in Sources */ = {isa = PBXBuildFile; fileRef = 7BDF92092A93464A0041E0CC /* TorrentPeersPagePresentationAdapter.swift */; };
		7BDF920D2A934C3F0041E0CC /* TorrentPeersPageViewModel+Factory.swift in Sources */ = {isa = PBXBuildFile; fileRef = 7BDF920C2A934C3F0041E0CC /* TorrentPeersPageViewModel+Factory.swift */; };
		7BDF920E2A934CA70041E0CC /* TorrentPeersPageViewModel+Factory.swift in Sources */ = {isa = PBXBuildFile; fileRef = 7BDF920C2A934C3F0041E0CC /* TorrentPeersPageViewModel+Factory.swift */; };
		7BDF92352A9381300041E0CC /* TorrentTrackersPagePresentationAdapter.swift in Sources */ = {isa = PBXBuildFile; fileRef = 7BDF92342A9381300041E0CC /* TorrentTrackersPagePresentationAdapter.swift */; };
		7BDF92362A9381300041E0CC /* TorrentTrackersPagePresentationAdapter.swift in Sources */ = {isa = PBXBuildFile; fileRef = 7BDF92342A9381300041E0CC /* TorrentTrackersPagePresentationAdapter.swift */; };
		7BDF92382A93827B0041E0CC /* TorrentTrackersPageViewModel+Factory.swift in Sources */ = {isa = PBXBuildFile; fileRef = 7BDF92372A93827B0041E0CC /* TorrentTrackersPageViewModel+Factory.swift */; };
		7BDF92392A93827B0041E0CC /* TorrentTrackersPageViewModel+Factory.swift in Sources */ = {isa = PBXBuildFile; fileRef = 7BDF92372A93827B0041E0CC /* TorrentTrackersPageViewModel+Factory.swift */; };
/* End PBXBuildFile section */

/* Begin PBXContainerItemProxy section */
		7BC0D8212A6C158300B36367 /* PBXContainerItemProxy */ = {
			isa = PBXContainerItemProxy;
			containerPortal = 7BC0D8082A6C158100B36367 /* Project object */;
			proxyType = 1;
			remoteGlobalIDString = 7BC0D80F2A6C158100B36367;
			remoteInfo = TransmissionApp;
		};
/* End PBXContainerItemProxy section */

/* Begin PBXCopyFilesBuildPhase section */
		7BB229EE2A81477700F2408F /* Embed Frameworks */ = {
			isa = PBXCopyFilesBuildPhase;
			buildActionMask = 2147483647;
			dstPath = "";
			dstSubfolderSpec = 10;
			files = (
				7BB229EF2A81477700F2408F /* TransmissioniOS.framework in Embed Frameworks */,
				7BB229F02A81477700F2408F /* Transmission.framework in Embed Frameworks */,
			);
			name = "Embed Frameworks";
			runOnlyForDeploymentPostprocessing = 0;
		};
		7BC0D8532A6EAB3A00B36367 /* Embed Frameworks */ = {
			isa = PBXCopyFilesBuildPhase;
			buildActionMask = 2147483647;
			dstPath = "";
			dstSubfolderSpec = 10;
			files = (
				7BC0D8562A6EAB3D00B36367 /* TransmissioniOS.framework in Embed Frameworks */,
				7BC0D8522A6EAB3A00B36367 /* Transmission.framework in Embed Frameworks */,
			);
			name = "Embed Frameworks";
			runOnlyForDeploymentPostprocessing = 0;
		};
/* End PBXCopyFilesBuildPhase section */

/* Begin PBXFileReference section */
		7B2325012A766DEC00836B02 /* ServerPageViewModel+Factory.swift */ = {isa = PBXFileReference; lastKnownFileType = sourcecode.swift; path = "ServerPageViewModel+Factory.swift"; sourceTree = "<group>"; };
		7B2325032A766E6800836B02 /* ServerPagePresentationAdapter.swift */ = {isa = PBXFileReference; lastKnownFileType = sourcecode.swift; path = ServerPagePresentationAdapter.swift; sourceTree = "<group>"; };
		7B2348E92A94B9AA00BD5834 /* TorrentField+FieldGroups.swift */ = {isa = PBXFileReference; lastKnownFileType = sourcecode.swift; path = "TorrentField+FieldGroups.swift"; sourceTree = "<group>"; };
		7B23F0142A94F324008E00FF /* TorrentsSettingsPagePresentationAdapter.swift */ = {isa = PBXFileReference; lastKnownFileType = sourcecode.swift; path = TorrentsSettingsPagePresentationAdapter.swift; sourceTree = "<group>"; };
		7B23F0162A94F52D008E00FF /* SessionField+FieldGroups.swift */ = {isa = PBXFileReference; lastKnownFileType = sourcecode.swift; path = "SessionField+FieldGroups.swift"; sourceTree = "<group>"; };
		7B23F0192A94F6B9008E00FF /* TorrentsSettingsPageViewModel+Factory.swift */ = {isa = PBXFileReference; lastKnownFileType = sourcecode.swift; path = "TorrentsSettingsPageViewModel+Factory.swift"; sourceTree = "<group>"; };
		7B23F01E2A950471008E00FF /* TorrentsSettingsPublishers.swift */ = {isa = PBXFileReference; lastKnownFileType = sourcecode.swift; path = TorrentsSettingsPublishers.swift; sourceTree = "<group>"; };
		7B4BB74E2A7A77F100A68EF5 /* ServerFile.swift */ = {isa = PBXFileReference; lastKnownFileType = sourcecode.swift; path = ServerFile.swift; sourceTree = "<group>"; };
		7B6CD5CA2A71050F00E81983 /* Logger_Dev.swift */ = {isa = PBXFileReference; lastKnownFileType = sourcecode.swift; path = Logger_Dev.swift; sourceTree = "<group>"; };
		7B6CD5CC2A71221B00E81983 /* Combine+MainQueueDispatcher.swift */ = {isa = PBXFileReference; lastKnownFileType = sourcecode.swift; path = "Combine+MainQueueDispatcher.swift"; sourceTree = "<group>"; };
		7B7871D42A8E6B37005A16D6 /* TorrentDetailPagePresentationAdapter.swift */ = {isa = PBXFileReference; lastKnownFileType = sourcecode.swift; path = TorrentDetailPagePresentationAdapter.swift; sourceTree = "<group>"; };
		7B7871D62A8E6F5D005A16D6 /* TorrentDetailPageViewModel+Factory.swift */ = {isa = PBXFileReference; lastKnownFileType = sourcecode.swift; path = "TorrentDetailPageViewModel+Factory.swift"; sourceTree = "<group>"; };
		7B8075AF2A94AF62003F0B17 /* TorrentStartPublishers.swift */ = {isa = PBXFileReference; lastKnownFileType = sourcecode.swift; path = TorrentStartPublishers.swift; sourceTree = "<group>"; };
		7B8075B22A94AFFF003F0B17 /* Headers.swift */ = {isa = PBXFileReference; lastKnownFileType = sourcecode.swift; path = Headers.swift; sourceTree = "<group>"; };
		7B8075B42A94B0C4003F0B17 /* TorrentTrackerPublishers.swift */ = {isa = PBXFileReference; lastKnownFileType = sourcecode.swift; path = TorrentTrackerPublishers.swift; sourceTree = "<group>"; };
		7B8075B62A94B11A003F0B17 /* TorrentDetailPublishers.swift */ = {isa = PBXFileReference; lastKnownFileType = sourcecode.swift; path = TorrentDetailPublishers.swift; sourceTree = "<group>"; };
		7B8075BC2A94B170003F0B17 /* TorrentPeersPublishers.swift */ = {isa = PBXFileReference; lastKnownFileType = sourcecode.swift; path = TorrentPeersPublishers.swift; sourceTree = "<group>"; };
		7B8075BE2A94B1D9003F0B17 /* TorrentStopPublishers.swift */ = {isa = PBXFileReference; lastKnownFileType = sourcecode.swift; path = TorrentStopPublishers.swift; sourceTree = "<group>"; };
		7B8075C02A94B20D003F0B17 /* TorrentRemovePublishers.swift */ = {isa = PBXFileReference; lastKnownFileType = sourcecode.swift; path = TorrentRemovePublishers.swift; sourceTree = "<group>"; };
		7B8075C22A94B245003F0B17 /* TorrentAddPublishers.swift */ = {isa = PBXFileReference; lastKnownFileType = sourcecode.swift; path = TorrentAddPublishers.swift; sourceTree = "<group>"; };
		7B8075C42A94B2AC003F0B17 /* TorrentLoadPublishers.swift */ = {isa = PBXFileReference; lastKnownFileType = sourcecode.swift; path = TorrentLoadPublishers.swift; sourceTree = "<group>"; };
		7B8075CA2A94B344003F0B17 /* SessionSettingsPublishers.swift */ = {isa = PBXFileReference; lastKnownFileType = sourcecode.swift; path = SessionSettingsPublishers.swift; sourceTree = "<group>"; };
		7B8075CD2A94B3B1003F0B17 /* ErrorHandler.swift */ = {isa = PBXFileReference; lastKnownFileType = sourcecode.swift; path = ErrorHandler.swift; sourceTree = "<group>"; };
		7B8075D02A94B4D6003F0B17 /* Server+Utils.swift */ = {isa = PBXFileReference; lastKnownFileType = sourcecode.swift; path = "Server+Utils.swift"; sourceTree = "<group>"; };
		7BA01FD72A7E9A8700FBB43D /* Keychain.swift */ = {isa = PBXFileReference; lastKnownFileType = sourcecode.swift; path = Keychain.swift; sourceTree = "<group>"; };
		7BA01FD92A7EA0D500FBB43D /* KeychainTests.swift */ = {isa = PBXFileReference; lastKnownFileType = sourcecode.swift; path = KeychainTests.swift; sourceTree = "<group>"; };
		7BA01FDB2A7EB68A00FBB43D /* Cipher.swift */ = {isa = PBXFileReference; lastKnownFileType = sourcecode.swift; path = Cipher.swift; sourceTree = "<group>"; };
		7BA01FDD2A7EBA4E00FBB43D /* CipherTests.swift */ = {isa = PBXFileReference; lastKnownFileType = sourcecode.swift; path = CipherTests.swift; sourceTree = "<group>"; };
		7BA01FDF2A7FEF1A00FBB43D /* Base16Tests.swift */ = {isa = PBXFileReference; lastKnownFileType = sourcecode.swift; path = Base16Tests.swift; sourceTree = "<group>"; };
		7BA01FE12A7FEF4800FBB43D /* Data+.swift */ = {isa = PBXFileReference; lastKnownFileType = sourcecode.swift; path = "Data+.swift"; sourceTree = "<group>"; };
		7BA7E3442A98A8C000406BBB /* SpeedSettingsPublishers.swift */ = {isa = PBXFileReference; lastKnownFileType = sourcecode.swift; path = SpeedSettingsPublishers.swift; sourceTree = "<group>"; };
		7BA7E34B2A98B72A00406BBB /* SpeedSettingsPagePresentationAdapter.swift */ = {isa = PBXFileReference; lastKnownFileType = sourcecode.swift; path = SpeedSettingsPagePresentationAdapter.swift; sourceTree = "<group>"; };
		7BA7E34E2A98B75300406BBB /* SpeedSettingsPageViewModel+Factory.swift */ = {isa = PBXFileReference; lastKnownFileType = sourcecode.swift; path = "SpeedSettingsPageViewModel+Factory.swift"; sourceTree = "<group>"; };
		7BB229F42A81477700F2408F /* TransmissionAppDev.app */ = {isa = PBXFileReference; explicitFileType = wrapper.application; includeInIndex = 0; path = TransmissionAppDev.app; sourceTree = BUILT_PRODUCTS_DIR; };
		7BB229F52A81489600F2408F /* Combine+Publishers_Dev.swift */ = {isa = PBXFileReference; lastKnownFileType = sourcecode.swift; path = "Combine+Publishers_Dev.swift"; sourceTree = "<group>"; };
		7BB229FC2A8149DC00F2408F /* Logger.swift */ = {isa = PBXFileReference; lastKnownFileType = sourcecode.swift; path = Logger.swift; sourceTree = "<group>"; };
		7BBF3C4A2A729554001206A8 /* SettingsPagePresentationAdapter.swift */ = {isa = PBXFileReference; lastKnownFileType = sourcecode.swift; path = SettingsPagePresentationAdapter.swift; sourceTree = "<group>"; };
		7BBF3C4C2A72A648001206A8 /* ServerPublishers.swift */ = {isa = PBXFileReference; lastKnownFileType = sourcecode.swift; path = ServerPublishers.swift; sourceTree = "<group>"; };
		7BBF3C5B2A742B6E001206A8 /* SettingsPageViewModel+Factory.swift */ = {isa = PBXFileReference; lastKnownFileType = sourcecode.swift; path = "SettingsPageViewModel+Factory.swift"; sourceTree = "<group>"; };
		7BBF3C5D2A742CF7001206A8 /* PollingRateHandler.swift */ = {isa = PBXFileReference; lastKnownFileType = sourcecode.swift; path = PollingRateHandler.swift; sourceTree = "<group>"; };
		7BC0D8102A6C158100B36367 /* TransmissionApp.app */ = {isa = PBXFileReference; explicitFileType = wrapper.application; includeInIndex = 0; path = TransmissionApp.app; sourceTree = BUILT_PRODUCTS_DIR; };
		7BC0D8132A6C158100B36367 /* TransmissionApp.swift */ = {isa = PBXFileReference; lastKnownFileType = sourcecode.swift; path = TransmissionApp.swift; sourceTree = "<group>"; };
		7BC0D8172A6C158300B36367 /* Assets.xcassets */ = {isa = PBXFileReference; lastKnownFileType = folder.assetcatalog; path = Assets.xcassets; sourceTree = "<group>"; };
		7BC0D81A2A6C158300B36367 /* Preview Assets.xcassets */ = {isa = PBXFileReference; lastKnownFileType = folder.assetcatalog; path = "Preview Assets.xcassets"; sourceTree = "<group>"; };
		7BC0D8202A6C158300B36367 /* TransmissionAppTests.xctest */ = {isa = PBXFileReference; explicitFileType = wrapper.cfbundle; includeInIndex = 0; path = TransmissionAppTests.xctest; sourceTree = BUILT_PRODUCTS_DIR; };
		7BC0D8422A6E3C4100B36367 /* Combine+Publishers.swift */ = {isa = PBXFileReference; lastKnownFileType = sourcecode.swift; path = "Combine+Publishers.swift"; sourceTree = "<group>"; };
		7BC0D8442A6E3FE200B36367 /* TransmissionComposer.swift */ = {isa = PBXFileReference; lastKnownFileType = sourcecode.swift; path = TransmissionComposer.swift; sourceTree = "<group>"; };
		7BC0D8492A6E63D500B36367 /* TorrentsPagePresentationAdapter.swift */ = {isa = PBXFileReference; lastKnownFileType = sourcecode.swift; path = TorrentsPagePresentationAdapter.swift; sourceTree = "<group>"; };
		7BC0D84B2A6EA20100B36367 /* TorrentsPageViewModel+Factory.swift */ = {isa = PBXFileReference; lastKnownFileType = sourcecode.swift; path = "TorrentsPageViewModel+Factory.swift"; sourceTree = "<group>"; };
		7BC0D84D2A6EA90000B36367 /* TransmissionHTTPClient.swift */ = {isa = PBXFileReference; lastKnownFileType = sourcecode.swift; path = TransmissionHTTPClient.swift; sourceTree = "<group>"; };
		7BC0D8502A6EAB3A00B36367 /* Transmission.framework */ = {isa = PBXFileReference; explicitFileType = wrapper.framework; path = Transmission.framework; sourceTree = BUILT_PRODUCTS_DIR; };
		7BC0D8542A6EAB3D00B36367 /* TransmissioniOS.framework */ = {isa = PBXFileReference; explicitFileType = wrapper.framework; path = TransmissioniOS.framework; sourceTree = BUILT_PRODUCTS_DIR; };
		7BC7264D2A9CF20600019EB8 /* PeersSettingsPagePresentationAdapter.swift */ = {isa = PBXFileReference; lastKnownFileType = sourcecode.swift; path = PeersSettingsPagePresentationAdapter.swift; sourceTree = "<group>"; };
		7BC726502A9CF2EA00019EB8 /* PeersSettingsPageViewModel+Factory.swift */ = {isa = PBXFileReference; lastKnownFileType = sourcecode.swift; path = "PeersSettingsPageViewModel+Factory.swift"; sourceTree = "<group>"; };
		7BC726532A9CF46200019EB8 /* PeersSettingsPublishers.swift */ = {isa = PBXFileReference; lastKnownFileType = sourcecode.swift; path = PeersSettingsPublishers.swift; sourceTree = "<group>"; };
		7BD2368C2A77BA8200AF75A9 /* ServerDetailPagePresentationAdapter.swift */ = {isa = PBXFileReference; lastKnownFileType = sourcecode.swift; path = ServerDetailPagePresentationAdapter.swift; sourceTree = "<group>"; };
		7BD2368E2A77C9B900AF75A9 /* ServerDetailPageViewModel+Factory.swift */ = {isa = PBXFileReference; lastKnownFileType = sourcecode.swift; path = "ServerDetailPageViewModel+Factory.swift"; sourceTree = "<group>"; };
		7BDF92092A93464A0041E0CC /* TorrentPeersPagePresentationAdapter.swift */ = {isa = PBXFileReference; lastKnownFileType = sourcecode.swift; path = TorrentPeersPagePresentationAdapter.swift; sourceTree = "<group>"; };
		7BDF920C2A934C3F0041E0CC /* TorrentPeersPageViewModel+Factory.swift */ = {isa = PBXFileReference; lastKnownFileType = sourcecode.swift; path = "TorrentPeersPageViewModel+Factory.swift"; sourceTree = "<group>"; };
		7BDF92342A9381300041E0CC /* TorrentTrackersPagePresentationAdapter.swift */ = {isa = PBXFileReference; lastKnownFileType = sourcecode.swift; path = TorrentTrackersPagePresentationAdapter.swift; sourceTree = "<group>"; };
		7BDF92372A93827B0041E0CC /* TorrentTrackersPageViewModel+Factory.swift */ = {isa = PBXFileReference; lastKnownFileType = sourcecode.swift; path = "TorrentTrackersPageViewModel+Factory.swift"; sourceTree = "<group>"; };
/* End PBXFileReference section */

/* Begin PBXFrameworksBuildPhase section */
		7BB229E82A81477700F2408F /* Frameworks */ = {
			isa = PBXFrameworksBuildPhase;
			buildActionMask = 2147483647;
			files = (
				7BB229E92A81477700F2408F /* TransmissioniOS.framework in Frameworks */,
				7BB229EA2A81477700F2408F /* Transmission.framework in Frameworks */,
			);
			runOnlyForDeploymentPostprocessing = 0;
		};
		7BC0D80D2A6C158100B36367 /* Frameworks */ = {
			isa = PBXFrameworksBuildPhase;
			buildActionMask = 2147483647;
			files = (
				7BC0D8552A6EAB3D00B36367 /* TransmissioniOS.framework in Frameworks */,
				7BC0D8512A6EAB3A00B36367 /* Transmission.framework in Frameworks */,
			);
			runOnlyForDeploymentPostprocessing = 0;
		};
		7BC0D81D2A6C158300B36367 /* Frameworks */ = {
			isa = PBXFrameworksBuildPhase;
			buildActionMask = 2147483647;
			files = (
			);
			runOnlyForDeploymentPostprocessing = 0;
		};
/* End PBXFrameworksBuildPhase section */

/* Begin PBXGroup section */
		7B23F0112A94F2F5008E00FF /* Torrents */ = {
			isa = PBXGroup;
			children = (
				7BC0D8492A6E63D500B36367 /* TorrentsPagePresentationAdapter.swift */,
				7B7871D42A8E6B37005A16D6 /* TorrentDetailPagePresentationAdapter.swift */,
				7BDF92092A93464A0041E0CC /* TorrentPeersPagePresentationAdapter.swift */,
				7BDF92342A9381300041E0CC /* TorrentTrackersPagePresentationAdapter.swift */,
			);
			path = Torrents;
			sourceTree = "<group>";
		};
		7B23F0122A94F308008E00FF /* Settings */ = {
			isa = PBXGroup;
			children = (
				7BBF3C4A2A729554001206A8 /* SettingsPagePresentationAdapter.swift */,
				7B23F0142A94F324008E00FF /* TorrentsSettingsPagePresentationAdapter.swift */,
				7BA7E34B2A98B72A00406BBB /* SpeedSettingsPagePresentationAdapter.swift */,
				7BC7264D2A9CF20600019EB8 /* PeersSettingsPagePresentationAdapter.swift */,
			);
			path = Settings;
			sourceTree = "<group>";
		};
		7B23F0132A94F30E008E00FF /* Servers */ = {
			isa = PBXGroup;
			children = (
				7BD2368C2A77BA8200AF75A9 /* ServerDetailPagePresentationAdapter.swift */,
				7B2325032A766E6800836B02 /* ServerPagePresentationAdapter.swift */,
			);
			path = Servers;
			sourceTree = "<group>";
		};
		7B4BB74D2A7A77DC00A68EF5 /* Server File */ = {
			isa = PBXGroup;
			children = (
				7B4BB74E2A7A77F100A68EF5 /* ServerFile.swift */,
			);
			path = "Server File";
			sourceTree = "<group>";
		};
		7B6CD5C92A7104F500E81983 /* Logger */ = {
			isa = PBXGroup;
			children = (
				7BB229FC2A8149DC00F2408F /* Logger.swift */,
				7B6CD5CA2A71050F00E81983 /* Logger_Dev.swift */,
			);
			path = Logger;
			sourceTree = "<group>";
		};
		7B8075AE2A94AF49003F0B17 /* Publishers */ = {
			isa = PBXGroup;
			children = (
				7BA7E3432A98A8A900406BBB /* Settings */,
				7B8075C92A94B323003F0B17 /* Session */,
				7B8075C82A94B30E003F0B17 /* Polling Rate */,
				7B8075C72A94B307003F0B17 /* Server */,
				7B8075C62A94B2FC003F0B17 /* Torrent */,
			);
			path = Publishers;
			sourceTree = "<group>";
		};
		7B8075B12A94AFE8003F0B17 /* Headers */ = {
			isa = PBXGroup;
			children = (
				7B8075B22A94AFFF003F0B17 /* Headers.swift */,
			);
			path = Headers;
			sourceTree = "<group>";
		};
		7B8075C62A94B2FC003F0B17 /* Torrent */ = {
			isa = PBXGroup;
			children = (
				7B8075BE2A94B1D9003F0B17 /* TorrentStopPublishers.swift */,
				7B8075AF2A94AF62003F0B17 /* TorrentStartPublishers.swift */,
				7B8075C02A94B20D003F0B17 /* TorrentRemovePublishers.swift */,
				7B8075B42A94B0C4003F0B17 /* TorrentTrackerPublishers.swift */,
				7B8075B62A94B11A003F0B17 /* TorrentDetailPublishers.swift */,
				7B8075BC2A94B170003F0B17 /* TorrentPeersPublishers.swift */,
				7B8075C22A94B245003F0B17 /* TorrentAddPublishers.swift */,
				7B8075C42A94B2AC003F0B17 /* TorrentLoadPublishers.swift */,
			);
			path = Torrent;
			sourceTree = "<group>";
		};
		7B8075C72A94B307003F0B17 /* Server */ = {
			isa = PBXGroup;
			children = (
				7BBF3C4C2A72A648001206A8 /* ServerPublishers.swift */,
			);
			path = Server;
			sourceTree = "<group>";
		};
		7B8075C82A94B30E003F0B17 /* Polling Rate */ = {
			isa = PBXGroup;
			children = (
				7BBF3C5D2A742CF7001206A8 /* PollingRateHandler.swift */,
			);
			path = "Polling Rate";
			sourceTree = "<group>";
		};
		7B8075C92A94B323003F0B17 /* Session */ = {
			isa = PBXGroup;
			children = (
				7B8075CA2A94B344003F0B17 /* SessionSettingsPublishers.swift */,
			);
			path = Session;
			sourceTree = "<group>";
		};
		7B8075CC2A94B3A4003F0B17 /* Network Utils */ = {
			isa = PBXGroup;
			children = (
				7B8075CD2A94B3B1003F0B17 /* ErrorHandler.swift */,
				7B8075D02A94B4D6003F0B17 /* Server+Utils.swift */,
				7B2348E92A94B9AA00BD5834 /* TorrentField+FieldGroups.swift */,
				7B23F0162A94F52D008E00FF /* SessionField+FieldGroups.swift */,
			);
			path = "Network Utils";
			sourceTree = "<group>";
		};
		7BA01FD62A7E9A5600FBB43D /* Password */ = {
			isa = PBXGroup;
			children = (
				7BA01FD72A7E9A8700FBB43D /* Keychain.swift */,
				7BA01FDB2A7EB68A00FBB43D /* Cipher.swift */,
				7BA01FE12A7FEF4800FBB43D /* Data+.swift */,
			);
			path = Password;
			sourceTree = "<group>";
		};
		7BA7E3432A98A8A900406BBB /* Settings */ = {
			isa = PBXGroup;
			children = (
				7B23F01E2A950471008E00FF /* TorrentsSettingsPublishers.swift */,
				7BA7E3442A98A8C000406BBB /* SpeedSettingsPublishers.swift */,
				7BC726532A9CF46200019EB8 /* PeersSettingsPublishers.swift */,
			);
			path = Settings;
			sourceTree = "<group>";
		};
		7BC0D8072A6C158100B36367 = {
			isa = PBXGroup;
			children = (
				7BC0D8122A6C158100B36367 /* TransmissionApp */,
				7BC0D8232A6C158300B36367 /* TransmissionAppTests */,
				7BC0D8112A6C158100B36367 /* Products */,
				7BC0D84F2A6EAB3A00B36367 /* Frameworks */,
			);
			sourceTree = "<group>";
		};
		7BC0D8112A6C158100B36367 /* Products */ = {
			isa = PBXGroup;
			children = (
				7BC0D8102A6C158100B36367 /* TransmissionApp.app */,
				7BC0D8202A6C158300B36367 /* TransmissionAppTests.xctest */,
				7BB229F42A81477700F2408F /* TransmissionAppDev.app */,
			);
			name = Products;
			sourceTree = "<group>";
		};
		7BC0D8122A6C158100B36367 /* TransmissionApp */ = {
			isa = PBXGroup;
			children = (
				7B8075CC2A94B3A4003F0B17 /* Network Utils */,
				7BA01FD62A7E9A5600FBB43D /* Password */,
				7B4BB74D2A7A77DC00A68EF5 /* Server File */,
				7B6CD5C92A7104F500E81983 /* Logger */,
				7BC0D8462A6E614D00B36367 /* Adapters */,
				7BC0D8412A6E3C3700B36367 /* Helpers */,
				7B8075B12A94AFE8003F0B17 /* Headers */,
				7B8075AE2A94AF49003F0B17 /* Publishers */,
				7BC0D8132A6C158100B36367 /* TransmissionApp.swift */,
				7BC0D8442A6E3FE200B36367 /* TransmissionComposer.swift */,
				7BC0D84D2A6EA90000B36367 /* TransmissionHTTPClient.swift */,
				7BC0D8172A6C158300B36367 /* Assets.xcassets */,
				7BC0D8192A6C158300B36367 /* Preview Content */,
			);
			path = TransmissionApp;
			sourceTree = "<group>";
		};
		7BC0D8192A6C158300B36367 /* Preview Content */ = {
			isa = PBXGroup;
			children = (
				7BC0D81A2A6C158300B36367 /* Preview Assets.xcassets */,
			);
			path = "Preview Content";
			sourceTree = "<group>";
		};
		7BC0D8232A6C158300B36367 /* TransmissionAppTests */ = {
			isa = PBXGroup;
			children = (
				7BA01FD92A7EA0D500FBB43D /* KeychainTests.swift */,
				7BA01FDD2A7EBA4E00FBB43D /* CipherTests.swift */,
				7BA01FDF2A7FEF1A00FBB43D /* Base16Tests.swift */,
			);
			path = TransmissionAppTests;
			sourceTree = "<group>";
		};
		7BC0D8412A6E3C3700B36367 /* Helpers */ = {
			isa = PBXGroup;
			children = (
				7BC0D8422A6E3C4100B36367 /* Combine+Publishers.swift */,
				7BB229F52A81489600F2408F /* Combine+Publishers_Dev.swift */,
				7B6CD5CC2A71221B00E81983 /* Combine+MainQueueDispatcher.swift */,
				7BC0D84B2A6EA20100B36367 /* TorrentsPageViewModel+Factory.swift */,
				7BBF3C5B2A742B6E001206A8 /* SettingsPageViewModel+Factory.swift */,
				7B2325012A766DEC00836B02 /* ServerPageViewModel+Factory.swift */,
				7BD2368E2A77C9B900AF75A9 /* ServerDetailPageViewModel+Factory.swift */,
				7B7871D62A8E6F5D005A16D6 /* TorrentDetailPageViewModel+Factory.swift */,
				7BDF920C2A934C3F0041E0CC /* TorrentPeersPageViewModel+Factory.swift */,
				7BDF92372A93827B0041E0CC /* TorrentTrackersPageViewModel+Factory.swift */,
				7B23F0192A94F6B9008E00FF /* TorrentsSettingsPageViewModel+Factory.swift */,
				7BA7E34E2A98B75300406BBB /* SpeedSettingsPageViewModel+Factory.swift */,
				7BC726502A9CF2EA00019EB8 /* PeersSettingsPageViewModel+Factory.swift */,
			);
			path = Helpers;
			sourceTree = "<group>";
		};
		7BC0D8462A6E614D00B36367 /* Adapters */ = {
			isa = PBXGroup;
			children = (
				7B23F0132A94F30E008E00FF /* Servers */,
				7B23F0122A94F308008E00FF /* Settings */,
				7B23F0112A94F2F5008E00FF /* Torrents */,
			);
			path = Adapters;
			sourceTree = "<group>";
		};
		7BC0D84F2A6EAB3A00B36367 /* Frameworks */ = {
			isa = PBXGroup;
			children = (
				7BC0D8542A6EAB3D00B36367 /* TransmissioniOS.framework */,
				7BC0D8502A6EAB3A00B36367 /* Transmission.framework */,
			);
			name = Frameworks;
			sourceTree = "<group>";
		};
/* End PBXGroup section */

/* Begin PBXNativeTarget section */
		7BB229D22A81477700F2408F /* TransmissionAppDev */ = {
			isa = PBXNativeTarget;
			buildConfigurationList = 7BB229F12A81477700F2408F /* Build configuration list for PBXNativeTarget "TransmissionAppDev" */;
			buildPhases = (
				7BB229D32A81477700F2408F /* Sources */,
				7BB229E82A81477700F2408F /* Frameworks */,
				7BB229EB2A81477700F2408F /* Resources */,
				7BB229EE2A81477700F2408F /* Embed Frameworks */,
			);
			buildRules = (
			);
			dependencies = (
			);
			name = TransmissionAppDev;
			productName = TransmissionApp;
			productReference = 7BB229F42A81477700F2408F /* TransmissionAppDev.app */;
			productType = "com.apple.product-type.application";
		};
		7BC0D80F2A6C158100B36367 /* TransmissionApp */ = {
			isa = PBXNativeTarget;
			buildConfigurationList = 7BC0D8342A6C158300B36367 /* Build configuration list for PBXNativeTarget "TransmissionApp" */;
			buildPhases = (
				7BC0D80C2A6C158100B36367 /* Sources */,
				7BC0D80D2A6C158100B36367 /* Frameworks */,
				7BC0D80E2A6C158100B36367 /* Resources */,
				7BC0D8532A6EAB3A00B36367 /* Embed Frameworks */,
			);
			buildRules = (
			);
			dependencies = (
			);
			name = TransmissionApp;
			productName = TransmissionApp;
			productReference = 7BC0D8102A6C158100B36367 /* TransmissionApp.app */;
			productType = "com.apple.product-type.application";
		};
		7BC0D81F2A6C158300B36367 /* TransmissionAppTests */ = {
			isa = PBXNativeTarget;
			buildConfigurationList = 7BC0D8372A6C158300B36367 /* Build configuration list for PBXNativeTarget "TransmissionAppTests" */;
			buildPhases = (
				7BC0D81C2A6C158300B36367 /* Sources */,
				7BC0D81D2A6C158300B36367 /* Frameworks */,
				7BC0D81E2A6C158300B36367 /* Resources */,
			);
			buildRules = (
			);
			dependencies = (
				7BC0D8222A6C158300B36367 /* PBXTargetDependency */,
			);
			name = TransmissionAppTests;
			productName = TransmissionAppTests;
			productReference = 7BC0D8202A6C158300B36367 /* TransmissionAppTests.xctest */;
			productType = "com.apple.product-type.bundle.unit-test";
		};
/* End PBXNativeTarget section */

/* Begin PBXProject section */
		7BC0D8082A6C158100B36367 /* Project object */ = {
			isa = PBXProject;
			attributes = {
				BuildIndependentTargetsInParallel = 1;
				LastSwiftUpdateCheck = 1420;
				LastUpgradeCheck = 1420;
				TargetAttributes = {
					7BC0D80F2A6C158100B36367 = {
						CreatedOnToolsVersion = 14.2;
					};
					7BC0D81F2A6C158300B36367 = {
						CreatedOnToolsVersion = 14.2;
						LastSwiftMigration = 1420;
						TestTargetID = 7BC0D80F2A6C158100B36367;
					};
				};
			};
			buildConfigurationList = 7BC0D80B2A6C158100B36367 /* Build configuration list for PBXProject "TransmissionApp" */;
			compatibilityVersion = "Xcode 14.0";
			developmentRegion = en;
			hasScannedForEncodings = 0;
			knownRegions = (
				en,
				Base,
			);
			mainGroup = 7BC0D8072A6C158100B36367;
			productRefGroup = 7BC0D8112A6C158100B36367 /* Products */;
			projectDirPath = "";
			projectRoot = "";
			targets = (
				7BC0D80F2A6C158100B36367 /* TransmissionApp */,
				7BB229D22A81477700F2408F /* TransmissionAppDev */,
				7BC0D81F2A6C158300B36367 /* TransmissionAppTests */,
			);
		};
/* End PBXProject section */

/* Begin PBXResourcesBuildPhase section */
		7BB229EB2A81477700F2408F /* Resources */ = {
			isa = PBXResourcesBuildPhase;
			buildActionMask = 2147483647;
			files = (
				7BB229EC2A81477700F2408F /* Preview Assets.xcassets in Resources */,
				7BB229ED2A81477700F2408F /* Assets.xcassets in Resources */,
			);
			runOnlyForDeploymentPostprocessing = 0;
		};
		7BC0D80E2A6C158100B36367 /* Resources */ = {
			isa = PBXResourcesBuildPhase;
			buildActionMask = 2147483647;
			files = (
				7BC0D81B2A6C158300B36367 /* Preview Assets.xcassets in Resources */,
				7BC0D8182A6C158300B36367 /* Assets.xcassets in Resources */,
			);
			runOnlyForDeploymentPostprocessing = 0;
		};
		7BC0D81E2A6C158300B36367 /* Resources */ = {
			isa = PBXResourcesBuildPhase;
			buildActionMask = 2147483647;
			files = (
			);
			runOnlyForDeploymentPostprocessing = 0;
		};
/* End PBXResourcesBuildPhase section */

/* Begin PBXSourcesBuildPhase section */
		7BB229D32A81477700F2408F /* Sources */ = {
			isa = PBXSourcesBuildPhase;
			buildActionMask = 2147483647;
			files = (
				7B23F0182A94F5A7008E00FF /* SessionField+FieldGroups.swift in Sources */,
				7BB229D42A81477700F2408F /* SettingsPageViewModel+Factory.swift in Sources */,
				7BC7264F2A9CF20600019EB8 /* PeersSettingsPagePresentationAdapter.swift in Sources */,
				7B23F01C2A94F87C008E00FF /* TorrentsSettingsPageViewModel+Factory.swift in Sources */,
				7BDF92362A9381300041E0CC /* TorrentTrackersPagePresentationAdapter.swift in Sources */,
				7B8075E52A94B5AF003F0B17 /* SessionSettingsPublishers.swift in Sources */,
				7BC726552A9CF46200019EB8 /* PeersSettingsPublishers.swift in Sources */,
				7BB229D52A81477700F2408F /* TransmissionHTTPClient.swift in Sources */,
				7BB229D62A81477700F2408F /* Cipher.swift in Sources */,
				7B8075DA2A94B575003F0B17 /* TorrentStartPublishers.swift in Sources */,
				7B8075E02A94B575003F0B17 /* TorrentAddPublishers.swift in Sources */,
				7BB229D72A81477700F2408F /* SettingsPagePresentationAdapter.swift in Sources */,
				7BB229D82A81477700F2408F /* TorrentsPageViewModel+Factory.swift in Sources */,
				7BA7E3462A98A8C000406BBB /* SpeedSettingsPublishers.swift in Sources */,
				7BA7E34D2A98B72A00406BBB /* SpeedSettingsPagePresentationAdapter.swift in Sources */,
				7BB229D92A81477700F2408F /* Combine+MainQueueDispatcher.swift in Sources */,
				7BB229DA2A81477700F2408F /* Logger_Dev.swift in Sources */,
				7BB229DB2A81477700F2408F /* ServerDetailPagePresentationAdapter.swift in Sources */,
				7B2348EB2A94B9AA00BD5834 /* TorrentField+FieldGroups.swift in Sources */,
				7BB229F72A8148CF00F2408F /* Combine+Publishers_Dev.swift in Sources */,
				7BB229DC2A81477700F2408F /* ServerPagePresentationAdapter.swift in Sources */,
				7B8075DE2A94B575003F0B17 /* Server+Utils.swift in Sources */,
				7BDF920B2A934C200041E0CC /* TorrentPeersPagePresentationAdapter.swift in Sources */,
				7BDF920E2A934CA70041E0CC /* TorrentPeersPageViewModel+Factory.swift in Sources */,
				7B8075DC2A94B575003F0B17 /* TorrentPeersPublishers.swift in Sources */,
				7B8075D92A94B575003F0B17 /* TorrentStopPublishers.swift in Sources */,
				7BB229DD2A81477700F2408F /* Data+.swift in Sources */,
				7B8075E22A94B575003F0B17 /* TorrentLoadPublishers.swift in Sources */,
				7BB229DE2A81477700F2408F /* TransmissionApp.swift in Sources */,
				7BA7E3502A98B75300406BBB /* SpeedSettingsPageViewModel+Factory.swift in Sources */,
				7B8075DB2A94B575003F0B17 /* TorrentRemovePublishers.swift in Sources */,
				7BDF91E02A8E72AC0041E0CC /* TorrentDetailPagePresentationAdapter.swift in Sources */,
				7BB229DF2A81477700F2408F /* TransmissionComposer.swift in Sources */,
				7B8075E32A94B575003F0B17 /* TorrentTrackerPublishers.swift in Sources */,
				7BB229E12A81477700F2408F /* Keychain.swift in Sources */,
				7BDF91E12A8E72BB0041E0CC /* TorrentDetailPageViewModel+Factory.swift in Sources */,
				7B8075B92A94B123003F0B17 /* Headers.swift in Sources */,
				7BDF92392A93827B0041E0CC /* TorrentTrackersPageViewModel+Factory.swift in Sources */,
				7B8075DF2A94B575003F0B17 /* TorrentDetailPublishers.swift in Sources */,
				7BB229E32A81477700F2408F /* ServerFile.swift in Sources */,
				7BB229E52A81477700F2408F /* ServerDetailPageViewModel+Factory.swift in Sources */,
				7B8075DD2A94B575003F0B17 /* ErrorHandler.swift in Sources */,
				7B8075E12A94B575003F0B17 /* ServerPublishers.swift in Sources */,
				7B23F01B2A94F85A008E00FF /* TorrentsSettingsPagePresentationAdapter.swift in Sources */,
				7B8075E42A94B575003F0B17 /* PollingRateHandler.swift in Sources */,
				7BB229E62A81477700F2408F /* TorrentsPagePresentationAdapter.swift in Sources */,
				7BB229E72A81477700F2408F /* ServerPageViewModel+Factory.swift in Sources */,
				7B23F0202A9504A0008E00FF /* TorrentsSettingsPublishers.swift in Sources */,
				7BC726522A9CF2EA00019EB8 /* PeersSettingsPageViewModel+Factory.swift in Sources */,
			);
			runOnlyForDeploymentPostprocessing = 0;
		};
		7BC0D80C2A6C158100B36367 /* Sources */ = {
			isa = PBXSourcesBuildPhase;
			buildActionMask = 2147483647;
			files = (
				7BBF3C5C2A742B6E001206A8 /* SettingsPageViewModel+Factory.swift in Sources */,
				7BDF92352A9381300041E0CC /* TorrentTrackersPagePresentationAdapter.swift in Sources */,
				7BC7264E2A9CF20600019EB8 /* PeersSettingsPagePresentationAdapter.swift in Sources */,
				7B23F01A2A94F6B9008E00FF /* TorrentsSettingsPageViewModel+Factory.swift in Sources */,
				7B8075B72A94B11A003F0B17 /* TorrentDetailPublishers.swift in Sources */,
				7B8075C12A94B20D003F0B17 /* TorrentRemovePublishers.swift in Sources */,
				7BC726542A9CF46200019EB8 /* PeersSettingsPublishers.swift in Sources */,
				7BC0D84E2A6EA90000B36367 /* TransmissionHTTPClient.swift in Sources */,
				7B8075CE2A94B3B1003F0B17 /* ErrorHandler.swift in Sources */,
				7BA01FDC2A7EB68A00FBB43D /* Cipher.swift in Sources */,
				7BBF3C4B2A729554001206A8 /* SettingsPagePresentationAdapter.swift in Sources */,
				7BB229FD2A8149DC00F2408F /* Logger.swift in Sources */,
				7BC0D84C2A6EA20100B36367 /* TorrentsPageViewModel+Factory.swift in Sources */,
				7BA7E3452A98A8C000406BBB /* SpeedSettingsPublishers.swift in Sources */,
				7BA7E34C2A98B72A00406BBB /* SpeedSettingsPagePresentationAdapter.swift in Sources */,
				7B6CD5CD2A71221B00E81983 /* Combine+MainQueueDispatcher.swift in Sources */,
				7BDF920D2A934C3F0041E0CC /* TorrentPeersPageViewModel+Factory.swift in Sources */,
				7B2348EA2A94B9AA00BD5834 /* TorrentField+FieldGroups.swift in Sources */,
				7B23F0172A94F52D008E00FF /* SessionField+FieldGroups.swift in Sources */,
				7BD2368D2A77BA8200AF75A9 /* ServerDetailPagePresentationAdapter.swift in Sources */,
				7B8075BF2A94B1D9003F0B17 /* TorrentStopPublishers.swift in Sources */,
				7BB229F82A8148D200F2408F /* Combine+Publishers.swift in Sources */,
				7B2325042A766E6800836B02 /* ServerPagePresentationAdapter.swift in Sources */,
				7BDF920A2A93464A0041E0CC /* TorrentPeersPagePresentationAdapter.swift in Sources */,
				7BA01FE22A7FEF4800FBB43D /* Data+.swift in Sources */,
				7B8075B52A94B0C4003F0B17 /* TorrentTrackerPublishers.swift in Sources */,
				7BC0D8142A6C158100B36367 /* TransmissionApp.swift in Sources */,
				7B8075C52A94B2AC003F0B17 /* TorrentLoadPublishers.swift in Sources */,
				7B7871D52A8E6B37005A16D6 /* TorrentDetailPagePresentationAdapter.swift in Sources */,
				7BA7E34F2A98B75300406BBB /* SpeedSettingsPageViewModel+Factory.swift in Sources */,
				7BC0D8452A6E3FE200B36367 /* TransmissionComposer.swift in Sources */,
				7B8075BD2A94B170003F0B17 /* TorrentPeersPublishers.swift in Sources */,
				7BBF3C5E2A742CF7001206A8 /* PollingRateHandler.swift in Sources */,
				7B8075C32A94B245003F0B17 /* TorrentAddPublishers.swift in Sources */,
				7BA01FD82A7E9A8700FBB43D /* Keychain.swift in Sources */,
				7B7871D72A8E6F5D005A16D6 /* TorrentDetailPageViewModel+Factory.swift in Sources */,
				7B8075B32A94AFFF003F0B17 /* Headers.swift in Sources */,
				7B8075CB2A94B344003F0B17 /* SessionSettingsPublishers.swift in Sources */,
				7BDF92382A93827B0041E0CC /* TorrentTrackersPageViewModel+Factory.swift in Sources */,
				7BBF3C4D2A72A648001206A8 /* ServerPublishers.swift in Sources */,
				7B4BB74F2A7A77F100A68EF5 /* ServerFile.swift in Sources */,
				7BD2368F2A77C9B900AF75A9 /* ServerDetailPageViewModel+Factory.swift in Sources */,
				7B8075B02A94AF62003F0B17 /* TorrentStartPublishers.swift in Sources */,
				7B23F0152A94F324008E00FF /* TorrentsSettingsPagePresentationAdapter.swift in Sources */,
				7BC0D84A2A6E63D500B36367 /* TorrentsPagePresentationAdapter.swift in Sources */,
				7B8075D12A94B4D6003F0B17 /* Server+Utils.swift in Sources */,
				7B2325022A766DEC00836B02 /* ServerPageViewModel+Factory.swift in Sources */,
				7B23F01F2A950471008E00FF /* TorrentsSettingsPublishers.swift in Sources */,
				7BC726512A9CF2EA00019EB8 /* PeersSettingsPageViewModel+Factory.swift in Sources */,
			);
			runOnlyForDeploymentPostprocessing = 0;
		};
		7BC0D81C2A6C158300B36367 /* Sources */ = {
			isa = PBXSourcesBuildPhase;
			buildActionMask = 2147483647;
			files = (
				7BA01FDE2A7EBA4E00FBB43D /* CipherTests.swift in Sources */,
				7BA01FE02A7FEF1A00FBB43D /* Base16Tests.swift in Sources */,
				7BA01FDA2A7EA0D500FBB43D /* KeychainTests.swift in Sources */,
			);
			runOnlyForDeploymentPostprocessing = 0;
		};
/* End PBXSourcesBuildPhase section */

/* Begin PBXTargetDependency section */
		7BC0D8222A6C158300B36367 /* PBXTargetDependency */ = {
			isa = PBXTargetDependency;
			target = 7BC0D80F2A6C158100B36367 /* TransmissionApp */;
			targetProxy = 7BC0D8212A6C158300B36367 /* PBXContainerItemProxy */;
		};
/* End PBXTargetDependency section */

/* Begin XCBuildConfiguration section */
		7BB229F22A81477700F2408F /* Debug */ = {
			isa = XCBuildConfiguration;
			buildSettings = {
				ASSETCATALOG_COMPILER_APPICON_NAME = AppIcon;
				ASSETCATALOG_COMPILER_GLOBAL_ACCENT_COLOR_NAME = AccentColor;
				CODE_SIGN_STYLE = Automatic;
				CURRENT_PROJECT_VERSION = 1;
				DEVELOPMENT_ASSET_PATHS = "\"TransmissionApp/Preview Content\"";
				DEVELOPMENT_TEAM = UYXPW2Z6TM;
				ENABLE_PREVIEWS = YES;
				GENERATE_INFOPLIST_FILE = YES;
				INFOPLIST_KEY_CFBundleDisplayName = TransmissionDev;
				INFOPLIST_KEY_LSApplicationCategoryType = "public.app-category.utilities";
				INFOPLIST_KEY_UIApplicationSceneManifest_Generation = YES;
				INFOPLIST_KEY_UIApplicationSupportsIndirectInputEvents = YES;
				INFOPLIST_KEY_UILaunchScreen_Generation = YES;
				INFOPLIST_KEY_UISupportedInterfaceOrientations = UIInterfaceOrientationPortrait;
				INFOPLIST_KEY_UISupportedInterfaceOrientations_iPad = "UIInterfaceOrientationLandscapeLeft UIInterfaceOrientationLandscapeRight UIInterfaceOrientationPortrait UIInterfaceOrientationPortraitUpsideDown";
				LD_RUNPATH_SEARCH_PATHS = (
					"$(inherited)",
					"@executable_path/Frameworks",
				);
				MARKETING_VERSION = 1.0.0;
				PRODUCT_BUNDLE_IDENTIFIER = com.transmission.dev.it;
				PRODUCT_NAME = "$(TARGET_NAME)";
				SUPPORTED_PLATFORMS = "iphoneos iphonesimulator";
				SUPPORTS_MACCATALYST = NO;
				SUPPORTS_MAC_DESIGNED_FOR_IPHONE_IPAD = NO;
				SWIFT_EMIT_LOC_STRINGS = YES;
				SWIFT_VERSION = 5.0;
				TARGETED_DEVICE_FAMILY = 1;
			};
			name = Debug;
		};
		7BB229F32A81477700F2408F /* Release */ = {
			isa = XCBuildConfiguration;
			buildSettings = {
				ASSETCATALOG_COMPILER_APPICON_NAME = AppIcon;
				ASSETCATALOG_COMPILER_GLOBAL_ACCENT_COLOR_NAME = AccentColor;
				CODE_SIGN_STYLE = Automatic;
				CURRENT_PROJECT_VERSION = 1;
				DEVELOPMENT_ASSET_PATHS = "\"TransmissionApp/Preview Content\"";
				DEVELOPMENT_TEAM = UYXPW2Z6TM;
				ENABLE_PREVIEWS = YES;
				GENERATE_INFOPLIST_FILE = YES;
				INFOPLIST_KEY_CFBundleDisplayName = TransmissionDev;
				INFOPLIST_KEY_LSApplicationCategoryType = "public.app-category.utilities";
				INFOPLIST_KEY_UIApplicationSceneManifest_Generation = YES;
				INFOPLIST_KEY_UIApplicationSupportsIndirectInputEvents = YES;
				INFOPLIST_KEY_UILaunchScreen_Generation = YES;
				INFOPLIST_KEY_UISupportedInterfaceOrientations = UIInterfaceOrientationPortrait;
				INFOPLIST_KEY_UISupportedInterfaceOrientations_iPad = "UIInterfaceOrientationLandscapeLeft UIInterfaceOrientationLandscapeRight UIInterfaceOrientationPortrait UIInterfaceOrientationPortraitUpsideDown";
				LD_RUNPATH_SEARCH_PATHS = (
					"$(inherited)",
					"@executable_path/Frameworks",
				);
				MARKETING_VERSION = 1.0.0;
				PRODUCT_BUNDLE_IDENTIFIER = com.transmission.dev.it;
				PRODUCT_NAME = "$(TARGET_NAME)";
				SUPPORTED_PLATFORMS = "iphoneos iphonesimulator";
				SUPPORTS_MACCATALYST = NO;
				SUPPORTS_MAC_DESIGNED_FOR_IPHONE_IPAD = NO;
				SWIFT_EMIT_LOC_STRINGS = YES;
				SWIFT_VERSION = 5.0;
				TARGETED_DEVICE_FAMILY = 1;
			};
			name = Release;
		};
		7BC0D8322A6C158300B36367 /* Debug */ = {
			isa = XCBuildConfiguration;
			buildSettings = {
				ALWAYS_SEARCH_USER_PATHS = NO;
				CLANG_ANALYZER_NONNULL = YES;
				CLANG_ANALYZER_NUMBER_OBJECT_CONVERSION = YES_AGGRESSIVE;
				CLANG_CXX_LANGUAGE_STANDARD = "gnu++20";
				CLANG_ENABLE_MODULES = YES;
				CLANG_ENABLE_OBJC_ARC = YES;
				CLANG_ENABLE_OBJC_WEAK = YES;
				CLANG_WARN_BLOCK_CAPTURE_AUTORELEASING = YES;
				CLANG_WARN_BOOL_CONVERSION = YES;
				CLANG_WARN_COMMA = YES;
				CLANG_WARN_CONSTANT_CONVERSION = YES;
				CLANG_WARN_DEPRECATED_OBJC_IMPLEMENTATIONS = YES;
				CLANG_WARN_DIRECT_OBJC_ISA_USAGE = YES_ERROR;
				CLANG_WARN_DOCUMENTATION_COMMENTS = YES;
				CLANG_WARN_EMPTY_BODY = YES;
				CLANG_WARN_ENUM_CONVERSION = YES;
				CLANG_WARN_INFINITE_RECURSION = YES;
				CLANG_WARN_INT_CONVERSION = YES;
				CLANG_WARN_NON_LITERAL_NULL_CONVERSION = YES;
				CLANG_WARN_OBJC_IMPLICIT_RETAIN_SELF = YES;
				CLANG_WARN_OBJC_LITERAL_CONVERSION = YES;
				CLANG_WARN_OBJC_ROOT_CLASS = YES_ERROR;
				CLANG_WARN_QUOTED_INCLUDE_IN_FRAMEWORK_HEADER = YES;
				CLANG_WARN_RANGE_LOOP_ANALYSIS = YES;
				CLANG_WARN_STRICT_PROTOTYPES = YES;
				CLANG_WARN_SUSPICIOUS_MOVE = YES;
				CLANG_WARN_UNGUARDED_AVAILABILITY = YES_AGGRESSIVE;
				CLANG_WARN_UNREACHABLE_CODE = YES;
				CLANG_WARN__DUPLICATE_METHOD_MATCH = YES;
				COPY_PHASE_STRIP = NO;
				DEBUG_INFORMATION_FORMAT = dwarf;
				ENABLE_STRICT_OBJC_MSGSEND = YES;
				ENABLE_TESTABILITY = YES;
				GCC_C_LANGUAGE_STANDARD = gnu11;
				GCC_DYNAMIC_NO_PIC = NO;
				GCC_NO_COMMON_BLOCKS = YES;
				GCC_OPTIMIZATION_LEVEL = 0;
				GCC_PREPROCESSOR_DEFINITIONS = (
					"DEBUG=1",
					"$(inherited)",
				);
				GCC_WARN_64_TO_32_BIT_CONVERSION = YES;
				GCC_WARN_ABOUT_RETURN_TYPE = YES_ERROR;
				GCC_WARN_UNDECLARED_SELECTOR = YES;
				GCC_WARN_UNINITIALIZED_AUTOS = YES_AGGRESSIVE;
				GCC_WARN_UNUSED_FUNCTION = YES;
				GCC_WARN_UNUSED_VARIABLE = YES;
				IPHONEOS_DEPLOYMENT_TARGET = 16.2;
				MTL_ENABLE_DEBUG_INFO = INCLUDE_SOURCE;
				MTL_FAST_MATH = YES;
				ONLY_ACTIVE_ARCH = YES;
				SDKROOT = iphoneos;
				SWIFT_ACTIVE_COMPILATION_CONDITIONS = DEBUG;
				SWIFT_OPTIMIZATION_LEVEL = "-Onone";
			};
			name = Debug;
		};
		7BC0D8332A6C158300B36367 /* Release */ = {
			isa = XCBuildConfiguration;
			buildSettings = {
				ALWAYS_SEARCH_USER_PATHS = NO;
				CLANG_ANALYZER_NONNULL = YES;
				CLANG_ANALYZER_NUMBER_OBJECT_CONVERSION = YES_AGGRESSIVE;
				CLANG_CXX_LANGUAGE_STANDARD = "gnu++20";
				CLANG_ENABLE_MODULES = YES;
				CLANG_ENABLE_OBJC_ARC = YES;
				CLANG_ENABLE_OBJC_WEAK = YES;
				CLANG_WARN_BLOCK_CAPTURE_AUTORELEASING = YES;
				CLANG_WARN_BOOL_CONVERSION = YES;
				CLANG_WARN_COMMA = YES;
				CLANG_WARN_CONSTANT_CONVERSION = YES;
				CLANG_WARN_DEPRECATED_OBJC_IMPLEMENTATIONS = YES;
				CLANG_WARN_DIRECT_OBJC_ISA_USAGE = YES_ERROR;
				CLANG_WARN_DOCUMENTATION_COMMENTS = YES;
				CLANG_WARN_EMPTY_BODY = YES;
				CLANG_WARN_ENUM_CONVERSION = YES;
				CLANG_WARN_INFINITE_RECURSION = YES;
				CLANG_WARN_INT_CONVERSION = YES;
				CLANG_WARN_NON_LITERAL_NULL_CONVERSION = YES;
				CLANG_WARN_OBJC_IMPLICIT_RETAIN_SELF = YES;
				CLANG_WARN_OBJC_LITERAL_CONVERSION = YES;
				CLANG_WARN_OBJC_ROOT_CLASS = YES_ERROR;
				CLANG_WARN_QUOTED_INCLUDE_IN_FRAMEWORK_HEADER = YES;
				CLANG_WARN_RANGE_LOOP_ANALYSIS = YES;
				CLANG_WARN_STRICT_PROTOTYPES = YES;
				CLANG_WARN_SUSPICIOUS_MOVE = YES;
				CLANG_WARN_UNGUARDED_AVAILABILITY = YES_AGGRESSIVE;
				CLANG_WARN_UNREACHABLE_CODE = YES;
				CLANG_WARN__DUPLICATE_METHOD_MATCH = YES;
				COPY_PHASE_STRIP = NO;
				DEBUG_INFORMATION_FORMAT = "dwarf-with-dsym";
				ENABLE_NS_ASSERTIONS = NO;
				ENABLE_STRICT_OBJC_MSGSEND = YES;
				GCC_C_LANGUAGE_STANDARD = gnu11;
				GCC_NO_COMMON_BLOCKS = YES;
				GCC_WARN_64_TO_32_BIT_CONVERSION = YES;
				GCC_WARN_ABOUT_RETURN_TYPE = YES_ERROR;
				GCC_WARN_UNDECLARED_SELECTOR = YES;
				GCC_WARN_UNINITIALIZED_AUTOS = YES_AGGRESSIVE;
				GCC_WARN_UNUSED_FUNCTION = YES;
				GCC_WARN_UNUSED_VARIABLE = YES;
				IPHONEOS_DEPLOYMENT_TARGET = 16.2;
				MTL_ENABLE_DEBUG_INFO = NO;
				MTL_FAST_MATH = YES;
				SDKROOT = iphoneos;
				SWIFT_COMPILATION_MODE = wholemodule;
				SWIFT_OPTIMIZATION_LEVEL = "-O";
				VALIDATE_PRODUCT = YES;
			};
			name = Release;
		};
		7BC0D8352A6C158300B36367 /* Debug */ = {
			isa = XCBuildConfiguration;
			buildSettings = {
				ASSETCATALOG_COMPILER_APPICON_NAME = AppIcon;
				ASSETCATALOG_COMPILER_GLOBAL_ACCENT_COLOR_NAME = AccentColor;
				CODE_SIGN_IDENTITY = "Apple Development";
				CODE_SIGN_STYLE = Automatic;
				CURRENT_PROJECT_VERSION = 1;
				DEVELOPMENT_ASSET_PATHS = "\"TransmissionApp/Preview Content\"";
				DEVELOPMENT_TEAM = UYXPW2Z6TM;
				ENABLE_PREVIEWS = YES;
				GENERATE_INFOPLIST_FILE = YES;
				INFOPLIST_KEY_CFBundleDisplayName = "Transmission Client";
				INFOPLIST_KEY_LSApplicationCategoryType = "public.app-category.utilities";
				INFOPLIST_KEY_UIApplicationSceneManifest_Generation = YES;
				INFOPLIST_KEY_UIApplicationSupportsIndirectInputEvents = YES;
				INFOPLIST_KEY_UILaunchScreen_Generation = YES;
				INFOPLIST_KEY_UISupportedInterfaceOrientations = UIInterfaceOrientationPortrait;
				INFOPLIST_KEY_UISupportedInterfaceOrientations_iPad = "UIInterfaceOrientationLandscapeLeft UIInterfaceOrientationLandscapeRight UIInterfaceOrientationPortrait UIInterfaceOrientationPortraitUpsideDown";
				LD_RUNPATH_SEARCH_PATHS = (
					"$(inherited)",
					"@executable_path/Frameworks",
				);
				MARKETING_VERSION = 1.0.0;
				PRODUCT_BUNDLE_IDENTIFIER = com.transmission.it;
				PRODUCT_NAME = "$(TARGET_NAME)";
				PROVISIONING_PROFILE_SPECIFIER = "";
				SUPPORTED_PLATFORMS = "iphoneos iphonesimulator";
				SUPPORTS_MACCATALYST = NO;
				SUPPORTS_MAC_DESIGNED_FOR_IPHONE_IPAD = NO;
				SWIFT_EMIT_LOC_STRINGS = YES;
				SWIFT_VERSION = 5.0;
				TARGETED_DEVICE_FAMILY = 1;
			};
			name = Debug;
		};
		7BC0D8362A6C158300B36367 /* Release */ = {
			isa = XCBuildConfiguration;
			buildSettings = {
				ASSETCATALOG_COMPILER_APPICON_NAME = AppIcon;
				ASSETCATALOG_COMPILER_GLOBAL_ACCENT_COLOR_NAME = AccentColor;
				CODE_SIGN_IDENTITY = "Apple Development";
				CODE_SIGN_STYLE = Automatic;
				CURRENT_PROJECT_VERSION = 1;
				DEVELOPMENT_ASSET_PATHS = "\"TransmissionApp/Preview Content\"";
				DEVELOPMENT_TEAM = UYXPW2Z6TM;
				ENABLE_PREVIEWS = YES;
				GENERATE_INFOPLIST_FILE = YES;
				INFOPLIST_KEY_CFBundleDisplayName = "Transmission Client";
				INFOPLIST_KEY_LSApplicationCategoryType = "public.app-category.utilities";
				INFOPLIST_KEY_UIApplicationSceneManifest_Generation = YES;
				INFOPLIST_KEY_UIApplicationSupportsIndirectInputEvents = YES;
				INFOPLIST_KEY_UILaunchScreen_Generation = YES;
				INFOPLIST_KEY_UISupportedInterfaceOrientations = UIInterfaceOrientationPortrait;
				INFOPLIST_KEY_UISupportedInterfaceOrientations_iPad = "UIInterfaceOrientationLandscapeLeft UIInterfaceOrientationLandscapeRight UIInterfaceOrientationPortrait UIInterfaceOrientationPortraitUpsideDown";
				LD_RUNPATH_SEARCH_PATHS = (
					"$(inherited)",
					"@executable_path/Frameworks",
				);
				MARKETING_VERSION = 1.0.0;
				PRODUCT_BUNDLE_IDENTIFIER = com.transmission.it;
				PRODUCT_NAME = "$(TARGET_NAME)";
				PROVISIONING_PROFILE_SPECIFIER = "";
				SUPPORTED_PLATFORMS = "iphoneos iphonesimulator";
				SUPPORTS_MACCATALYST = NO;
				SUPPORTS_MAC_DESIGNED_FOR_IPHONE_IPAD = NO;
				SWIFT_EMIT_LOC_STRINGS = YES;
				SWIFT_VERSION = 5.0;
				TARGETED_DEVICE_FAMILY = 1;
			};
			name = Release;
		};
		7BC0D8382A6C158300B36367 /* Debug */ = {
			isa = XCBuildConfiguration;
			buildSettings = {
				ALWAYS_EMBED_SWIFT_STANDARD_LIBRARIES = YES;
				BUNDLE_LOADER = "$(TEST_HOST)";
				CLANG_ENABLE_MODULES = YES;
				CODE_SIGN_STYLE = Automatic;
				CURRENT_PROJECT_VERSION = 1;
				DEVELOPMENT_TEAM = UYXPW2Z6TM;
				GENERATE_INFOPLIST_FILE = YES;
				IPHONEOS_DEPLOYMENT_TARGET = 16.2;
				LD_RUNPATH_SEARCH_PATHS = (
					"$(inherited)",
					"@executable_path/Frameworks",
					"@loader_path/Frameworks",
				);
				MARKETING_VERSION = 1.0;
				PRODUCT_BUNDLE_IDENTIFIER = com.transmission.test.it.TransmissionAppTests;
				PRODUCT_NAME = "$(TARGET_NAME)";
				SWIFT_EMIT_LOC_STRINGS = NO;
				SWIFT_OPTIMIZATION_LEVEL = "-Onone";
				SWIFT_VERSION = 5.0;
				TARGETED_DEVICE_FAMILY = "1,2";
				TEST_HOST = "$(BUILT_PRODUCTS_DIR)/TransmissionApp.app/$(BUNDLE_EXECUTABLE_FOLDER_PATH)/TransmissionApp";
			};
			name = Debug;
		};
		7BC0D8392A6C158300B36367 /* Release */ = {
			isa = XCBuildConfiguration;
			buildSettings = {
				ALWAYS_EMBED_SWIFT_STANDARD_LIBRARIES = YES;
				BUNDLE_LOADER = "$(TEST_HOST)";
				CLANG_ENABLE_MODULES = YES;
				CODE_SIGN_STYLE = Automatic;
				CURRENT_PROJECT_VERSION = 1;
				DEVELOPMENT_TEAM = UYXPW2Z6TM;
				GENERATE_INFOPLIST_FILE = YES;
				IPHONEOS_DEPLOYMENT_TARGET = 16.2;
				LD_RUNPATH_SEARCH_PATHS = (
					"$(inherited)",
					"@executable_path/Frameworks",
					"@loader_path/Frameworks",
				);
				MARKETING_VERSION = 1.0;
				PRODUCT_BUNDLE_IDENTIFIER = com.transmission.test.it.TransmissionAppTests;
				PRODUCT_NAME = "$(TARGET_NAME)";
				SWIFT_EMIT_LOC_STRINGS = NO;
				SWIFT_VERSION = 5.0;
				TARGETED_DEVICE_FAMILY = "1,2";
				TEST_HOST = "$(BUILT_PRODUCTS_DIR)/TransmissionApp.app/$(BUNDLE_EXECUTABLE_FOLDER_PATH)/TransmissionApp";
			};
			name = Release;
		};
/* End XCBuildConfiguration section */

/* Begin XCConfigurationList section */
		7BB229F12A81477700F2408F /* Build configuration list for PBXNativeTarget "TransmissionAppDev" */ = {
			isa = XCConfigurationList;
			buildConfigurations = (
				7BB229F22A81477700F2408F /* Debug */,
				7BB229F32A81477700F2408F /* Release */,
			);
			defaultConfigurationIsVisible = 0;
			defaultConfigurationName = Release;
		};
		7BC0D80B2A6C158100B36367 /* Build configuration list for PBXProject "TransmissionApp" */ = {
			isa = XCConfigurationList;
			buildConfigurations = (
				7BC0D8322A6C158300B36367 /* Debug */,
				7BC0D8332A6C158300B36367 /* Release */,
			);
			defaultConfigurationIsVisible = 0;
			defaultConfigurationName = Release;
		};
		7BC0D8342A6C158300B36367 /* Build configuration list for PBXNativeTarget "TransmissionApp" */ = {
			isa = XCConfigurationList;
			buildConfigurations = (
				7BC0D8352A6C158300B36367 /* Debug */,
				7BC0D8362A6C158300B36367 /* Release */,
			);
			defaultConfigurationIsVisible = 0;
			defaultConfigurationName = Release;
		};
		7BC0D8372A6C158300B36367 /* Build configuration list for PBXNativeTarget "TransmissionAppTests" */ = {
			isa = XCConfigurationList;
			buildConfigurations = (
				7BC0D8382A6C158300B36367 /* Debug */,
				7BC0D8392A6C158300B36367 /* Release */,
			);
			defaultConfigurationIsVisible = 0;
			defaultConfigurationName = Release;
		};
/* End XCConfigurationList section */
	};
	rootObject = 7BC0D8082A6C158100B36367 /* Project object */;
}
